
Microsoft Visual Studio Solution File, Format Version 10.00
# Visual Studio 2008
Project("{2150E333-8FDC-42A3-9474-1A3956D46DE8}") = "GShow", "GShow", "{AFA8A463-BB65-4BE6-AA65-A24E7F4302F1}"
EndProject
Project("{2150E333-8FDC-42A3-9474-1A3956D46DE8}") = "ImPro Filter", "ImPro Filter", "{8600EA73-E741-4ACE-A3AD-D159B0CC0C61}"
EndProject
Project("{2150E333-8FDC-42A3-9474-1A3956D46DE8}") = "BaseClass", "BaseClass", "{733F1380-ED5B-4335-ADD4-C2101162E18A}"
EndProject
Project("{2150E333-8FDC-42A3-9474-1A3956D46DE8}") = "App", "App", "{49711099-A248-47DE-9C0E-B2744E6FB694}"
EndProject
Project("{2150E333-8FDC-42A3-9474-1A3956D46DE8}") = "Other Module", "Other Module", "{83DBF138-62A1-4843-8CF5-7ADB833B0260}"
EndProject
Project("{2150E333-8FDC-42A3-9474-1A3956D46DE8}") = "GShow Filter", "GShow Filter", "{97916C20-B22D-4392-AA2E-8A4D6B18C31B}"
EndProject
Project("{2150E333-8FDC-42A3-9474-1A3956D46DE8}") = "GShow BaseClass", "GShow BaseClass", "{A09BF47D-7ACD-4D4D-A49D-711792AAFBC6}"
EndProject
Project("{8BC9CEB8-8B4A-11D0-8D11-00A0C91BC942}") = "StrmBase", "..\OtherLib\GShow\GSBaseClass\StrmBase\strmbase.vcproj", "{E8A3F6FA-AE1C-4C8E-A0B6-9C8480324EAA}"
EndProject
Project("{8BC9CEB8-8B4A-11D0-8D11-00A0C91BC942}") = "GSMuxFilter", "..\OtherLib\GShow\GSBaseClass\GSMuxFilter\GSMuxFilter.vcproj", "{191A0FDB-C8D8-4126-9505-A86F12B0E2FA}"
	ProjectSection(ProjectDependencies) = postProject
		{83E53489-2998-467F-ACCC-0B11A640E5C6} = {83E53489-2998-467F-ACCC-0B11A640E5C6}
		{CF7737A2-B848-4034-A80C-2E75C3B7601D} = {CF7737A2-B848-4034-A80C-2E75C3B7601D}
		{DF460EAB-570D-4B50-9089-2E2FC801BF38} = {DF460EAB-570D-4B50-9089-2E2FC801BF38}
		{A5F7D9CE-84C2-4894-8701-9D6873A77693} = {A5F7D9CE-84C2-4894-8701-9D6873A77693}
		{E12DD2DD-1805-4994-9E90-BC9D15BC00E7} = {E12DD2DD-1805-4994-9E90-BC9D15BC00E7}
		{E8A3F6FA-AE1C-4C8E-A0B6-9C8480324EAA} = {E8A3F6FA-AE1C-4C8E-A0B6-9C8480324EAA}
	EndProjectSection
EndProject
Project("{8BC9CEB8-8B4A-11D0-8D11-00A0C91BC942}") = "GSGlobalFunc", "..\OtherLib\GShow\GSBaseClass\GSGlobalFunc\GSGlobalFunc.vcproj", "{CF7737A2-B848-4034-A80C-2E75C3B7601D}"
	ProjectSection(ProjectDependencies) = postProject
		{A5F7D9CE-84C2-4894-8701-9D6873A77693} = {A5F7D9CE-84C2-4894-8701-9D6873A77693}
		{E12DD2DD-1805-4994-9E90-BC9D15BC00E7} = {E12DD2DD-1805-4994-9E90-BC9D15BC00E7}
		{E8A3F6FA-AE1C-4C8E-A0B6-9C8480324EAA} = {E8A3F6FA-AE1C-4C8E-A0B6-9C8480324EAA}
	EndProjectSection
EndProject
Project("{8BC9CEB8-8B4A-11D0-8D11-00A0C91BC942}") = "GSD3DLib", "..\OtherLib\GShow\GSBaseClass\GSD3DLib\GSD3DLib.vcproj", "{E12DD2DD-1805-4994-9E90-BC9D15BC00E7}"
	ProjectSection(ProjectDependencies) = postProject
		{83E53489-2998-467F-ACCC-0B11A640E5C6} = {83E53489-2998-467F-ACCC-0B11A640E5C6}
		{DF460EAB-570D-4B50-9089-2E2FC801BF38} = {DF460EAB-570D-4B50-9089-2E2FC801BF38}
		{A5F7D9CE-84C2-4894-8701-9D6873A77693} = {A5F7D9CE-84C2-4894-8701-9D6873A77693}
		{E8A3F6FA-AE1C-4C8E-A0B6-9C8480324EAA} = {E8A3F6FA-AE1C-4C8E-A0B6-9C8480324EAA}
	EndProjectSection
EndProject
Project("{2150E333-8FDC-42A3-9474-1A3956D46DE8}") = "GSD3D_Related", "GSD3D_Related", "{DC0D8D4A-3F4D-4A1D-9A09-F48143326E88}"
EndProject
Project("{8BC9CEB8-8B4A-11D0-8D11-00A0C91BC942}") = "DXUTLib", "..\OtherLib\GShow\GSBaseClass\GSD3DLib\DXUTLib\DXUTLib.vcproj", "{83E53489-2998-467F-ACCC-0B11A640E5C6}"
EndProject
Project("{8BC9CEB8-8B4A-11D0-8D11-00A0C91BC942}") = "D3DX11Effect", "..\OtherLib\GShow\GSBaseClass\GSD3DLib\Effects11\Effects11_2008.vcproj", "{DF460EAB-570D-4B50-9089-2E2FC801BF38}"
EndProject
Project("{8BC9CEB8-8B4A-11D0-8D11-00A0C91BC942}") = "GSCommonLib", "..\OtherLib\GShow\GSBaseClass\GSCommonLib\GSCommonLib.vcproj", "{A5F7D9CE-84C2-4894-8701-9D6873A77693}"
	ProjectSection(ProjectDependencies) = postProject
		{E8A3F6FA-AE1C-4C8E-A0B6-9C8480324EAA} = {E8A3F6FA-AE1C-4C8E-A0B6-9C8480324EAA}
	EndProjectSection
EndProject
Project("{8BC9CEB8-8B4A-11D0-8D11-00A0C91BC942}") = "GSDXRenderer", "..\OtherLib\GShow\GSFilters\GSDXRenderer\GSDXRenderer.vcproj", "{04863F68-9FF2-45F6-90E1-C98BE948D6F1}"
	ProjectSection(ProjectDependencies) = postProject
		{83E53489-2998-467F-ACCC-0B11A640E5C6} = {83E53489-2998-467F-ACCC-0B11A640E5C6}
		{CF7737A2-B848-4034-A80C-2E75C3B7601D} = {CF7737A2-B848-4034-A80C-2E75C3B7601D}
		{DF460EAB-570D-4B50-9089-2E2FC801BF38} = {DF460EAB-570D-4B50-9089-2E2FC801BF38}
		{A5F7D9CE-84C2-4894-8701-9D6873A77693} = {A5F7D9CE-84C2-4894-8701-9D6873A77693}
		{191A0FDB-C8D8-4126-9505-A86F12B0E2FA} = {191A0FDB-C8D8-4126-9505-A86F12B0E2FA}
		{E12DD2DD-1805-4994-9E90-BC9D15BC00E7} = {E12DD2DD-1805-4994-9E90-BC9D15BC00E7}
		{E8A3F6FA-AE1C-4C8E-A0B6-9C8480324EAA} = {E8A3F6FA-AE1C-4C8E-A0B6-9C8480324EAA}
	EndProjectSection
EndProject
Project("{8BC9CEB8-8B4A-11D0-8D11-00A0C91BC942}") = "GSHomoWarpFilter", "..\OtherLib\GShow\GSFilters\GSHomoWarpFilter\GSHomoWarpFilter.vcproj", "{12FC4514-495A-4D6B-8236-293786B21144}"
	ProjectSection(ProjectDependencies) = postProject
		{83E53489-2998-467F-ACCC-0B11A640E5C6} = {83E53489-2998-467F-ACCC-0B11A640E5C6}
		{CF7737A2-B848-4034-A80C-2E75C3B7601D} = {CF7737A2-B848-4034-A80C-2E75C3B7601D}
		{DF460EAB-570D-4B50-9089-2E2FC801BF38} = {DF460EAB-570D-4B50-9089-2E2FC801BF38}
		{A5F7D9CE-84C2-4894-8701-9D6873A77693} = {A5F7D9CE-84C2-4894-8701-9D6873A77693}
		{191A0FDB-C8D8-4126-9505-A86F12B0E2FA} = {191A0FDB-C8D8-4126-9505-A86F12B0E2FA}
		{E12DD2DD-1805-4994-9E90-BC9D15BC00E7} = {E12DD2DD-1805-4994-9E90-BC9D15BC00E7}
		{E8A3F6FA-AE1C-4C8E-A0B6-9C8480324EAA} = {E8A3F6FA-AE1C-4C8E-A0B6-9C8480324EAA}
	EndProjectSection
EndProject
Project("{8BC9CEB8-8B4A-11D0-8D11-00A0C91BC942}") = "commonLib", "..\ImProBaseClass\commonLib\commonLib.vcproj", "{ABBECADB-3740-431A-B9C6-5D7215FC1885}"
	ProjectSection(ProjectDependencies) = postProject
		{E8A3F6FA-AE1C-4C8E-A0B6-9C8480324EAA} = {E8A3F6FA-AE1C-4C8E-A0B6-9C8480324EAA}
	EndProjectSection
EndProject
Project("{8BC9CEB8-8B4A-11D0-8D11-00A0C91BC942}") = "CMFCBasePropertyPage", "..\ImProBaseClass\CMFCBasePropertyPage\CMFCBasePropertyPage.vcproj", "{AC2F0807-BECA-484D-BBE7-7A2C208FC806}"
	ProjectSection(ProjectDependencies) = postProject
		{E8A3F6FA-AE1C-4C8E-A0B6-9C8480324EAA} = {E8A3F6FA-AE1C-4C8E-A0B6-9C8480324EAA}
	EndProjectSection
EndProject
Project("{8BC9CEB8-8B4A-11D0-8D11-00A0C91BC942}") = "CMuxTransformFilter", "..\ImProBaseClass\CMuxTransformFilter\CMuxTransformFilter.vcproj", "{973EA635-6747-4048-998D-491F65CB89ED}"
	ProjectSection(ProjectDependencies) = postProject
		{E8A3F6FA-AE1C-4C8E-A0B6-9C8480324EAA} = {E8A3F6FA-AE1C-4C8E-A0B6-9C8480324EAA}
	EndProjectSection
EndProject
Project("{8BC9CEB8-8B4A-11D0-8D11-00A0C91BC942}") = "DSBaseClass", "..\ImProBaseClass\DSBaseClass\DSAppClasses.vcproj", "{E3CD4918-E499-4EF9-8330-342E4111AE7F}"
EndProject
Project("{8BC9CEB8-8B4A-11D0-8D11-00A0C91BC942}") = "MSD3DLib", "..\ImProBaseClass\MSD3DLib\MSD3DLib.vcproj", "{C9B814C2-5FA8-4FFE-9A84-9B7ED9D44AEB}"
	ProjectSection(ProjectDependencies) = postProject
		{E8A3F6FA-AE1C-4C8E-A0B6-9C8480324EAA} = {E8A3F6FA-AE1C-4C8E-A0B6-9C8480324EAA}
	EndProjectSection
EndProject
Project("{8BC9CEB8-8B4A-11D0-8D11-00A0C91BC942}") = "MSPersist", "..\ImProBaseClass\MSPersist\MSPersist.vcproj", "{C0802DB6-EA3A-4615-9B51-F5E8C3EDCA2D}"
	ProjectSection(ProjectDependencies) = postProject
		{AC2F0807-BECA-484D-BBE7-7A2C208FC806} = {AC2F0807-BECA-484D-BBE7-7A2C208FC806}
		{973EA635-6747-4048-998D-491F65CB89ED} = {973EA635-6747-4048-998D-491F65CB89ED}
		{E8A3F6FA-AE1C-4C8E-A0B6-9C8480324EAA} = {E8A3F6FA-AE1C-4C8E-A0B6-9C8480324EAA}
	EndProjectSection
EndProject
Project("{8BC9CEB8-8B4A-11D0-8D11-00A0C91BC942}") = "OSCSender", "..\OtherLib\OSCSender\OSCSender.vcproj", "{A75AD00A-8438-4813-B39A-7D45F6ACB166}"
EndProject
Project("{8BC9CEB8-8B4A-11D0-8D11-00A0C91BC942}") = "AR2WarpController", "..\ImProFilters\AR2WarpController\AR2WarpController.vcproj", "{1BF93D99-3375-4C0E-BC4C-FDA0F652228D}"
EndProject
Project("{8BC9CEB8-8B4A-11D0-8D11-00A0C91BC942}") = "ARLayoutFilter", "..\ImProFilters\ArLayoutFilter\MyTestFilter.vcproj", "{FD8E9BA2-38A5-4964-A855-950EAFBE750C}"
EndProject
Project("{8BC9CEB8-8B4A-11D0-8D11-00A0C91BC942}") = "ARTagFilter", "..\ImProFilters\ARTagFilter\ARTagFilter.vcproj", "{C9B3398F-FE16-4E2E-85D4-FD189A55B74A}"
	ProjectSection(ProjectDependencies) = postProject
		{AC2F0807-BECA-484D-BBE7-7A2C208FC806} = {AC2F0807-BECA-484D-BBE7-7A2C208FC806}
		{973EA635-6747-4048-998D-491F65CB89ED} = {973EA635-6747-4048-998D-491F65CB89ED}
		{C0802DB6-EA3A-4615-9B51-F5E8C3EDCA2D} = {C0802DB6-EA3A-4615-9B51-F5E8C3EDCA2D}
		{C9B814C2-5FA8-4FFE-9A84-9B7ED9D44AEB} = {C9B814C2-5FA8-4FFE-9A84-9B7ED9D44AEB}
		{255014C8-CF00-48A8-AE7C-D9AC83F3AE67} = {255014C8-CF00-48A8-AE7C-D9AC83F3AE67}
		{ABBECADB-3740-431A-B9C6-5D7215FC1885} = {ABBECADB-3740-431A-B9C6-5D7215FC1885}
		{E8A3F6FA-AE1C-4C8E-A0B6-9C8480324EAA} = {E8A3F6FA-AE1C-4C8E-A0B6-9C8480324EAA}
	EndProjectSection
EndProject
Project("{8BC9CEB8-8B4A-11D0-8D11-00A0C91BC942}") = "BGMappingFilter", "..\ImProFilters\BGMappingFilter\BGMappingFilter.vcproj", "{77CC54A0-A1F2-40D4-87D7-6BB3B5E83190}"
EndProject
Project("{8BC9CEB8-8B4A-11D0-8D11-00A0C91BC942}") = "DXBlendFilter", "..\ImProFilters\DXBlendFilter\DXBlendFilter.vcproj", "{49A792A8-7A1B-40B6-A299-8D7A8D889E25}"
EndProject
Project("{8BC9CEB8-8B4A-11D0-8D11-00A0C91BC942}") = "DXRenderer", "..\ImProFilters\DXRender\DXRender.vcproj", "{570792BF-0247-4B35-AF10-5725469DBFCE}"
EndProject
Project("{8BC9CEB8-8B4A-11D0-8D11-00A0C91BC942}") = "HomoWarpFilter", "..\ImProFilters\HomoWarpFilter\HomoWarpFilter.vcproj", "{49856162-3C85-453E-ADA8-2D9B4549EE01}"
	ProjectSection(ProjectDependencies) = postProject
		{AC2F0807-BECA-484D-BBE7-7A2C208FC806} = {AC2F0807-BECA-484D-BBE7-7A2C208FC806}
		{973EA635-6747-4048-998D-491F65CB89ED} = {973EA635-6747-4048-998D-491F65CB89ED}
		{C0802DB6-EA3A-4615-9B51-F5E8C3EDCA2D} = {C0802DB6-EA3A-4615-9B51-F5E8C3EDCA2D}
		{C9B814C2-5FA8-4FFE-9A84-9B7ED9D44AEB} = {C9B814C2-5FA8-4FFE-9A84-9B7ED9D44AEB}
		{ABBECADB-3740-431A-B9C6-5D7215FC1885} = {ABBECADB-3740-431A-B9C6-5D7215FC1885}
		{E8A3F6FA-AE1C-4C8E-A0B6-9C8480324EAA} = {E8A3F6FA-AE1C-4C8E-A0B6-9C8480324EAA}
	EndProjectSection
EndProject
Project("{8BC9CEB8-8B4A-11D0-8D11-00A0C91BC942}") = "HookDrawingFilter", "..\ImProFilters\HookDrawingFilter\HookDrawingFilter.vcproj", "{ED1DE989-2EC3-44C0-ADB6-2FB51DF38A91}"
	ProjectSection(ProjectDependencies) = postProject
		{AC2F0807-BECA-484D-BBE7-7A2C208FC806} = {AC2F0807-BECA-484D-BBE7-7A2C208FC806}
		{973EA635-6747-4048-998D-491F65CB89ED} = {973EA635-6747-4048-998D-491F65CB89ED}
		{C0802DB6-EA3A-4615-9B51-F5E8C3EDCA2D} = {C0802DB6-EA3A-4615-9B51-F5E8C3EDCA2D}
		{C9B814C2-5FA8-4FFE-9A84-9B7ED9D44AEB} = {C9B814C2-5FA8-4FFE-9A84-9B7ED9D44AEB}
		{ABBECADB-3740-431A-B9C6-5D7215FC1885} = {ABBECADB-3740-431A-B9C6-5D7215FC1885}
		{93B5F3DF-3DF1-48E0-A1B6-D6DEBE46F50F} = {93B5F3DF-3DF1-48E0-A1B6-D6DEBE46F50F}
		{E8A3F6FA-AE1C-4C8E-A0B6-9C8480324EAA} = {E8A3F6FA-AE1C-4C8E-A0B6-9C8480324EAA}
	EndProjectSection
EndProject
Project("{8BC9CEB8-8B4A-11D0-8D11-00A0C91BC942}") = "HookInject", "..\ImProFilters\HookInject\HookInject.vcproj", "{93B5F3DF-3DF1-48E0-A1B6-D6DEBE46F50F}"
EndProject
Project("{8BC9CEB8-8B4A-11D0-8D11-00A0C91BC942}") = "MaskFilter", "..\ImProFilters\MaskFilter\MaskFilter.vcproj", "{74328020-24F7-4AA6-9E64-67E98559D17C}"
EndProject
Project("{8BC9CEB8-8B4A-11D0-8D11-00A0C91BC942}") = "ProjectSettingFilter", "..\ImProFilters\ProjectSettingFilter\ProjectSettingFilter.vcproj", "{CDB4B69A-B3CC-4035-902D-3722671F545F}"
	ProjectSection(ProjectDependencies) = postProject
		{C0802DB6-EA3A-4615-9B51-F5E8C3EDCA2D} = {C0802DB6-EA3A-4615-9B51-F5E8C3EDCA2D}
		{E8A3F6FA-AE1C-4C8E-A0B6-9C8480324EAA} = {E8A3F6FA-AE1C-4C8E-A0B6-9C8480324EAA}
	EndProjectSection
EndProject
Project("{8BC9CEB8-8B4A-11D0-8D11-00A0C91BC942}") = "SplitterFilter", "..\ImProFilters\SplitterFilter\SplitterFilter.vcproj", "{CF7FD852-4774-4068-8FFD-8A4B588EC46D}"
EndProject
Project("{8BC9CEB8-8B4A-11D0-8D11-00A0C91BC942}") = "SyncFilter", "..\ImProFilters\SyncFilter\SyncFilter.vcproj", "{049A7630-DC7F-40A9-A579-AABE708E10B4}"
EndProject
Project("{8BC9CEB8-8B4A-11D0-8D11-00A0C91BC942}") = "TouchLibFilter", "..\ImProFilters\TouchLibFilter\TouchLibFilter.vcproj", "{F08F81DD-6363-4A4E-BA8A-6B3D317F879F}"
EndProject
Project("{8BC9CEB8-8B4A-11D0-8D11-00A0C91BC942}") = "ARToolKitPlus", "..\ImProFilters\ARToolKitPlus_2.1.1\build\VS.NET\ARToolKitPlus.vcproj", "{255014C8-CF00-48A8-AE7C-D9AC83F3AE67}"
EndProject
Global
	GlobalSection(SolutionConfigurationPlatforms) = preSolution
		Debug|Win32 = Debug|Win32
		Debug|x64 = Debug|x64
		Release|Win32 = Release|Win32
		Release|x64 = Release|x64
	EndGlobalSection
	GlobalSection(ProjectConfigurationPlatforms) = postSolution
		{E8A3F6FA-AE1C-4C8E-A0B6-9C8480324EAA}.Debug|Win32.ActiveCfg = Debug|Win32
		{E8A3F6FA-AE1C-4C8E-A0B6-9C8480324EAA}.Debug|Win32.Build.0 = Debug|Win32
		{E8A3F6FA-AE1C-4C8E-A0B6-9C8480324EAA}.Debug|x64.ActiveCfg = Debug|x64
		{E8A3F6FA-AE1C-4C8E-A0B6-9C8480324EAA}.Debug|x64.Build.0 = Debug|x64
		{E8A3F6FA-AE1C-4C8E-A0B6-9C8480324EAA}.Release|Win32.ActiveCfg = Release|Win32
		{E8A3F6FA-AE1C-4C8E-A0B6-9C8480324EAA}.Release|Win32.Build.0 = Release|Win32
		{E8A3F6FA-AE1C-4C8E-A0B6-9C8480324EAA}.Release|x64.ActiveCfg = Release|x64
		{E8A3F6FA-AE1C-4C8E-A0B6-9C8480324EAA}.Release|x64.Build.0 = Release|x64
		{191A0FDB-C8D8-4126-9505-A86F12B0E2FA}.Debug|Win32.ActiveCfg = Debug|Win32
		{191A0FDB-C8D8-4126-9505-A86F12B0E2FA}.Debug|Win32.Build.0 = Debug|Win32
		{191A0FDB-C8D8-4126-9505-A86F12B0E2FA}.Debug|x64.ActiveCfg = Debug|Win32
		{191A0FDB-C8D8-4126-9505-A86F12B0E2FA}.Release|Win32.ActiveCfg = Release|Win32
		{191A0FDB-C8D8-4126-9505-A86F12B0E2FA}.Release|Win32.Build.0 = Release|Win32
		{191A0FDB-C8D8-4126-9505-A86F12B0E2FA}.Release|x64.ActiveCfg = Release|Win32
		{CF7737A2-B848-4034-A80C-2E75C3B7601D}.Debug|Win32.ActiveCfg = Debug|Win32
		{CF7737A2-B848-4034-A80C-2E75C3B7601D}.Debug|Win32.Build.0 = Debug|Win32
		{CF7737A2-B848-4034-A80C-2E75C3B7601D}.Debug|x64.ActiveCfg = Debug|Win32
		{CF7737A2-B848-4034-A80C-2E75C3B7601D}.Release|Win32.ActiveCfg = Release|Win32
		{CF7737A2-B848-4034-A80C-2E75C3B7601D}.Release|Win32.Build.0 = Release|Win32
		{CF7737A2-B848-4034-A80C-2E75C3B7601D}.Release|x64.ActiveCfg = Release|Win32
		{E12DD2DD-1805-4994-9E90-BC9D15BC00E7}.Debug|Win32.ActiveCfg = Debug|Win32
		{E12DD2DD-1805-4994-9E90-BC9D15BC00E7}.Debug|Win32.Build.0 = Debug|Win32
		{E12DD2DD-1805-4994-9E90-BC9D15BC00E7}.Debug|x64.ActiveCfg = Debug|Win32
		{E12DD2DD-1805-4994-9E90-BC9D15BC00E7}.Release|Win32.ActiveCfg = Release|Win32
		{E12DD2DD-1805-4994-9E90-BC9D15BC00E7}.Release|Win32.Build.0 = Release|Win32
		{E12DD2DD-1805-4994-9E90-BC9D15BC00E7}.Release|x64.ActiveCfg = Release|Win32
		{83E53489-2998-467F-ACCC-0B11A640E5C6}.Debug|Win32.ActiveCfg = Debug|Win32
		{83E53489-2998-467F-ACCC-0B11A640E5C6}.Debug|Win32.Build.0 = Debug|Win32
		{83E53489-2998-467F-ACCC-0B11A640E5C6}.Debug|x64.ActiveCfg = Debug|Win32
		{83E53489-2998-467F-ACCC-0B11A640E5C6}.Release|Win32.ActiveCfg = Release|Win32
		{83E53489-2998-467F-ACCC-0B11A640E5C6}.Release|Win32.Build.0 = Release|Win32
		{83E53489-2998-467F-ACCC-0B11A640E5C6}.Release|x64.ActiveCfg = Release|Win32
		{DF460EAB-570D-4B50-9089-2E2FC801BF38}.Debug|Win32.ActiveCfg = Debug|Win32
		{DF460EAB-570D-4B50-9089-2E2FC801BF38}.Debug|Win32.Build.0 = Debug|Win32
		{DF460EAB-570D-4B50-9089-2E2FC801BF38}.Debug|x64.ActiveCfg = Debug|x64
		{DF460EAB-570D-4B50-9089-2E2FC801BF38}.Debug|x64.Build.0 = Debug|x64
		{DF460EAB-570D-4B50-9089-2E2FC801BF38}.Release|Win32.ActiveCfg = Release|Win32
		{DF460EAB-570D-4B50-9089-2E2FC801BF38}.Release|Win32.Build.0 = Release|Win32
		{DF460EAB-570D-4B50-9089-2E2FC801BF38}.Release|x64.ActiveCfg = Release|x64
		{DF460EAB-570D-4B50-9089-2E2FC801BF38}.Release|x64.Build.0 = Release|x64
		{A5F7D9CE-84C2-4894-8701-9D6873A77693}.Debug|Win32.ActiveCfg = Debug|Win32
		{A5F7D9CE-84C2-4894-8701-9D6873A77693}.Debug|Win32.Build.0 = Debug|Win32
		{A5F7D9CE-84C2-4894-8701-9D6873A77693}.Debug|x64.ActiveCfg = Debug|Win32
		{A5F7D9CE-84C2-4894-8701-9D6873A77693}.Release|Win32.ActiveCfg = Release|Win32
		{A5F7D9CE-84C2-4894-8701-9D6873A77693}.Release|Win32.Build.0 = Release|Win32
		{A5F7D9CE-84C2-4894-8701-9D6873A77693}.Release|x64.ActiveCfg = Release|Win32
		{04863F68-9FF2-45F6-90E1-C98BE948D6F1}.Debug|Win32.ActiveCfg = Debug|Win32
		{04863F68-9FF2-45F6-90E1-C98BE948D6F1}.Debug|Win32.Build.0 = Debug|Win32
		{04863F68-9FF2-45F6-90E1-C98BE948D6F1}.Debug|x64.ActiveCfg = Debug|Win32
		{04863F68-9FF2-45F6-90E1-C98BE948D6F1}.Release|Win32.ActiveCfg = Release|Win32
		{04863F68-9FF2-45F6-90E1-C98BE948D6F1}.Release|Win32.Build.0 = Release|Win32
		{04863F68-9FF2-45F6-90E1-C98BE948D6F1}.Release|x64.ActiveCfg = Release|Win32
		{12FC4514-495A-4D6B-8236-293786B21144}.Debug|Win32.ActiveCfg = Debug|Win32
		{12FC4514-495A-4D6B-8236-293786B21144}.Debug|Win32.Build.0 = Debug|Win32
		{12FC4514-495A-4D6B-8236-293786B21144}.Debug|x64.ActiveCfg = Debug|Win32
		{12FC4514-495A-4D6B-8236-293786B21144}.Release|Win32.ActiveCfg = Release|Win32
		{12FC4514-495A-4D6B-8236-293786B21144}.Release|Win32.Build.0 = Release|Win32
		{12FC4514-495A-4D6B-8236-293786B21144}.Release|x64.ActiveCfg = Release|Win32
		{ABBECADB-3740-431A-B9C6-5D7215FC1885}.Debug|Win32.ActiveCfg = Debug|Win32
		{ABBECADB-3740-431A-B9C6-5D7215FC1885}.Debug|Win32.Build.0 = Debug|Win32
		{ABBECADB-3740-431A-B9C6-5D7215FC1885}.Debug|x64.ActiveCfg = Debug|Win32
		{ABBECADB-3740-431A-B9C6-5D7215FC1885}.Release|Win32.ActiveCfg = Release|Win32
		{ABBECADB-3740-431A-B9C6-5D7215FC1885}.Release|Win32.Build.0 = Release|Win32
		{ABBECADB-3740-431A-B9C6-5D7215FC1885}.Release|x64.ActiveCfg = Release|Win32
		{AC2F0807-BECA-484D-BBE7-7A2C208FC806}.Debug|Win32.ActiveCfg = Debug|Win32
		{AC2F0807-BECA-484D-BBE7-7A2C208FC806}.Debug|Win32.Build.0 = Debug|Win32
		{AC2F0807-BECA-484D-BBE7-7A2C208FC806}.Debug|x64.ActiveCfg = Debug|Win32
		{AC2F0807-BECA-484D-BBE7-7A2C208FC806}.Release|Win32.ActiveCfg = Release|Win32
		{AC2F0807-BECA-484D-BBE7-7A2C208FC806}.Release|Win32.Build.0 = Release|Win32
		{AC2F0807-BECA-484D-BBE7-7A2C208FC806}.Release|x64.ActiveCfg = Release|Win32
		{973EA635-6747-4048-998D-491F65CB89ED}.Debug|Win32.ActiveCfg = Debug|Win32
		{973EA635-6747-4048-998D-491F65CB89ED}.Debug|Win32.Build.0 = Debug|Win32
		{973EA635-6747-4048-998D-491F65CB89ED}.Debug|x64.ActiveCfg = Debug|Win32
		{973EA635-6747-4048-998D-491F65CB89ED}.Release|Win32.ActiveCfg = Release|Win32
		{973EA635-6747-4048-998D-491F65CB89ED}.Release|Win32.Build.0 = Release|Win32
		{973EA635-6747-4048-998D-491F65CB89ED}.Release|x64.ActiveCfg = Release|Win32
		{E3CD4918-E499-4EF9-8330-342E4111AE7F}.Debug|Win32.ActiveCfg = Debug|Win32
		{E3CD4918-E499-4EF9-8330-342E4111AE7F}.Debug|Win32.Build.0 = Debug|Win32
		{E3CD4918-E499-4EF9-8330-342E4111AE7F}.Debug|x64.ActiveCfg = Debug|Win32
		{E3CD4918-E499-4EF9-8330-342E4111AE7F}.Release|Win32.ActiveCfg = Release|Win32
		{E3CD4918-E499-4EF9-8330-342E4111AE7F}.Release|Win32.Build.0 = Release|Win32
		{E3CD4918-E499-4EF9-8330-342E4111AE7F}.Release|x64.ActiveCfg = Release|Win32
		{C9B814C2-5FA8-4FFE-9A84-9B7ED9D44AEB}.Debug|Win32.ActiveCfg = Debug|Win32
		{C9B814C2-5FA8-4FFE-9A84-9B7ED9D44AEB}.Debug|Win32.Build.0 = Debug|Win32
		{C9B814C2-5FA8-4FFE-9A84-9B7ED9D44AEB}.Debug|x64.ActiveCfg = Debug|Win32
		{C9B814C2-5FA8-4FFE-9A84-9B7ED9D44AEB}.Release|Win32.ActiveCfg = Release|Win32
		{C9B814C2-5FA8-4FFE-9A84-9B7ED9D44AEB}.Release|Win32.Build.0 = Release|Win32
		{C9B814C2-5FA8-4FFE-9A84-9B7ED9D44AEB}.Release|x64.ActiveCfg = Release|Win32
		{C0802DB6-EA3A-4615-9B51-F5E8C3EDCA2D}.Debug|Win32.ActiveCfg = Debug|Win32
		{C0802DB6-EA3A-4615-9B51-F5E8C3EDCA2D}.Debug|Win32.Build.0 = Debug|Win32
		{C0802DB6-EA3A-4615-9B51-F5E8C3EDCA2D}.Debug|x64.ActiveCfg = Debug|Win32
		{C0802DB6-EA3A-4615-9B51-F5E8C3EDCA2D}.Release|Win32.ActiveCfg = Release|Win32
		{C0802DB6-EA3A-4615-9B51-F5E8C3EDCA2D}.Release|Win32.Build.0 = Release|Win32
		{C0802DB6-EA3A-4615-9B51-F5E8C3EDCA2D}.Release|x64.ActiveCfg = Release|Win32
		{A75AD00A-8438-4813-B39A-7D45F6ACB166}.Debug|Win32.ActiveCfg = Debug|Win32
		{A75AD00A-8438-4813-B39A-7D45F6ACB166}.Debug|Win32.Build.0 = Debug|Win32
		{A75AD00A-8438-4813-B39A-7D45F6ACB166}.Debug|x64.ActiveCfg = Debug|Win32
		{A75AD00A-8438-4813-B39A-7D45F6ACB166}.Release|Win32.ActiveCfg = Release|Win32
		{A75AD00A-8438-4813-B39A-7D45F6ACB166}.Release|Win32.Build.0 = Release|Win32
		{A75AD00A-8438-4813-B39A-7D45F6ACB166}.Release|x64.ActiveCfg = Release|Win32
		{1BF93D99-3375-4C0E-BC4C-FDA0F652228D}.Debug|Win32.ActiveCfg = Debug|Win32
		{1BF93D99-3375-4C0E-BC4C-FDA0F652228D}.Debug|Win32.Build.0 = Debug|Win32
		{1BF93D99-3375-4C0E-BC4C-FDA0F652228D}.Debug|x64.ActiveCfg = Debug|Win32
		{1BF93D99-3375-4C0E-BC4C-FDA0F652228D}.Release|Win32.ActiveCfg = Release|Win32
		{1BF93D99-3375-4C0E-BC4C-FDA0F652228D}.Release|Win32.Build.0 = Release|Win32
		{1BF93D99-3375-4C0E-BC4C-FDA0F652228D}.Release|x64.ActiveCfg = Release|Win32
		{FD8E9BA2-38A5-4964-A855-950EAFBE750C}.Debug|Win32.ActiveCfg = Debug|Win32
		{FD8E9BA2-38A5-4964-A855-950EAFBE750C}.Debug|Win32.Build.0 = Debug|Win32
		{FD8E9BA2-38A5-4964-A855-950EAFBE750C}.Debug|x64.ActiveCfg = Debug|Win32
		{FD8E9BA2-38A5-4964-A855-950EAFBE750C}.Release|Win32.ActiveCfg = Release|Win32
		{FD8E9BA2-38A5-4964-A855-950EAFBE750C}.Release|Win32.Build.0 = Release|Win32
		{FD8E9BA2-38A5-4964-A855-950EAFBE750C}.Release|x64.ActiveCfg = Release|Win32
		{C9B3398F-FE16-4E2E-85D4-FD189A55B74A}.Debug|Win32.ActiveCfg = Debug|Win32
		{C9B3398F-FE16-4E2E-85D4-FD189A55B74A}.Debug|Win32.Build.0 = Debug|Win32
		{C9B3398F-FE16-4E2E-85D4-FD189A55B74A}.Debug|x64.ActiveCfg = Debug|Win32
		{C9B3398F-FE16-4E2E-85D4-FD189A55B74A}.Release|Win32.ActiveCfg = Release|Win32
		{C9B3398F-FE16-4E2E-85D4-FD189A55B74A}.Release|Win32.Build.0 = Release|Win32
		{C9B3398F-FE16-4E2E-85D4-FD189A55B74A}.Release|x64.ActiveCfg = Release|Win32
		{77CC54A0-A1F2-40D4-87D7-6BB3B5E83190}.Debug|Win32.ActiveCfg = Debug|Win32
		{77CC54A0-A1F2-40D4-87D7-6BB3B5E83190}.Debug|Win32.Build.0 = Debug|Win32
		{77CC54A0-A1F2-40D4-87D7-6BB3B5E83190}.Debug|x64.ActiveCfg = Debug|Win32
		{77CC54A0-A1F2-40D4-87D7-6BB3B5E83190}.Release|Win32.ActiveCfg = Release|Win32
		{77CC54A0-A1F2-40D4-87D7-6BB3B5E83190}.Release|Win32.Build.0 = Release|Win32
		{77CC54A0-A1F2-40D4-87D7-6BB3B5E83190}.Release|x64.ActiveCfg = Release|Win32
		{49A792A8-7A1B-40B6-A299-8D7A8D889E25}.Debug|Win32.ActiveCfg = Debug|Win32
		{49A792A8-7A1B-40B6-A299-8D7A8D889E25}.Debug|Win32.Build.0 = Debug|Win32
		{49A792A8-7A1B-40B6-A299-8D7A8D889E25}.Debug|x64.ActiveCfg = Debug|Win32
		{49A792A8-7A1B-40B6-A299-8D7A8D889E25}.Release|Win32.ActiveCfg = Release|Win32
		{49A792A8-7A1B-40B6-A299-8D7A8D889E25}.Release|Win32.Build.0 = Release|Win32
		{49A792A8-7A1B-40B6-A299-8D7A8D889E25}.Release|x64.ActiveCfg = Release|Win32
		{570792BF-0247-4B35-AF10-5725469DBFCE}.Debug|Win32.ActiveCfg = Debug|Win32
		{570792BF-0247-4B35-AF10-5725469DBFCE}.Debug|Win32.Build.0 = Debug|Win32
		{570792BF-0247-4B35-AF10-5725469DBFCE}.Debug|x64.ActiveCfg = Debug|Win32
		{570792BF-0247-4B35-AF10-5725469DBFCE}.Release|Win32.ActiveCfg = Release|Win32
		{570792BF-0247-4B35-AF10-5725469DBFCE}.Release|Win32.Build.0 = Release|Win32
		{570792BF-0247-4B35-AF10-5725469DBFCE}.Release|x64.ActiveCfg = Release|Win32
		{49856162-3C85-453E-ADA8-2D9B4549EE01}.Debug|Win32.ActiveCfg = Debug|Win32
		{49856162-3C85-453E-ADA8-2D9B4549EE01}.Debug|Win32.Build.0 = Debug|Win32
		{49856162-3C85-453E-ADA8-2D9B4549EE01}.Debug|x64.ActiveCfg = Debug|Win32
		{49856162-3C85-453E-ADA8-2D9B4549EE01}.Release|Win32.ActiveCfg = Release|Win32
		{49856162-3C85-453E-ADA8-2D9B4549EE01}.Release|Win32.Build.0 = Release|Win32
		{49856162-3C85-453E-ADA8-2D9B4549EE01}.Release|x64.ActiveCfg = Release|Win32
		{ED1DE989-2EC3-44C0-ADB6-2FB51DF38A91}.Debug|Win32.ActiveCfg = Debug|Win32
		{ED1DE989-2EC3-44C0-ADB6-2FB51DF38A91}.Debug|Win32.Build.0 = Debug|Win32
		{ED1DE989-2EC3-44C0-ADB6-2FB51DF38A91}.Debug|x64.ActiveCfg = Debug|Win32
		{ED1DE989-2EC3-44C0-ADB6-2FB51DF38A91}.Release|Win32.ActiveCfg = Release|Win32
		{ED1DE989-2EC3-44C0-ADB6-2FB51DF38A91}.Release|Win32.Build.0 = Release|Win32
		{ED1DE989-2EC3-44C0-ADB6-2FB51DF38A91}.Release|x64.ActiveCfg = Release|Win32
		{93B5F3DF-3DF1-48E0-A1B6-D6DEBE46F50F}.Debug|Win32.ActiveCfg = Debug|Win32
		{93B5F3DF-3DF1-48E0-A1B6-D6DEBE46F50F}.Debug|Win32.Build.0 = Debug|Win32
		{93B5F3DF-3DF1-48E0-A1B6-D6DEBE46F50F}.Debug|x64.ActiveCfg = Debug|Win32
		{93B5F3DF-3DF1-48E0-A1B6-D6DEBE46F50F}.Release|Win32.ActiveCfg = Release|Win32
		{93B5F3DF-3DF1-48E0-A1B6-D6DEBE46F50F}.Release|Win32.Build.0 = Release|Win32
		{93B5F3DF-3DF1-48E0-A1B6-D6DEBE46F50F}.Release|x64.ActiveCfg = Release|Win32
		{74328020-24F7-4AA6-9E64-67E98559D17C}.Debug|Win32.ActiveCfg = Debug|Win32
		{74328020-24F7-4AA6-9E64-67E98559D17C}.Debug|Win32.Build.0 = Debug|Win32
		{74328020-24F7-4AA6-9E64-67E98559D17C}.Debug|x64.ActiveCfg = Debug|Win32
		{74328020-24F7-4AA6-9E64-67E98559D17C}.Release|Win32.ActiveCfg = Release|Win32
		{74328020-24F7-4AA6-9E64-67E98559D17C}.Release|Win32.Build.0 = Release|Win32
		{74328020-24F7-4AA6-9E64-67E98559D17C}.Release|x64.ActiveCfg = Release|Win32
		{CDB4B69A-B3CC-4035-902D-3722671F545F}.Debug|Win32.ActiveCfg = Debug|Win32
		{CDB4B69A-B3CC-4035-902D-3722671F545F}.Debug|Win32.Build.0 = Debug|Win32
		{CDB4B69A-B3CC-4035-902D-3722671F545F}.Debug|x64.ActiveCfg = Debug|Win32
		{CDB4B69A-B3CC-4035-902D-3722671F545F}.Release|Win32.ActiveCfg = Release|Win32
		{CDB4B69A-B3CC-4035-902D-3722671F545F}.Release|Win32.Build.0 = Release|Win32
		{CDB4B69A-B3CC-4035-902D-3722671F545F}.Release|x64.ActiveCfg = Release|Win32
		{CF7FD852-4774-4068-8FFD-8A4B588EC46D}.Debug|Win32.ActiveCfg = Debug|Win32
		{CF7FD852-4774-4068-8FFD-8A4B588EC46D}.Debug|Win32.Build.0 = Debug|Win32
		{CF7FD852-4774-4068-8FFD-8A4B588EC46D}.Debug|x64.ActiveCfg = Debug|Win32
		{CF7FD852-4774-4068-8FFD-8A4B588EC46D}.Release|Win32.ActiveCfg = Release|Win32
		{CF7FD852-4774-4068-8FFD-8A4B588EC46D}.Release|Win32.Build.0 = Release|Win32
		{CF7FD852-4774-4068-8FFD-8A4B588EC46D}.Release|x64.ActiveCfg = Release|Win32
		{049A7630-DC7F-40A9-A579-AABE708E10B4}.Debug|Win32.ActiveCfg = Debug|Win32
		{049A7630-DC7F-40A9-A579-AABE708E10B4}.Debug|Win32.Build.0 = Debug|Win32
		{049A7630-DC7F-40A9-A579-AABE708E10B4}.Debug|x64.ActiveCfg = Debug|Win32
		{049A7630-DC7F-40A9-A579-AABE708E10B4}.Release|Win32.ActiveCfg = Release|Win32
		{049A7630-DC7F-40A9-A579-AABE708E10B4}.Release|Win32.Build.0 = Release|Win32
		{049A7630-DC7F-40A9-A579-AABE708E10B4}.Release|x64.ActiveCfg = Release|Win32
		{F08F81DD-6363-4A4E-BA8A-6B3D317F879F}.Debug|Win32.ActiveCfg = Debug|Win32
		{F08F81DD-6363-4A4E-BA8A-6B3D317F879F}.Debug|Win32.Build.0 = Debug|Win32
		{F08F81DD-6363-4A4E-BA8A-6B3D317F879F}.Debug|x64.ActiveCfg = Debug|Win32
		{F08F81DD-6363-4A4E-BA8A-6B3D317F879F}.Release|Win32.ActiveCfg = Release|Win32
		{F08F81DD-6363-4A4E-BA8A-6B3D317F879F}.Release|Win32.Build.0 = Release|Win32
		{F08F81DD-6363-4A4E-BA8A-6B3D317F879F}.Release|x64.ActiveCfg = Release|Win32
		{255014C8-CF00-48A8-AE7C-D9AC83F3AE67}.Debug|Win32.ActiveCfg = Debug|Win32
		{255014C8-CF00-48A8-AE7C-D9AC83F3AE67}.Debug|Win32.Build.0 = Debug|Win32
		{255014C8-CF00-48A8-AE7C-D9AC83F3AE67}.Debug|x64.ActiveCfg = Debug|Win32
		{255014C8-CF00-48A8-AE7C-D9AC83F3AE67}.Release|Win32.ActiveCfg = Release|Win32
		{255014C8-CF00-48A8-AE7C-D9AC83F3AE67}.Release|Win32.Build.0 = Release|Win32
		{255014C8-CF00-48A8-AE7C-D9AC83F3AE67}.Release|x64.ActiveCfg = Release|Win32
	EndGlobalSection
	GlobalSection(SolutionProperties) = preSolution
		HideSolutionNode = FALSE
	EndGlobalSection
	GlobalSection(NestedProjects) = preSolution
		{97916C20-B22D-4392-AA2E-8A4D6B18C31B} = {AFA8A463-BB65-4BE6-AA65-A24E7F4302F1}
		{A09BF47D-7ACD-4D4D-A49D-711792AAFBC6} = {AFA8A463-BB65-4BE6-AA65-A24E7F4302F1}
		{1BF93D99-3375-4C0E-BC4C-FDA0F652228D} = {8600EA73-E741-4ACE-A3AD-D159B0CC0C61}
		{FD8E9BA2-38A5-4964-A855-950EAFBE750C} = {8600EA73-E741-4ACE-A3AD-D159B0CC0C61}
		{C9B3398F-FE16-4E2E-85D4-FD189A55B74A} = {8600EA73-E741-4ACE-A3AD-D159B0CC0C61}
		{77CC54A0-A1F2-40D4-87D7-6BB3B5E83190} = {8600EA73-E741-4ACE-A3AD-D159B0CC0C61}
		{49A792A8-7A1B-40B6-A299-8D7A8D889E25} = {8600EA73-E741-4ACE-A3AD-D159B0CC0C61}
		{570792BF-0247-4B35-AF10-5725469DBFCE} = {8600EA73-E741-4ACE-A3AD-D159B0CC0C61}
		{49856162-3C85-453E-ADA8-2D9B4549EE01} = {8600EA73-E741-4ACE-A3AD-D159B0CC0C61}
		{ED1DE989-2EC3-44C0-ADB6-2FB51DF38A91} = {8600EA73-E741-4ACE-A3AD-D159B0CC0C61}
		{93B5F3DF-3DF1-48E0-A1B6-D6DEBE46F50F} = {8600EA73-E741-4ACE-A3AD-D159B0CC0C61}
		{74328020-24F7-4AA6-9E64-67E98559D17C} = {8600EA73-E741-4ACE-A3AD-D159B0CC0C61}
		{CDB4B69A-B3CC-4035-902D-3722671F545F} = {8600EA73-E741-4ACE-A3AD-D159B0CC0C61}
		{CF7FD852-4774-4068-8FFD-8A4B588EC46D} = {8600EA73-E741-4ACE-A3AD-D159B0CC0C61}
		{049A7630-DC7F-40A9-A579-AABE708E10B4} = {8600EA73-E741-4ACE-A3AD-D159B0CC0C61}
		{F08F81DD-6363-4A4E-BA8A-6B3D317F879F} = {8600EA73-E741-4ACE-A3AD-D159B0CC0C61}
		{255014C8-CF00-48A8-AE7C-D9AC83F3AE67} = {8600EA73-E741-4ACE-A3AD-D159B0CC0C61}
		{ABBECADB-3740-431A-B9C6-5D7215FC1885} = {733F1380-ED5B-4335-ADD4-C2101162E18A}
		{AC2F0807-BECA-484D-BBE7-7A2C208FC806} = {733F1380-ED5B-4335-ADD4-C2101162E18A}
		{973EA635-6747-4048-998D-491F65CB89ED} = {733F1380-ED5B-4335-ADD4-C2101162E18A}
		{E3CD4918-E499-4EF9-8330-342E4111AE7F} = {733F1380-ED5B-4335-ADD4-C2101162E18A}
		{C9B814C2-5FA8-4FFE-9A84-9B7ED9D44AEB} = {733F1380-ED5B-4335-ADD4-C2101162E18A}
		{C0802DB6-EA3A-4615-9B51-F5E8C3EDCA2D} = {733F1380-ED5B-4335-ADD4-C2101162E18A}
		{A75AD00A-8438-4813-B39A-7D45F6ACB166} = {83DBF138-62A1-4843-8CF5-7ADB833B0260}
		{04863F68-9FF2-45F6-90E1-C98BE948D6F1} = {97916C20-B22D-4392-AA2E-8A4D6B18C31B}
		{12FC4514-495A-4D6B-8236-293786B21144} = {97916C20-B22D-4392-AA2E-8A4D6B18C31B}
		{E8A3F6FA-AE1C-4C8E-A0B6-9C8480324EAA} = {A09BF47D-7ACD-4D4D-A49D-711792AAFBC6}
		{191A0FDB-C8D8-4126-9505-A86F12B0E2FA} = {A09BF47D-7ACD-4D4D-A49D-711792AAFBC6}
		{CF7737A2-B848-4034-A80C-2E75C3B7601D} = {A09BF47D-7ACD-4D4D-A49D-711792AAFBC6}
		{E12DD2DD-1805-4994-9E90-BC9D15BC00E7} = {A09BF47D-7ACD-4D4D-A49D-711792AAFBC6}
		{DC0D8D4A-3F4D-4A1D-9A09-F48143326E88} = {A09BF47D-7ACD-4D4D-A49D-711792AAFBC6}
		{A5F7D9CE-84C2-4894-8701-9D6873A77693} = {A09BF47D-7ACD-4D4D-A49D-711792AAFBC6}
		{83E53489-2998-467F-ACCC-0B11A640E5C6} = {DC0D8D4A-3F4D-4A1D-9A09-F48143326E88}
		{DF460EAB-570D-4B50-9089-2E2FC801BF38} = {DC0D8D4A-3F4D-4A1D-9A09-F48143326E88}
	EndGlobalSection
EndGlobal
