
Microsoft Visual Studio Solution File, Format Version 10.00
# Visual Studio 2008
Project("{2150E333-8FDC-42A3-9474-1A3956D46DE8}") = "ImPro Filter", "ImPro Filter", "{8600EA73-E741-4ACE-A3AD-D159B0CC0C61}"
EndProject
Project("{2150E333-8FDC-42A3-9474-1A3956D46DE8}") = "BaseClass", "BaseClass", "{733F1380-ED5B-4335-ADD4-C2101162E18A}"
EndProject
Project("{2150E333-8FDC-42A3-9474-1A3956D46DE8}") = "App", "App", "{49711099-A248-47DE-9C0E-B2744E6FB694}"
EndProject
Project("{2150E333-8FDC-42A3-9474-1A3956D46DE8}") = "Other Module", "Other Module", "{83DBF138-62A1-4843-8CF5-7ADB833B0260}"
EndProject
Project("{8BC9CEB8-8B4A-11D0-8D11-00A0C91BC942}") = "commonLib", "..\ImProBaseClass\commonLib\commonLib.vcproj", "{ABBECADB-3740-431A-B9C6-5D7215FC1885}"
EndProject
Project("{8BC9CEB8-8B4A-11D0-8D11-00A0C91BC942}") = "CMFCBasePropertyPage", "..\ImProBaseClass\CMFCBasePropertyPage\CMFCBasePropertyPage.vcproj", "{AC2F0807-BECA-484D-BBE7-7A2C208FC806}"
EndProject
Project("{8BC9CEB8-8B4A-11D0-8D11-00A0C91BC942}") = "CMuxTransformFilter", "..\ImProBaseClass\CMuxTransformFilter\CMuxTransformFilter.vcproj", "{973EA635-6747-4048-998D-491F65CB89ED}"
EndProject
Project("{8BC9CEB8-8B4A-11D0-8D11-00A0C91BC942}") = "DSBaseClass", "..\ImProBaseClass\DSBaseClass\DSAppClasses.vcproj", "{E3CD4918-E499-4EF9-8330-342E4111AE7F}"
EndProject
Project("{8BC9CEB8-8B4A-11D0-8D11-00A0C91BC942}") = "MSD3DLib", "..\ImProBaseClass\MSD3DLib\MSD3DLib.vcproj", "{C9B814C2-5FA8-4FFE-9A84-9B7ED9D44AEB}"
EndProject
Project("{8BC9CEB8-8B4A-11D0-8D11-00A0C91BC942}") = "MSPersist", "..\ImProBaseClass\MSPersist\MSPersist.vcproj", "{C0802DB6-EA3A-4615-9B51-F5E8C3EDCA2D}"
	ProjectSection(ProjectDependencies) = postProject
		{AC2F0807-BECA-484D-BBE7-7A2C208FC806} = {AC2F0807-BECA-484D-BBE7-7A2C208FC806}
		{973EA635-6747-4048-998D-491F65CB89ED} = {973EA635-6747-4048-998D-491F65CB89ED}
	EndProjectSection
EndProject
Project("{8BC9CEB8-8B4A-11D0-8D11-00A0C91BC942}") = "OSCSender", "..\OtherLib\OSCSender\OSCSender.vcproj", "{A75AD00A-8438-4813-B39A-7D45F6ACB166}"
EndProject
Project("{8BC9CEB8-8B4A-11D0-8D11-00A0C91BC942}") = "BGMappingFilter", "..\ImProFilters\BGMappingFilter\BGMappingFilter.vcproj", "{77CC54A0-A1F2-40D4-87D7-6BB3B5E83190}"
	ProjectSection(ProjectDependencies) = postProject
		{AC2F0807-BECA-484D-BBE7-7A2C208FC806} = {AC2F0807-BECA-484D-BBE7-7A2C208FC806}
		{973EA635-6747-4048-998D-491F65CB89ED} = {973EA635-6747-4048-998D-491F65CB89ED}
		{C9B814C2-5FA8-4FFE-9A84-9B7ED9D44AEB} = {C9B814C2-5FA8-4FFE-9A84-9B7ED9D44AEB}
		{ABBECADB-3740-431A-B9C6-5D7215FC1885} = {ABBECADB-3740-431A-B9C6-5D7215FC1885}
	EndProjectSection
EndProject
Project("{8BC9CEB8-8B4A-11D0-8D11-00A0C91BC942}") = "DXBlendFilter", "..\ImProFilters\DXBlendFilter\DXBlendFilter.vcproj", "{49A792A8-7A1B-40B6-A299-8D7A8D889E25}"
	ProjectSection(ProjectDependencies) = postProject
		{AC2F0807-BECA-484D-BBE7-7A2C208FC806} = {AC2F0807-BECA-484D-BBE7-7A2C208FC806}
		{973EA635-6747-4048-998D-491F65CB89ED} = {973EA635-6747-4048-998D-491F65CB89ED}
		{C0802DB6-EA3A-4615-9B51-F5E8C3EDCA2D} = {C0802DB6-EA3A-4615-9B51-F5E8C3EDCA2D}
		{C9B814C2-5FA8-4FFE-9A84-9B7ED9D44AEB} = {C9B814C2-5FA8-4FFE-9A84-9B7ED9D44AEB}
		{ABBECADB-3740-431A-B9C6-5D7215FC1885} = {ABBECADB-3740-431A-B9C6-5D7215FC1885}
	EndProjectSection
EndProject
Project("{8BC9CEB8-8B4A-11D0-8D11-00A0C91BC942}") = "DXRenderer", "..\ImProFilters\DXRender\DXRender.vcproj", "{570792BF-0247-4B35-AF10-5725469DBFCE}"
	ProjectSection(ProjectDependencies) = postProject
		{AC2F0807-BECA-484D-BBE7-7A2C208FC806} = {AC2F0807-BECA-484D-BBE7-7A2C208FC806}
		{973EA635-6747-4048-998D-491F65CB89ED} = {973EA635-6747-4048-998D-491F65CB89ED}
		{C0802DB6-EA3A-4615-9B51-F5E8C3EDCA2D} = {C0802DB6-EA3A-4615-9B51-F5E8C3EDCA2D}
		{C9B814C2-5FA8-4FFE-9A84-9B7ED9D44AEB} = {C9B814C2-5FA8-4FFE-9A84-9B7ED9D44AEB}
	EndProjectSection
EndProject
Project("{8BC9CEB8-8B4A-11D0-8D11-00A0C91BC942}") = "HomoWarpFilter", "..\ImProFilters\HomoWarpFilter\HomoWarpFilter.vcproj", "{49856162-3C85-453E-ADA8-2D9B4549EE01}"
	ProjectSection(ProjectDependencies) = postProject
		{AC2F0807-BECA-484D-BBE7-7A2C208FC806} = {AC2F0807-BECA-484D-BBE7-7A2C208FC806}
		{973EA635-6747-4048-998D-491F65CB89ED} = {973EA635-6747-4048-998D-491F65CB89ED}
		{C0802DB6-EA3A-4615-9B51-F5E8C3EDCA2D} = {C0802DB6-EA3A-4615-9B51-F5E8C3EDCA2D}
		{C9B814C2-5FA8-4FFE-9A84-9B7ED9D44AEB} = {C9B814C2-5FA8-4FFE-9A84-9B7ED9D44AEB}
		{ABBECADB-3740-431A-B9C6-5D7215FC1885} = {ABBECADB-3740-431A-B9C6-5D7215FC1885}
	EndProjectSection
EndProject
Project("{8BC9CEB8-8B4A-11D0-8D11-00A0C91BC942}") = "HookDrawingFilter", "..\ImProFilters\HookDrawingFilter\HookDrawingFilter.vcproj", "{ED1DE989-2EC3-44C0-ADB6-2FB51DF38A91}"
	ProjectSection(ProjectDependencies) = postProject
		{AC2F0807-BECA-484D-BBE7-7A2C208FC806} = {AC2F0807-BECA-484D-BBE7-7A2C208FC806}
		{973EA635-6747-4048-998D-491F65CB89ED} = {973EA635-6747-4048-998D-491F65CB89ED}
		{C0802DB6-EA3A-4615-9B51-F5E8C3EDCA2D} = {C0802DB6-EA3A-4615-9B51-F5E8C3EDCA2D}
		{C9B814C2-5FA8-4FFE-9A84-9B7ED9D44AEB} = {C9B814C2-5FA8-4FFE-9A84-9B7ED9D44AEB}
		{ABBECADB-3740-431A-B9C6-5D7215FC1885} = {ABBECADB-3740-431A-B9C6-5D7215FC1885}
		{93B5F3DF-3DF1-48E0-A1B6-D6DEBE46F50F} = {93B5F3DF-3DF1-48E0-A1B6-D6DEBE46F50F}
	EndProjectSection
EndProject
Project("{8BC9CEB8-8B4A-11D0-8D11-00A0C91BC942}") = "HookInject", "..\ImProFilters\HookInject\HookInject.vcproj", "{93B5F3DF-3DF1-48E0-A1B6-D6DEBE46F50F}"
EndProject
Project("{8BC9CEB8-8B4A-11D0-8D11-00A0C91BC942}") = "MaskFilter", "..\ImProFilters\MaskFilter\MaskFilter.vcproj", "{74328020-24F7-4AA6-9E64-67E98559D17C}"
	ProjectSection(ProjectDependencies) = postProject
		{AC2F0807-BECA-484D-BBE7-7A2C208FC806} = {AC2F0807-BECA-484D-BBE7-7A2C208FC806}
		{973EA635-6747-4048-998D-491F65CB89ED} = {973EA635-6747-4048-998D-491F65CB89ED}
		{C0802DB6-EA3A-4615-9B51-F5E8C3EDCA2D} = {C0802DB6-EA3A-4615-9B51-F5E8C3EDCA2D}
		{C9B814C2-5FA8-4FFE-9A84-9B7ED9D44AEB} = {C9B814C2-5FA8-4FFE-9A84-9B7ED9D44AEB}
	EndProjectSection
EndProject
Project("{8BC9CEB8-8B4A-11D0-8D11-00A0C91BC942}") = "ProjectSettingFilter", "..\ImProFilters\ProjectSettingFilter\ProjectSettingFilter.vcproj", "{CDB4B69A-B3CC-4035-902D-3722671F545F}"
	ProjectSection(ProjectDependencies) = postProject
		{AC2F0807-BECA-484D-BBE7-7A2C208FC806} = {AC2F0807-BECA-484D-BBE7-7A2C208FC806}
		{973EA635-6747-4048-998D-491F65CB89ED} = {973EA635-6747-4048-998D-491F65CB89ED}
		{C0802DB6-EA3A-4615-9B51-F5E8C3EDCA2D} = {C0802DB6-EA3A-4615-9B51-F5E8C3EDCA2D}
	EndProjectSection
EndProject
Project("{8BC9CEB8-8B4A-11D0-8D11-00A0C91BC942}") = "SplitterFilter", "..\ImProFilters\SplitterFilter\SplitterFilter.vcproj", "{CF7FD852-4774-4068-8FFD-8A4B588EC46D}"
	ProjectSection(ProjectDependencies) = postProject
		{AC2F0807-BECA-484D-BBE7-7A2C208FC806} = {AC2F0807-BECA-484D-BBE7-7A2C208FC806}
		{973EA635-6747-4048-998D-491F65CB89ED} = {973EA635-6747-4048-998D-491F65CB89ED}
	EndProjectSection
EndProject
Project("{8BC9CEB8-8B4A-11D0-8D11-00A0C91BC942}") = "SyncFilter", "..\ImProFilters\SyncFilter\SyncFilter.vcproj", "{049A7630-DC7F-40A9-A579-AABE708E10B4}"
	ProjectSection(ProjectDependencies) = postProject
		{AC2F0807-BECA-484D-BBE7-7A2C208FC806} = {AC2F0807-BECA-484D-BBE7-7A2C208FC806}
		{973EA635-6747-4048-998D-491F65CB89ED} = {973EA635-6747-4048-998D-491F65CB89ED}
		{C9B814C2-5FA8-4FFE-9A84-9B7ED9D44AEB} = {C9B814C2-5FA8-4FFE-9A84-9B7ED9D44AEB}
	EndProjectSection
EndProject
Project("{8BC9CEB8-8B4A-11D0-8D11-00A0C91BC942}") = "TouchLibFilter", "..\ImProFilters\TouchLibFilter\TouchLibFilter.vcproj", "{F08F81DD-6363-4A4E-BA8A-6B3D317F879F}"
	ProjectSection(ProjectDependencies) = postProject
		{AC2F0807-BECA-484D-BBE7-7A2C208FC806} = {AC2F0807-BECA-484D-BBE7-7A2C208FC806}
		{A75AD00A-8438-4813-B39A-7D45F6ACB166} = {A75AD00A-8438-4813-B39A-7D45F6ACB166}
		{973EA635-6747-4048-998D-491F65CB89ED} = {973EA635-6747-4048-998D-491F65CB89ED}
		{C0802DB6-EA3A-4615-9B51-F5E8C3EDCA2D} = {C0802DB6-EA3A-4615-9B51-F5E8C3EDCA2D}
		{C9B814C2-5FA8-4FFE-9A84-9B7ED9D44AEB} = {C9B814C2-5FA8-4FFE-9A84-9B7ED9D44AEB}
		{ABBECADB-3740-431A-B9C6-5D7215FC1885} = {ABBECADB-3740-431A-B9C6-5D7215FC1885}
	EndProjectSection
EndProject
Project("{8BC9CEB8-8B4A-11D0-8D11-00A0C91BC942}") = "ARToolKitPlus", "..\ImProFilters\ARToolKitPlus_2.1.1\build\VS.NET\ARToolKitPlus.vcproj", "{255014C8-CF00-48A8-AE7C-D9AC83F3AE67}"
EndProject
Project("{8BC9CEB8-8B4A-11D0-8D11-00A0C91BC942}") = "ARLayoutCaptureApp", "..\ImProApps\ARLayoutCaptureApp\ARLayoutCaptureApp.vcproj", "{4482524B-B02D-4F2A-A8DE-23FA3A552EE7}"
	ProjectSection(ProjectDependencies) = postProject
		{E3CD4918-E499-4EF9-8330-342E4111AE7F} = {E3CD4918-E499-4EF9-8330-342E4111AE7F}
	EndProjectSection
EndProject
Project("{8BC9CEB8-8B4A-11D0-8D11-00A0C91BC942}") = "ARTagApp", "..\ImProApps\ARTagApp\ImProClientMFCApp.vcproj", "{A0E42261-1BEE-4D23-9179-C69372A7124A}"
	ProjectSection(ProjectDependencies) = postProject
		{E3CD4918-E499-4EF9-8330-342E4111AE7F} = {E3CD4918-E499-4EF9-8330-342E4111AE7F}
	EndProjectSection
EndProject
Project("{8BC9CEB8-8B4A-11D0-8D11-00A0C91BC942}") = "google earth", "..\ImProApps\ImGoogleEarthSln\google earth\google earth.vcproj", "{01F9EE37-2812-47E4-8A67-CAA51BC72B81}"
	ProjectSection(ProjectDependencies) = postProject
		{E3CD4918-E499-4EF9-8330-342E4111AE7F} = {E3CD4918-E499-4EF9-8330-342E4111AE7F}
	EndProjectSection
EndProject
Project("{8BC9CEB8-8B4A-11D0-8D11-00A0C91BC942}") = "AR2WarpController", "..\ImProFilters\AR2WarpController\AR2WarpController.vcproj", "{1BF93D99-3375-4C0E-BC4C-FDA0F652228D}"
EndProject
Project("{8BC9CEB8-8B4A-11D0-8D11-00A0C91BC942}") = "ARLayoutFilter", "..\ImProFilters\ArLayoutFilter\MyTestFilter.vcproj", "{FD8E9BA2-38A5-4964-A855-950EAFBE750C}"
	ProjectSection(ProjectDependencies) = postProject
		{AC2F0807-BECA-484D-BBE7-7A2C208FC806} = {AC2F0807-BECA-484D-BBE7-7A2C208FC806}
		{E3CD4918-E499-4EF9-8330-342E4111AE7F} = {E3CD4918-E499-4EF9-8330-342E4111AE7F}
		{973EA635-6747-4048-998D-491F65CB89ED} = {973EA635-6747-4048-998D-491F65CB89ED}
		{C9B814C2-5FA8-4FFE-9A84-9B7ED9D44AEB} = {C9B814C2-5FA8-4FFE-9A84-9B7ED9D44AEB}
		{ABBECADB-3740-431A-B9C6-5D7215FC1885} = {ABBECADB-3740-431A-B9C6-5D7215FC1885}
	EndProjectSection
EndProject
Project("{8BC9CEB8-8B4A-11D0-8D11-00A0C91BC942}") = "ARTagFilter", "..\ImProFilters\ARTagFilter\ARTagFilter.vcproj", "{C9B3398F-FE16-4E2E-85D4-FD189A55B74A}"
EndProject
Project("{8BC9CEB8-8B4A-11D0-8D11-00A0C91BC942}") = "GSFrameCaptureFilter", "..\ImProFilters\GSFrameCaptureFilter\GSFrameCaptureFilter.vcproj", "{036CC920-559B-4782-BE86-30AE89F13ECD}"
EndProject
Project("{8BC9CEB8-8B4A-11D0-8D11-00A0C91BC942}") = "ARCalibrationApp", "..\ImProApps\ARCalibrationApp\ARCalibrationApp.vcproj", "{57D750B5-5887-4B38-AEFF-2D2D04BA66BC}"
EndProject
Project("{2150E333-8FDC-42A3-9474-1A3956D46DE8}") = "GShow", "GShow", "{FE21EB15-192C-4668-BE5C-59178F95BE51}"
EndProject
Project("{2150E333-8FDC-42A3-9474-1A3956D46DE8}") = "GShow BaseClass", "GShow BaseClass", "{E622FF41-C892-4E95-B403-E7EF4B5E4C26}"
EndProject
Project("{8BC9CEB8-8B4A-11D0-8D11-00A0C91BC942}") = "StrmBase", "..\OtherLib\GShow\GSBaseClass\StrmBase\strmbase.vcproj", "{E8A3F6FA-AE1C-4C8E-A0B6-9C8480324EAA}"
EndProject
Project("{8BC9CEB8-8B4A-11D0-8D11-00A0C91BC942}") = "GSD3DLib", "..\OtherLib\GShow\GSBaseClass\GSD3DLib\GSD3DLib.vcproj", "{E12DD2DD-1805-4994-9E90-BC9D15BC00E7}"
EndProject
Project("{8BC9CEB8-8B4A-11D0-8D11-00A0C91BC942}") = "GSCommonLib", "..\OtherLib\GShow\GSBaseClass\GSCommonLib\GSCommonLib.vcproj", "{A5F7D9CE-84C2-4894-8701-9D6873A77693}"
EndProject
Project("{8BC9CEB8-8B4A-11D0-8D11-00A0C91BC942}") = "GSGraphBase", "..\OtherLib\GShow\GSBaseClass\GSGraphBase\GSGraphBase.vcproj", "{BADBAF0C-14C9-4928-B2AA-96456D035CF2}"
EndProject
Project("{FAE04EC0-301F-11D3-BF4B-00C04F79EFBC}") = "GSManagedCOM", "..\OtherLib\GShow\GSBaseClass\GSManagedCOM\GSManagedCOM.csproj", "{75FE25E5-AEAA-427E-8A86-787873251FBF}"
EndProject
Project("{8BC9CEB8-8B4A-11D0-8D11-00A0C91BC942}") = "GSManagedCOMReg", "..\OtherLib\GShow\GSBaseClass\GSManagedCOMReg\GSManagedCOMReg.vcproj", "{550F2B29-794A-481B-80F8-F15251C810EE}"
EndProject
Project("{8BC9CEB8-8B4A-11D0-8D11-00A0C91BC942}") = "GSMFCProp", "..\OtherLib\GShow\GSBaseClass\GSMFCProp\GSMFCProp.vcproj", "{1AA827CA-B7BC-4AD9-9A21-5690ADBAE2E2}"
EndProject
Project("{8BC9CEB8-8B4A-11D0-8D11-00A0C91BC942}") = "GSMuxFilter", "..\OtherLib\GShow\GSBaseClass\GSMuxFilter\GSMuxFilter.vcproj", "{191A0FDB-C8D8-4126-9505-A86F12B0E2FA}"
EndProject
Project("{8BC9CEB8-8B4A-11D0-8D11-00A0C91BC942}") = "GSPersist", "..\OtherLib\GShow\GSBaseClass\GSPersist\MSPersist.vcproj", "{2E7808C7-0E39-4110-A942-EE5C39E5D97F}"
EndProject
Project("{2150E333-8FDC-42A3-9474-1A3956D46DE8}") = "GShow Filters", "GShow Filters", "{3BF731FF-39B3-486E-AE58-A6F5129BA232}"
EndProject
Project("{8BC9CEB8-8B4A-11D0-8D11-00A0C91BC942}") = "GSDXBlendFilter", "..\OtherLib\GShow\GSFilters\GSDXBlendFilter\GSDXBlendFilter.vcproj", "{D806DE10-87EB-44C2-8BB7-B2CA3F34C3D8}"
EndProject
Project("{8BC9CEB8-8B4A-11D0-8D11-00A0C91BC942}") = "GSDXRenderer", "..\OtherLib\GShow\GSFilters\GSDXRenderer\GSDXRenderer.vcproj", "{04863F68-9FF2-45F6-90E1-C98BE948D6F1}"
EndProject
Project("{8BC9CEB8-8B4A-11D0-8D11-00A0C91BC942}") = "GSHomoWarpFilter", "..\OtherLib\GShow\GSFilters\GSHomoWarpFilter\GSHomoWarpFilter.vcproj", "{12FC4514-495A-4D6B-8236-293786B21144}"
EndProject
Project("{8BC9CEB8-8B4A-11D0-8D11-00A0C91BC942}") = "GSMaskFilter", "..\OtherLib\GShow\GSFilters\GSMaskFilter\GSMaskFilter.vcproj", "{0748EA0D-E479-4B8A-918E-ED0EE6238602}"
EndProject
Project("{8BC9CEB8-8B4A-11D0-8D11-00A0C91BC942}") = "GSProjSettingFilter", "..\OtherLib\GShow\GSFilters\GSProjSettingFilter\ProjectSettingFilter.vcproj", "{D912EED2-AA08-42CE-A48A-674D0676EF41}"
EndProject
Project("{8BC9CEB8-8B4A-11D0-8D11-00A0C91BC942}") = "GSScreenCapturer", "..\OtherLib\GShow\GSFilters\GSScreenCapturer\GSScreenCapturer.vcproj", "{DA5009BC-C52C-44CE-84D3-F0C58E7FBFA0}"
EndProject
Project("{8BC9CEB8-8B4A-11D0-8D11-00A0C91BC942}") = "GSUndistortFilter", "..\OtherLib\GShow\GSFilters\GSUndistortFilter\GSUndistortFilter.vcproj", "{1138B16D-1BA2-4FC3-BA91-B86F54DFB922}"
EndProject
Project("{8BC9CEB8-8B4A-11D0-8D11-00A0C91BC942}") = "D3DX11Effect", "..\OtherLib\GShow\GSBaseClass\GSD3DLib\Effects11\Effects11_2008.vcproj", "{DF460EAB-570D-4B50-9089-2E2FC801BF38}"
EndProject
Project("{8BC9CEB8-8B4A-11D0-8D11-00A0C91BC942}") = "DXUTLib", "..\OtherLib\GShow\GSBaseClass\GSD3DLib\DXUTLib\DXUTLib.vcproj", "{83E53489-2998-467F-ACCC-0B11A640E5C6}"
EndProject
Project("{8BC9CEB8-8B4A-11D0-8D11-00A0C91BC942}") = "ImProLogicFilter", "..\ImProFilters\ImProLogicFilter\ImProLogicFilter.vcproj", "{EB016082-2587-45F0-96D0-5576951723DC}"
	ProjectSection(ProjectDependencies) = postProject
		{A75AD00A-8438-4813-B39A-7D45F6ACB166} = {A75AD00A-8438-4813-B39A-7D45F6ACB166}
		{C9B3398F-FE16-4E2E-85D4-FD189A55B74A} = {C9B3398F-FE16-4E2E-85D4-FD189A55B74A}
		{2E7808C7-0E39-4110-A942-EE5C39E5D97F} = {2E7808C7-0E39-4110-A942-EE5C39E5D97F}
		{255014C8-CF00-48A8-AE7C-D9AC83F3AE67} = {255014C8-CF00-48A8-AE7C-D9AC83F3AE67}
		{1AA827CA-B7BC-4AD9-9A21-5690ADBAE2E2} = {1AA827CA-B7BC-4AD9-9A21-5690ADBAE2E2}
		{A5F7D9CE-84C2-4894-8701-9D6873A77693} = {A5F7D9CE-84C2-4894-8701-9D6873A77693}
		{191A0FDB-C8D8-4126-9505-A86F12B0E2FA} = {191A0FDB-C8D8-4126-9505-A86F12B0E2FA}
		{ABBECADB-3740-431A-B9C6-5D7215FC1885} = {ABBECADB-3740-431A-B9C6-5D7215FC1885}
		{F08F81DD-6363-4A4E-BA8A-6B3D317F879F} = {F08F81DD-6363-4A4E-BA8A-6B3D317F879F}
		{E8A3F6FA-AE1C-4C8E-A0B6-9C8480324EAA} = {E8A3F6FA-AE1C-4C8E-A0B6-9C8480324EAA}
	EndProjectSection
EndProject
Project("{8BC9CEB8-8B4A-11D0-8D11-00A0C91BC942}") = "GSWormHoleFilter", "..\OtherLib\GShow\GSFilters\GSWormHoleFilter\GSWormHoleFilter.vcproj", "{C39B2C40-FAF3-4DC3-AF8F-669F84E71C10}"
EndProject
Project("{8BC9CEB8-8B4A-11D0-8D11-00A0C91BC942}") = "GSARTagLayoutFilter", "..\ImProFilters\GSARTagLayoutFilter\GSARTagLayoutFilter.vcproj", "{C109580A-7204-4C73-8761-FDEB2E3A837A}"
	ProjectSection(ProjectDependencies) = postProject
		{2E7808C7-0E39-4110-A942-EE5C39E5D97F} = {2E7808C7-0E39-4110-A942-EE5C39E5D97F}
		{1AA827CA-B7BC-4AD9-9A21-5690ADBAE2E2} = {1AA827CA-B7BC-4AD9-9A21-5690ADBAE2E2}
		{A5F7D9CE-84C2-4894-8701-9D6873A77693} = {A5F7D9CE-84C2-4894-8701-9D6873A77693}
		{191A0FDB-C8D8-4126-9505-A86F12B0E2FA} = {191A0FDB-C8D8-4126-9505-A86F12B0E2FA}
		{E12DD2DD-1805-4994-9E90-BC9D15BC00E7} = {E12DD2DD-1805-4994-9E90-BC9D15BC00E7}
	EndProjectSection
EndProject
Global
	GlobalSection(SolutionConfigurationPlatforms) = preSolution
		Debug|Any CPU = Debug|Any CPU
		Debug|Mixed Platforms = Debug|Mixed Platforms
		Debug|Win32 = Debug|Win32
		Debug|x64 = Debug|x64
		Release|Any CPU = Release|Any CPU
		Release|Mixed Platforms = Release|Mixed Platforms
		Release|Win32 = Release|Win32
		Release|x64 = Release|x64
	EndGlobalSection
	GlobalSection(ProjectConfigurationPlatforms) = postSolution
		{ABBECADB-3740-431A-B9C6-5D7215FC1885}.Debug|Any CPU.ActiveCfg = Debug|Win32
		{ABBECADB-3740-431A-B9C6-5D7215FC1885}.Debug|Mixed Platforms.ActiveCfg = Debug|Win32
		{ABBECADB-3740-431A-B9C6-5D7215FC1885}.Debug|Mixed Platforms.Build.0 = Debug|Win32
		{ABBECADB-3740-431A-B9C6-5D7215FC1885}.Debug|Win32.ActiveCfg = Debug|Win32
		{ABBECADB-3740-431A-B9C6-5D7215FC1885}.Debug|Win32.Build.0 = Debug|Win32
		{ABBECADB-3740-431A-B9C6-5D7215FC1885}.Debug|x64.ActiveCfg = Debug|Win32
		{ABBECADB-3740-431A-B9C6-5D7215FC1885}.Release|Any CPU.ActiveCfg = Release|Win32
		{ABBECADB-3740-431A-B9C6-5D7215FC1885}.Release|Mixed Platforms.ActiveCfg = Release|Win32
		{ABBECADB-3740-431A-B9C6-5D7215FC1885}.Release|Mixed Platforms.Build.0 = Release|Win32
		{ABBECADB-3740-431A-B9C6-5D7215FC1885}.Release|Win32.ActiveCfg = Release|Win32
		{ABBECADB-3740-431A-B9C6-5D7215FC1885}.Release|Win32.Build.0 = Release|Win32
		{ABBECADB-3740-431A-B9C6-5D7215FC1885}.Release|x64.ActiveCfg = Release|Win32
		{AC2F0807-BECA-484D-BBE7-7A2C208FC806}.Debug|Any CPU.ActiveCfg = Debug|Win32
		{AC2F0807-BECA-484D-BBE7-7A2C208FC806}.Debug|Mixed Platforms.ActiveCfg = Debug|Win32
		{AC2F0807-BECA-484D-BBE7-7A2C208FC806}.Debug|Mixed Platforms.Build.0 = Debug|Win32
		{AC2F0807-BECA-484D-BBE7-7A2C208FC806}.Debug|Win32.ActiveCfg = Debug|Win32
		{AC2F0807-BECA-484D-BBE7-7A2C208FC806}.Debug|Win32.Build.0 = Debug|Win32
		{AC2F0807-BECA-484D-BBE7-7A2C208FC806}.Debug|x64.ActiveCfg = Debug|Win32
		{AC2F0807-BECA-484D-BBE7-7A2C208FC806}.Release|Any CPU.ActiveCfg = Release|Win32
		{AC2F0807-BECA-484D-BBE7-7A2C208FC806}.Release|Mixed Platforms.ActiveCfg = Release|Win32
		{AC2F0807-BECA-484D-BBE7-7A2C208FC806}.Release|Mixed Platforms.Build.0 = Release|Win32
		{AC2F0807-BECA-484D-BBE7-7A2C208FC806}.Release|Win32.ActiveCfg = Release|Win32
		{AC2F0807-BECA-484D-BBE7-7A2C208FC806}.Release|Win32.Build.0 = Release|Win32
		{AC2F0807-BECA-484D-BBE7-7A2C208FC806}.Release|x64.ActiveCfg = Release|Win32
		{973EA635-6747-4048-998D-491F65CB89ED}.Debug|Any CPU.ActiveCfg = Debug|Win32
		{973EA635-6747-4048-998D-491F65CB89ED}.Debug|Mixed Platforms.ActiveCfg = Debug|Win32
		{973EA635-6747-4048-998D-491F65CB89ED}.Debug|Mixed Platforms.Build.0 = Debug|Win32
		{973EA635-6747-4048-998D-491F65CB89ED}.Debug|Win32.ActiveCfg = Debug|Win32
		{973EA635-6747-4048-998D-491F65CB89ED}.Debug|Win32.Build.0 = Debug|Win32
		{973EA635-6747-4048-998D-491F65CB89ED}.Debug|x64.ActiveCfg = Debug|Win32
		{973EA635-6747-4048-998D-491F65CB89ED}.Release|Any CPU.ActiveCfg = Release|Win32
		{973EA635-6747-4048-998D-491F65CB89ED}.Release|Mixed Platforms.ActiveCfg = Release|Win32
		{973EA635-6747-4048-998D-491F65CB89ED}.Release|Mixed Platforms.Build.0 = Release|Win32
		{973EA635-6747-4048-998D-491F65CB89ED}.Release|Win32.ActiveCfg = Release|Win32
		{973EA635-6747-4048-998D-491F65CB89ED}.Release|Win32.Build.0 = Release|Win32
		{973EA635-6747-4048-998D-491F65CB89ED}.Release|x64.ActiveCfg = Release|Win32
		{E3CD4918-E499-4EF9-8330-342E4111AE7F}.Debug|Any CPU.ActiveCfg = Debug|Win32
		{E3CD4918-E499-4EF9-8330-342E4111AE7F}.Debug|Mixed Platforms.ActiveCfg = Debug|Win32
		{E3CD4918-E499-4EF9-8330-342E4111AE7F}.Debug|Mixed Platforms.Build.0 = Debug|Win32
		{E3CD4918-E499-4EF9-8330-342E4111AE7F}.Debug|Win32.ActiveCfg = Debug|Win32
		{E3CD4918-E499-4EF9-8330-342E4111AE7F}.Debug|Win32.Build.0 = Debug|Win32
		{E3CD4918-E499-4EF9-8330-342E4111AE7F}.Debug|x64.ActiveCfg = Debug|Win32
		{E3CD4918-E499-4EF9-8330-342E4111AE7F}.Release|Any CPU.ActiveCfg = Release|Win32
		{E3CD4918-E499-4EF9-8330-342E4111AE7F}.Release|Mixed Platforms.ActiveCfg = Release|Win32
		{E3CD4918-E499-4EF9-8330-342E4111AE7F}.Release|Mixed Platforms.Build.0 = Release|Win32
		{E3CD4918-E499-4EF9-8330-342E4111AE7F}.Release|Win32.ActiveCfg = Release|Win32
		{E3CD4918-E499-4EF9-8330-342E4111AE7F}.Release|Win32.Build.0 = Release|Win32
		{E3CD4918-E499-4EF9-8330-342E4111AE7F}.Release|x64.ActiveCfg = Release|Win32
		{C9B814C2-5FA8-4FFE-9A84-9B7ED9D44AEB}.Debug|Any CPU.ActiveCfg = Debug|Win32
		{C9B814C2-5FA8-4FFE-9A84-9B7ED9D44AEB}.Debug|Mixed Platforms.ActiveCfg = Debug|Win32
		{C9B814C2-5FA8-4FFE-9A84-9B7ED9D44AEB}.Debug|Mixed Platforms.Build.0 = Debug|Win32
		{C9B814C2-5FA8-4FFE-9A84-9B7ED9D44AEB}.Debug|Win32.ActiveCfg = Debug|Win32
		{C9B814C2-5FA8-4FFE-9A84-9B7ED9D44AEB}.Debug|Win32.Build.0 = Debug|Win32
		{C9B814C2-5FA8-4FFE-9A84-9B7ED9D44AEB}.Debug|x64.ActiveCfg = Debug|Win32
		{C9B814C2-5FA8-4FFE-9A84-9B7ED9D44AEB}.Release|Any CPU.ActiveCfg = Release|Win32
		{C9B814C2-5FA8-4FFE-9A84-9B7ED9D44AEB}.Release|Mixed Platforms.ActiveCfg = Release|Win32
		{C9B814C2-5FA8-4FFE-9A84-9B7ED9D44AEB}.Release|Mixed Platforms.Build.0 = Release|Win32
		{C9B814C2-5FA8-4FFE-9A84-9B7ED9D44AEB}.Release|Win32.ActiveCfg = Release|Win32
		{C9B814C2-5FA8-4FFE-9A84-9B7ED9D44AEB}.Release|Win32.Build.0 = Release|Win32
		{C9B814C2-5FA8-4FFE-9A84-9B7ED9D44AEB}.Release|x64.ActiveCfg = Release|Win32
		{C0802DB6-EA3A-4615-9B51-F5E8C3EDCA2D}.Debug|Any CPU.ActiveCfg = Debug|Win32
		{C0802DB6-EA3A-4615-9B51-F5E8C3EDCA2D}.Debug|Mixed Platforms.ActiveCfg = Debug|Win32
		{C0802DB6-EA3A-4615-9B51-F5E8C3EDCA2D}.Debug|Mixed Platforms.Build.0 = Debug|Win32
		{C0802DB6-EA3A-4615-9B51-F5E8C3EDCA2D}.Debug|Win32.ActiveCfg = Debug|Win32
		{C0802DB6-EA3A-4615-9B51-F5E8C3EDCA2D}.Debug|Win32.Build.0 = Debug|Win32
		{C0802DB6-EA3A-4615-9B51-F5E8C3EDCA2D}.Debug|x64.ActiveCfg = Debug|Win32
		{C0802DB6-EA3A-4615-9B51-F5E8C3EDCA2D}.Release|Any CPU.ActiveCfg = Release|Win32
		{C0802DB6-EA3A-4615-9B51-F5E8C3EDCA2D}.Release|Mixed Platforms.ActiveCfg = Release|Win32
		{C0802DB6-EA3A-4615-9B51-F5E8C3EDCA2D}.Release|Mixed Platforms.Build.0 = Release|Win32
		{C0802DB6-EA3A-4615-9B51-F5E8C3EDCA2D}.Release|Win32.ActiveCfg = Release|Win32
		{C0802DB6-EA3A-4615-9B51-F5E8C3EDCA2D}.Release|Win32.Build.0 = Release|Win32
		{C0802DB6-EA3A-4615-9B51-F5E8C3EDCA2D}.Release|x64.ActiveCfg = Release|Win32
		{A75AD00A-8438-4813-B39A-7D45F6ACB166}.Debug|Any CPU.ActiveCfg = Debug|Win32
		{A75AD00A-8438-4813-B39A-7D45F6ACB166}.Debug|Mixed Platforms.ActiveCfg = Debug|Win32
		{A75AD00A-8438-4813-B39A-7D45F6ACB166}.Debug|Mixed Platforms.Build.0 = Debug|Win32
		{A75AD00A-8438-4813-B39A-7D45F6ACB166}.Debug|Win32.ActiveCfg = Debug|Win32
		{A75AD00A-8438-4813-B39A-7D45F6ACB166}.Debug|Win32.Build.0 = Debug|Win32
		{A75AD00A-8438-4813-B39A-7D45F6ACB166}.Debug|x64.ActiveCfg = Debug|Win32
		{A75AD00A-8438-4813-B39A-7D45F6ACB166}.Release|Any CPU.ActiveCfg = Release|Win32
		{A75AD00A-8438-4813-B39A-7D45F6ACB166}.Release|Mixed Platforms.ActiveCfg = Release|Win32
		{A75AD00A-8438-4813-B39A-7D45F6ACB166}.Release|Mixed Platforms.Build.0 = Release|Win32
		{A75AD00A-8438-4813-B39A-7D45F6ACB166}.Release|Win32.ActiveCfg = Release|Win32
		{A75AD00A-8438-4813-B39A-7D45F6ACB166}.Release|Win32.Build.0 = Release|Win32
		{A75AD00A-8438-4813-B39A-7D45F6ACB166}.Release|x64.ActiveCfg = Release|Win32
		{77CC54A0-A1F2-40D4-87D7-6BB3B5E83190}.Debug|Any CPU.ActiveCfg = Debug|Win32
		{77CC54A0-A1F2-40D4-87D7-6BB3B5E83190}.Debug|Mixed Platforms.ActiveCfg = Debug|Win32
		{77CC54A0-A1F2-40D4-87D7-6BB3B5E83190}.Debug|Mixed Platforms.Build.0 = Debug|Win32
		{77CC54A0-A1F2-40D4-87D7-6BB3B5E83190}.Debug|Win32.ActiveCfg = Debug|Win32
		{77CC54A0-A1F2-40D4-87D7-6BB3B5E83190}.Debug|Win32.Build.0 = Debug|Win32
		{77CC54A0-A1F2-40D4-87D7-6BB3B5E83190}.Debug|x64.ActiveCfg = Debug|Win32
		{77CC54A0-A1F2-40D4-87D7-6BB3B5E83190}.Release|Any CPU.ActiveCfg = Release|Win32
		{77CC54A0-A1F2-40D4-87D7-6BB3B5E83190}.Release|Mixed Platforms.ActiveCfg = Release|Win32
		{77CC54A0-A1F2-40D4-87D7-6BB3B5E83190}.Release|Mixed Platforms.Build.0 = Release|Win32
		{77CC54A0-A1F2-40D4-87D7-6BB3B5E83190}.Release|Win32.ActiveCfg = Release|Win32
		{77CC54A0-A1F2-40D4-87D7-6BB3B5E83190}.Release|Win32.Build.0 = Release|Win32
		{77CC54A0-A1F2-40D4-87D7-6BB3B5E83190}.Release|x64.ActiveCfg = Release|Win32
		{49A792A8-7A1B-40B6-A299-8D7A8D889E25}.Debug|Any CPU.ActiveCfg = Debug|Win32
		{49A792A8-7A1B-40B6-A299-8D7A8D889E25}.Debug|Mixed Platforms.ActiveCfg = Debug|Win32
		{49A792A8-7A1B-40B6-A299-8D7A8D889E25}.Debug|Mixed Platforms.Build.0 = Debug|Win32
		{49A792A8-7A1B-40B6-A299-8D7A8D889E25}.Debug|Win32.ActiveCfg = Debug|Win32
		{49A792A8-7A1B-40B6-A299-8D7A8D889E25}.Debug|Win32.Build.0 = Debug|Win32
		{49A792A8-7A1B-40B6-A299-8D7A8D889E25}.Debug|x64.ActiveCfg = Debug|Win32
		{49A792A8-7A1B-40B6-A299-8D7A8D889E25}.Release|Any CPU.ActiveCfg = Release|Win32
		{49A792A8-7A1B-40B6-A299-8D7A8D889E25}.Release|Mixed Platforms.ActiveCfg = Release|Win32
		{49A792A8-7A1B-40B6-A299-8D7A8D889E25}.Release|Mixed Platforms.Build.0 = Release|Win32
		{49A792A8-7A1B-40B6-A299-8D7A8D889E25}.Release|Win32.ActiveCfg = Release|Win32
		{49A792A8-7A1B-40B6-A299-8D7A8D889E25}.Release|Win32.Build.0 = Release|Win32
		{49A792A8-7A1B-40B6-A299-8D7A8D889E25}.Release|x64.ActiveCfg = Release|Win32
		{570792BF-0247-4B35-AF10-5725469DBFCE}.Debug|Any CPU.ActiveCfg = Debug|Win32
		{570792BF-0247-4B35-AF10-5725469DBFCE}.Debug|Mixed Platforms.ActiveCfg = Debug|Win32
		{570792BF-0247-4B35-AF10-5725469DBFCE}.Debug|Mixed Platforms.Build.0 = Debug|Win32
		{570792BF-0247-4B35-AF10-5725469DBFCE}.Debug|Win32.ActiveCfg = Debug|Win32
		{570792BF-0247-4B35-AF10-5725469DBFCE}.Debug|Win32.Build.0 = Debug|Win32
		{570792BF-0247-4B35-AF10-5725469DBFCE}.Debug|x64.ActiveCfg = Debug|Win32
		{570792BF-0247-4B35-AF10-5725469DBFCE}.Release|Any CPU.ActiveCfg = Release|Win32
		{570792BF-0247-4B35-AF10-5725469DBFCE}.Release|Mixed Platforms.ActiveCfg = Release|Win32
		{570792BF-0247-4B35-AF10-5725469DBFCE}.Release|Mixed Platforms.Build.0 = Release|Win32
		{570792BF-0247-4B35-AF10-5725469DBFCE}.Release|Win32.ActiveCfg = Release|Win32
		{570792BF-0247-4B35-AF10-5725469DBFCE}.Release|Win32.Build.0 = Release|Win32
		{570792BF-0247-4B35-AF10-5725469DBFCE}.Release|x64.ActiveCfg = Release|Win32
		{49856162-3C85-453E-ADA8-2D9B4549EE01}.Debug|Any CPU.ActiveCfg = Debug|Win32
		{49856162-3C85-453E-ADA8-2D9B4549EE01}.Debug|Mixed Platforms.ActiveCfg = Debug|Win32
		{49856162-3C85-453E-ADA8-2D9B4549EE01}.Debug|Mixed Platforms.Build.0 = Debug|Win32
		{49856162-3C85-453E-ADA8-2D9B4549EE01}.Debug|Win32.ActiveCfg = Debug|Win32
		{49856162-3C85-453E-ADA8-2D9B4549EE01}.Debug|Win32.Build.0 = Debug|Win32
		{49856162-3C85-453E-ADA8-2D9B4549EE01}.Debug|x64.ActiveCfg = Debug|Win32
		{49856162-3C85-453E-ADA8-2D9B4549EE01}.Release|Any CPU.ActiveCfg = Release|Win32
		{49856162-3C85-453E-ADA8-2D9B4549EE01}.Release|Mixed Platforms.ActiveCfg = Release|Win32
		{49856162-3C85-453E-ADA8-2D9B4549EE01}.Release|Mixed Platforms.Build.0 = Release|Win32
		{49856162-3C85-453E-ADA8-2D9B4549EE01}.Release|Win32.ActiveCfg = Release|Win32
		{49856162-3C85-453E-ADA8-2D9B4549EE01}.Release|Win32.Build.0 = Release|Win32
		{49856162-3C85-453E-ADA8-2D9B4549EE01}.Release|x64.ActiveCfg = Release|Win32
		{ED1DE989-2EC3-44C0-ADB6-2FB51DF38A91}.Debug|Any CPU.ActiveCfg = Debug|Win32
		{ED1DE989-2EC3-44C0-ADB6-2FB51DF38A91}.Debug|Mixed Platforms.ActiveCfg = Debug|Win32
		{ED1DE989-2EC3-44C0-ADB6-2FB51DF38A91}.Debug|Mixed Platforms.Build.0 = Debug|Win32
		{ED1DE989-2EC3-44C0-ADB6-2FB51DF38A91}.Debug|Win32.ActiveCfg = Debug|Win32
		{ED1DE989-2EC3-44C0-ADB6-2FB51DF38A91}.Debug|Win32.Build.0 = Debug|Win32
		{ED1DE989-2EC3-44C0-ADB6-2FB51DF38A91}.Debug|x64.ActiveCfg = Debug|Win32
		{ED1DE989-2EC3-44C0-ADB6-2FB51DF38A91}.Release|Any CPU.ActiveCfg = Release|Win32
		{ED1DE989-2EC3-44C0-ADB6-2FB51DF38A91}.Release|Mixed Platforms.ActiveCfg = Release|Win32
		{ED1DE989-2EC3-44C0-ADB6-2FB51DF38A91}.Release|Mixed Platforms.Build.0 = Release|Win32
		{ED1DE989-2EC3-44C0-ADB6-2FB51DF38A91}.Release|Win32.ActiveCfg = Release|Win32
		{ED1DE989-2EC3-44C0-ADB6-2FB51DF38A91}.Release|Win32.Build.0 = Release|Win32
		{ED1DE989-2EC3-44C0-ADB6-2FB51DF38A91}.Release|x64.ActiveCfg = Release|Win32
		{93B5F3DF-3DF1-48E0-A1B6-D6DEBE46F50F}.Debug|Any CPU.ActiveCfg = Debug|Win32
		{93B5F3DF-3DF1-48E0-A1B6-D6DEBE46F50F}.Debug|Mixed Platforms.ActiveCfg = Debug|Win32
		{93B5F3DF-3DF1-48E0-A1B6-D6DEBE46F50F}.Debug|Mixed Platforms.Build.0 = Debug|Win32
		{93B5F3DF-3DF1-48E0-A1B6-D6DEBE46F50F}.Debug|Win32.ActiveCfg = Debug|Win32
		{93B5F3DF-3DF1-48E0-A1B6-D6DEBE46F50F}.Debug|Win32.Build.0 = Debug|Win32
		{93B5F3DF-3DF1-48E0-A1B6-D6DEBE46F50F}.Debug|x64.ActiveCfg = Debug|Win32
		{93B5F3DF-3DF1-48E0-A1B6-D6DEBE46F50F}.Release|Any CPU.ActiveCfg = Release|Win32
		{93B5F3DF-3DF1-48E0-A1B6-D6DEBE46F50F}.Release|Mixed Platforms.ActiveCfg = Release|Win32
		{93B5F3DF-3DF1-48E0-A1B6-D6DEBE46F50F}.Release|Mixed Platforms.Build.0 = Release|Win32
		{93B5F3DF-3DF1-48E0-A1B6-D6DEBE46F50F}.Release|Win32.ActiveCfg = Release|Win32
		{93B5F3DF-3DF1-48E0-A1B6-D6DEBE46F50F}.Release|Win32.Build.0 = Release|Win32
		{93B5F3DF-3DF1-48E0-A1B6-D6DEBE46F50F}.Release|x64.ActiveCfg = Release|Win32
		{74328020-24F7-4AA6-9E64-67E98559D17C}.Debug|Any CPU.ActiveCfg = Debug|Win32
		{74328020-24F7-4AA6-9E64-67E98559D17C}.Debug|Mixed Platforms.ActiveCfg = Debug|Win32
		{74328020-24F7-4AA6-9E64-67E98559D17C}.Debug|Mixed Platforms.Build.0 = Debug|Win32
		{74328020-24F7-4AA6-9E64-67E98559D17C}.Debug|Win32.ActiveCfg = Debug|Win32
		{74328020-24F7-4AA6-9E64-67E98559D17C}.Debug|Win32.Build.0 = Debug|Win32
		{74328020-24F7-4AA6-9E64-67E98559D17C}.Debug|x64.ActiveCfg = Debug|Win32
		{74328020-24F7-4AA6-9E64-67E98559D17C}.Release|Any CPU.ActiveCfg = Release|Win32
		{74328020-24F7-4AA6-9E64-67E98559D17C}.Release|Mixed Platforms.ActiveCfg = Release|Win32
		{74328020-24F7-4AA6-9E64-67E98559D17C}.Release|Mixed Platforms.Build.0 = Release|Win32
		{74328020-24F7-4AA6-9E64-67E98559D17C}.Release|Win32.ActiveCfg = Release|Win32
		{74328020-24F7-4AA6-9E64-67E98559D17C}.Release|Win32.Build.0 = Release|Win32
		{74328020-24F7-4AA6-9E64-67E98559D17C}.Release|x64.ActiveCfg = Release|Win32
		{CDB4B69A-B3CC-4035-902D-3722671F545F}.Debug|Any CPU.ActiveCfg = Debug|Win32
		{CDB4B69A-B3CC-4035-902D-3722671F545F}.Debug|Mixed Platforms.ActiveCfg = Debug|Win32
		{CDB4B69A-B3CC-4035-902D-3722671F545F}.Debug|Mixed Platforms.Build.0 = Debug|Win32
		{CDB4B69A-B3CC-4035-902D-3722671F545F}.Debug|Win32.ActiveCfg = Debug|Win32
		{CDB4B69A-B3CC-4035-902D-3722671F545F}.Debug|Win32.Build.0 = Debug|Win32
		{CDB4B69A-B3CC-4035-902D-3722671F545F}.Debug|x64.ActiveCfg = Debug|Win32
		{CDB4B69A-B3CC-4035-902D-3722671F545F}.Release|Any CPU.ActiveCfg = Release|Win32
		{CDB4B69A-B3CC-4035-902D-3722671F545F}.Release|Mixed Platforms.ActiveCfg = Release|Win32
		{CDB4B69A-B3CC-4035-902D-3722671F545F}.Release|Mixed Platforms.Build.0 = Release|Win32
		{CDB4B69A-B3CC-4035-902D-3722671F545F}.Release|Win32.ActiveCfg = Release|Win32
		{CDB4B69A-B3CC-4035-902D-3722671F545F}.Release|Win32.Build.0 = Release|Win32
		{CDB4B69A-B3CC-4035-902D-3722671F545F}.Release|x64.ActiveCfg = Release|Win32
		{CF7FD852-4774-4068-8FFD-8A4B588EC46D}.Debug|Any CPU.ActiveCfg = Debug|Win32
		{CF7FD852-4774-4068-8FFD-8A4B588EC46D}.Debug|Mixed Platforms.ActiveCfg = Debug|Win32
		{CF7FD852-4774-4068-8FFD-8A4B588EC46D}.Debug|Mixed Platforms.Build.0 = Debug|Win32
		{CF7FD852-4774-4068-8FFD-8A4B588EC46D}.Debug|Win32.ActiveCfg = Debug|Win32
		{CF7FD852-4774-4068-8FFD-8A4B588EC46D}.Debug|Win32.Build.0 = Debug|Win32
		{CF7FD852-4774-4068-8FFD-8A4B588EC46D}.Debug|x64.ActiveCfg = Debug|Win32
		{CF7FD852-4774-4068-8FFD-8A4B588EC46D}.Release|Any CPU.ActiveCfg = Release|Win32
		{CF7FD852-4774-4068-8FFD-8A4B588EC46D}.Release|Mixed Platforms.ActiveCfg = Release|Win32
		{CF7FD852-4774-4068-8FFD-8A4B588EC46D}.Release|Mixed Platforms.Build.0 = Release|Win32
		{CF7FD852-4774-4068-8FFD-8A4B588EC46D}.Release|Win32.ActiveCfg = Release|Win32
		{CF7FD852-4774-4068-8FFD-8A4B588EC46D}.Release|Win32.Build.0 = Release|Win32
		{CF7FD852-4774-4068-8FFD-8A4B588EC46D}.Release|x64.ActiveCfg = Release|Win32
		{049A7630-DC7F-40A9-A579-AABE708E10B4}.Debug|Any CPU.ActiveCfg = Debug|Win32
		{049A7630-DC7F-40A9-A579-AABE708E10B4}.Debug|Mixed Platforms.ActiveCfg = Debug|Win32
		{049A7630-DC7F-40A9-A579-AABE708E10B4}.Debug|Mixed Platforms.Build.0 = Debug|Win32
		{049A7630-DC7F-40A9-A579-AABE708E10B4}.Debug|Win32.ActiveCfg = Debug|Win32
		{049A7630-DC7F-40A9-A579-AABE708E10B4}.Debug|Win32.Build.0 = Debug|Win32
		{049A7630-DC7F-40A9-A579-AABE708E10B4}.Debug|x64.ActiveCfg = Debug|Win32
		{049A7630-DC7F-40A9-A579-AABE708E10B4}.Release|Any CPU.ActiveCfg = Release|Win32
		{049A7630-DC7F-40A9-A579-AABE708E10B4}.Release|Mixed Platforms.ActiveCfg = Release|Win32
		{049A7630-DC7F-40A9-A579-AABE708E10B4}.Release|Mixed Platforms.Build.0 = Release|Win32
		{049A7630-DC7F-40A9-A579-AABE708E10B4}.Release|Win32.ActiveCfg = Release|Win32
		{049A7630-DC7F-40A9-A579-AABE708E10B4}.Release|Win32.Build.0 = Release|Win32
		{049A7630-DC7F-40A9-A579-AABE708E10B4}.Release|x64.ActiveCfg = Release|Win32
		{F08F81DD-6363-4A4E-BA8A-6B3D317F879F}.Debug|Any CPU.ActiveCfg = Debug|Win32
		{F08F81DD-6363-4A4E-BA8A-6B3D317F879F}.Debug|Mixed Platforms.ActiveCfg = Debug|Win32
		{F08F81DD-6363-4A4E-BA8A-6B3D317F879F}.Debug|Mixed Platforms.Build.0 = Debug|Win32
		{F08F81DD-6363-4A4E-BA8A-6B3D317F879F}.Debug|Win32.ActiveCfg = Debug|Win32
		{F08F81DD-6363-4A4E-BA8A-6B3D317F879F}.Debug|Win32.Build.0 = Debug|Win32
		{F08F81DD-6363-4A4E-BA8A-6B3D317F879F}.Debug|x64.ActiveCfg = Debug|Win32
		{F08F81DD-6363-4A4E-BA8A-6B3D317F879F}.Release|Any CPU.ActiveCfg = Release|Win32
		{F08F81DD-6363-4A4E-BA8A-6B3D317F879F}.Release|Mixed Platforms.ActiveCfg = Release|Win32
		{F08F81DD-6363-4A4E-BA8A-6B3D317F879F}.Release|Mixed Platforms.Build.0 = Release|Win32
		{F08F81DD-6363-4A4E-BA8A-6B3D317F879F}.Release|Win32.ActiveCfg = Release|Win32
		{F08F81DD-6363-4A4E-BA8A-6B3D317F879F}.Release|Win32.Build.0 = Release|Win32
		{F08F81DD-6363-4A4E-BA8A-6B3D317F879F}.Release|x64.ActiveCfg = Release|Win32
		{255014C8-CF00-48A8-AE7C-D9AC83F3AE67}.Debug|Any CPU.ActiveCfg = Debug|Win32
		{255014C8-CF00-48A8-AE7C-D9AC83F3AE67}.Debug|Mixed Platforms.ActiveCfg = Debug|Win32
		{255014C8-CF00-48A8-AE7C-D9AC83F3AE67}.Debug|Mixed Platforms.Build.0 = Debug|Win32
		{255014C8-CF00-48A8-AE7C-D9AC83F3AE67}.Debug|Win32.ActiveCfg = Debug|Win32
		{255014C8-CF00-48A8-AE7C-D9AC83F3AE67}.Debug|Win32.Build.0 = Debug|Win32
		{255014C8-CF00-48A8-AE7C-D9AC83F3AE67}.Debug|x64.ActiveCfg = Debug|Win32
		{255014C8-CF00-48A8-AE7C-D9AC83F3AE67}.Release|Any CPU.ActiveCfg = Release|Win32
		{255014C8-CF00-48A8-AE7C-D9AC83F3AE67}.Release|Mixed Platforms.ActiveCfg = Release|Win32
		{255014C8-CF00-48A8-AE7C-D9AC83F3AE67}.Release|Mixed Platforms.Build.0 = Release|Win32
		{255014C8-CF00-48A8-AE7C-D9AC83F3AE67}.Release|Win32.ActiveCfg = Release|Win32
		{255014C8-CF00-48A8-AE7C-D9AC83F3AE67}.Release|Win32.Build.0 = Release|Win32
		{255014C8-CF00-48A8-AE7C-D9AC83F3AE67}.Release|x64.ActiveCfg = Release|Win32
		{4482524B-B02D-4F2A-A8DE-23FA3A552EE7}.Debug|Any CPU.ActiveCfg = Debug|Win32
		{4482524B-B02D-4F2A-A8DE-23FA3A552EE7}.Debug|Mixed Platforms.ActiveCfg = Debug|Win32
		{4482524B-B02D-4F2A-A8DE-23FA3A552EE7}.Debug|Mixed Platforms.Build.0 = Debug|Win32
		{4482524B-B02D-4F2A-A8DE-23FA3A552EE7}.Debug|Win32.ActiveCfg = Debug|Win32
		{4482524B-B02D-4F2A-A8DE-23FA3A552EE7}.Debug|Win32.Build.0 = Debug|Win32
		{4482524B-B02D-4F2A-A8DE-23FA3A552EE7}.Debug|x64.ActiveCfg = Debug|Win32
		{4482524B-B02D-4F2A-A8DE-23FA3A552EE7}.Release|Any CPU.ActiveCfg = Release|Win32
		{4482524B-B02D-4F2A-A8DE-23FA3A552EE7}.Release|Mixed Platforms.ActiveCfg = Release|Win32
		{4482524B-B02D-4F2A-A8DE-23FA3A552EE7}.Release|Mixed Platforms.Build.0 = Release|Win32
		{4482524B-B02D-4F2A-A8DE-23FA3A552EE7}.Release|Win32.ActiveCfg = Release|Win32
		{4482524B-B02D-4F2A-A8DE-23FA3A552EE7}.Release|Win32.Build.0 = Release|Win32
		{4482524B-B02D-4F2A-A8DE-23FA3A552EE7}.Release|x64.ActiveCfg = Release|Win32
		{A0E42261-1BEE-4D23-9179-C69372A7124A}.Debug|Any CPU.ActiveCfg = Debug|Win32
		{A0E42261-1BEE-4D23-9179-C69372A7124A}.Debug|Mixed Platforms.ActiveCfg = Debug|Win32
		{A0E42261-1BEE-4D23-9179-C69372A7124A}.Debug|Mixed Platforms.Build.0 = Debug|Win32
		{A0E42261-1BEE-4D23-9179-C69372A7124A}.Debug|Win32.ActiveCfg = Debug|Win32
		{A0E42261-1BEE-4D23-9179-C69372A7124A}.Debug|Win32.Build.0 = Debug|Win32
		{A0E42261-1BEE-4D23-9179-C69372A7124A}.Debug|x64.ActiveCfg = Debug|Win32
		{A0E42261-1BEE-4D23-9179-C69372A7124A}.Release|Any CPU.ActiveCfg = Release|Win32
		{A0E42261-1BEE-4D23-9179-C69372A7124A}.Release|Mixed Platforms.ActiveCfg = Release|Win32
		{A0E42261-1BEE-4D23-9179-C69372A7124A}.Release|Mixed Platforms.Build.0 = Release|Win32
		{A0E42261-1BEE-4D23-9179-C69372A7124A}.Release|Win32.ActiveCfg = Release|Win32
		{A0E42261-1BEE-4D23-9179-C69372A7124A}.Release|Win32.Build.0 = Release|Win32
		{A0E42261-1BEE-4D23-9179-C69372A7124A}.Release|x64.ActiveCfg = Release|Win32
		{01F9EE37-2812-47E4-8A67-CAA51BC72B81}.Debug|Any CPU.ActiveCfg = Debug|Win32
		{01F9EE37-2812-47E4-8A67-CAA51BC72B81}.Debug|Mixed Platforms.ActiveCfg = Debug|Win32
		{01F9EE37-2812-47E4-8A67-CAA51BC72B81}.Debug|Mixed Platforms.Build.0 = Debug|Win32
		{01F9EE37-2812-47E4-8A67-CAA51BC72B81}.Debug|Win32.ActiveCfg = Debug|Win32
		{01F9EE37-2812-47E4-8A67-CAA51BC72B81}.Debug|Win32.Build.0 = Debug|Win32
		{01F9EE37-2812-47E4-8A67-CAA51BC72B81}.Debug|x64.ActiveCfg = Debug|Win32
		{01F9EE37-2812-47E4-8A67-CAA51BC72B81}.Release|Any CPU.ActiveCfg = Release|Win32
		{01F9EE37-2812-47E4-8A67-CAA51BC72B81}.Release|Mixed Platforms.ActiveCfg = Release|Win32
		{01F9EE37-2812-47E4-8A67-CAA51BC72B81}.Release|Mixed Platforms.Build.0 = Release|Win32
		{01F9EE37-2812-47E4-8A67-CAA51BC72B81}.Release|Win32.ActiveCfg = Release|Win32
		{01F9EE37-2812-47E4-8A67-CAA51BC72B81}.Release|Win32.Build.0 = Release|Win32
		{01F9EE37-2812-47E4-8A67-CAA51BC72B81}.Release|x64.ActiveCfg = Release|Win32
		{1BF93D99-3375-4C0E-BC4C-FDA0F652228D}.Debug|Any CPU.ActiveCfg = Debug|Win32
		{1BF93D99-3375-4C0E-BC4C-FDA0F652228D}.Debug|Mixed Platforms.ActiveCfg = Debug|Win32
		{1BF93D99-3375-4C0E-BC4C-FDA0F652228D}.Debug|Mixed Platforms.Build.0 = Debug|Win32
		{1BF93D99-3375-4C0E-BC4C-FDA0F652228D}.Debug|Win32.ActiveCfg = Debug|Win32
		{1BF93D99-3375-4C0E-BC4C-FDA0F652228D}.Debug|Win32.Build.0 = Debug|Win32
		{1BF93D99-3375-4C0E-BC4C-FDA0F652228D}.Debug|x64.ActiveCfg = Debug|Win32
		{1BF93D99-3375-4C0E-BC4C-FDA0F652228D}.Release|Any CPU.ActiveCfg = Release|Win32
		{1BF93D99-3375-4C0E-BC4C-FDA0F652228D}.Release|Mixed Platforms.ActiveCfg = Release|Win32
		{1BF93D99-3375-4C0E-BC4C-FDA0F652228D}.Release|Mixed Platforms.Build.0 = Release|Win32
		{1BF93D99-3375-4C0E-BC4C-FDA0F652228D}.Release|Win32.ActiveCfg = Release|Win32
		{1BF93D99-3375-4C0E-BC4C-FDA0F652228D}.Release|Win32.Build.0 = Release|Win32
		{1BF93D99-3375-4C0E-BC4C-FDA0F652228D}.Release|x64.ActiveCfg = Release|Win32
		{FD8E9BA2-38A5-4964-A855-950EAFBE750C}.Debug|Any CPU.ActiveCfg = Debug|Win32
		{FD8E9BA2-38A5-4964-A855-950EAFBE750C}.Debug|Mixed Platforms.ActiveCfg = Debug|Win32
		{FD8E9BA2-38A5-4964-A855-950EAFBE750C}.Debug|Mixed Platforms.Build.0 = Debug|Win32
		{FD8E9BA2-38A5-4964-A855-950EAFBE750C}.Debug|Win32.ActiveCfg = Debug|Win32
		{FD8E9BA2-38A5-4964-A855-950EAFBE750C}.Debug|Win32.Build.0 = Debug|Win32
		{FD8E9BA2-38A5-4964-A855-950EAFBE750C}.Debug|x64.ActiveCfg = Debug|Win32
		{FD8E9BA2-38A5-4964-A855-950EAFBE750C}.Release|Any CPU.ActiveCfg = Release|Win32
		{FD8E9BA2-38A5-4964-A855-950EAFBE750C}.Release|Mixed Platforms.ActiveCfg = Release|Win32
		{FD8E9BA2-38A5-4964-A855-950EAFBE750C}.Release|Mixed Platforms.Build.0 = Release|Win32
		{FD8E9BA2-38A5-4964-A855-950EAFBE750C}.Release|Win32.ActiveCfg = Release|Win32
		{FD8E9BA2-38A5-4964-A855-950EAFBE750C}.Release|Win32.Build.0 = Release|Win32
		{FD8E9BA2-38A5-4964-A855-950EAFBE750C}.Release|x64.ActiveCfg = Release|Win32
		{C9B3398F-FE16-4E2E-85D4-FD189A55B74A}.Debug|Any CPU.ActiveCfg = Debug|Win32
		{C9B3398F-FE16-4E2E-85D4-FD189A55B74A}.Debug|Mixed Platforms.ActiveCfg = Debug|Win32
		{C9B3398F-FE16-4E2E-85D4-FD189A55B74A}.Debug|Mixed Platforms.Build.0 = Debug|Win32
		{C9B3398F-FE16-4E2E-85D4-FD189A55B74A}.Debug|Win32.ActiveCfg = Debug|Win32
		{C9B3398F-FE16-4E2E-85D4-FD189A55B74A}.Debug|Win32.Build.0 = Debug|Win32
		{C9B3398F-FE16-4E2E-85D4-FD189A55B74A}.Debug|x64.ActiveCfg = Debug|Win32
		{C9B3398F-FE16-4E2E-85D4-FD189A55B74A}.Release|Any CPU.ActiveCfg = Release|Win32
		{C9B3398F-FE16-4E2E-85D4-FD189A55B74A}.Release|Mixed Platforms.ActiveCfg = Release|Win32
		{C9B3398F-FE16-4E2E-85D4-FD189A55B74A}.Release|Mixed Platforms.Build.0 = Release|Win32
		{C9B3398F-FE16-4E2E-85D4-FD189A55B74A}.Release|Win32.ActiveCfg = Release|Win32
		{C9B3398F-FE16-4E2E-85D4-FD189A55B74A}.Release|Win32.Build.0 = Release|Win32
		{C9B3398F-FE16-4E2E-85D4-FD189A55B74A}.Release|x64.ActiveCfg = Release|Win32
		{036CC920-559B-4782-BE86-30AE89F13ECD}.Debug|Any CPU.ActiveCfg = Debug|Win32
		{036CC920-559B-4782-BE86-30AE89F13ECD}.Debug|Mixed Platforms.ActiveCfg = Debug|Win32
		{036CC920-559B-4782-BE86-30AE89F13ECD}.Debug|Mixed Platforms.Build.0 = Debug|Win32
		{036CC920-559B-4782-BE86-30AE89F13ECD}.Debug|Win32.ActiveCfg = Debug|Win32
		{036CC920-559B-4782-BE86-30AE89F13ECD}.Debug|Win32.Build.0 = Debug|Win32
		{036CC920-559B-4782-BE86-30AE89F13ECD}.Debug|x64.ActiveCfg = Debug|Win32
		{036CC920-559B-4782-BE86-30AE89F13ECD}.Release|Any CPU.ActiveCfg = Release|Win32
		{036CC920-559B-4782-BE86-30AE89F13ECD}.Release|Mixed Platforms.ActiveCfg = Release|Win32
		{036CC920-559B-4782-BE86-30AE89F13ECD}.Release|Mixed Platforms.Build.0 = Release|Win32
		{036CC920-559B-4782-BE86-30AE89F13ECD}.Release|Win32.ActiveCfg = Release|Win32
		{036CC920-559B-4782-BE86-30AE89F13ECD}.Release|Win32.Build.0 = Release|Win32
		{036CC920-559B-4782-BE86-30AE89F13ECD}.Release|x64.ActiveCfg = Release|Win32
		{57D750B5-5887-4B38-AEFF-2D2D04BA66BC}.Debug|Any CPU.ActiveCfg = Debug|Win32
		{57D750B5-5887-4B38-AEFF-2D2D04BA66BC}.Debug|Mixed Platforms.ActiveCfg = Debug|Win32
		{57D750B5-5887-4B38-AEFF-2D2D04BA66BC}.Debug|Mixed Platforms.Build.0 = Debug|Win32
		{57D750B5-5887-4B38-AEFF-2D2D04BA66BC}.Debug|Win32.ActiveCfg = Debug|Win32
		{57D750B5-5887-4B38-AEFF-2D2D04BA66BC}.Debug|Win32.Build.0 = Debug|Win32
		{57D750B5-5887-4B38-AEFF-2D2D04BA66BC}.Debug|x64.ActiveCfg = Debug|Win32
		{57D750B5-5887-4B38-AEFF-2D2D04BA66BC}.Release|Any CPU.ActiveCfg = Release|Win32
		{57D750B5-5887-4B38-AEFF-2D2D04BA66BC}.Release|Mixed Platforms.ActiveCfg = Release|Win32
		{57D750B5-5887-4B38-AEFF-2D2D04BA66BC}.Release|Mixed Platforms.Build.0 = Release|Win32
		{57D750B5-5887-4B38-AEFF-2D2D04BA66BC}.Release|Win32.ActiveCfg = Release|Win32
		{57D750B5-5887-4B38-AEFF-2D2D04BA66BC}.Release|Win32.Build.0 = Release|Win32
		{57D750B5-5887-4B38-AEFF-2D2D04BA66BC}.Release|x64.ActiveCfg = Release|Win32
		{E8A3F6FA-AE1C-4C8E-A0B6-9C8480324EAA}.Debug|Any CPU.ActiveCfg = Debug|x64
		{E8A3F6FA-AE1C-4C8E-A0B6-9C8480324EAA}.Debug|Mixed Platforms.ActiveCfg = Debug|x64
		{E8A3F6FA-AE1C-4C8E-A0B6-9C8480324EAA}.Debug|Mixed Platforms.Build.0 = Debug|x64
		{E8A3F6FA-AE1C-4C8E-A0B6-9C8480324EAA}.Debug|Win32.ActiveCfg = Debug|Win32
		{E8A3F6FA-AE1C-4C8E-A0B6-9C8480324EAA}.Debug|Win32.Build.0 = Debug|Win32
		{E8A3F6FA-AE1C-4C8E-A0B6-9C8480324EAA}.Debug|x64.ActiveCfg = Debug|x64
		{E8A3F6FA-AE1C-4C8E-A0B6-9C8480324EAA}.Debug|x64.Build.0 = Debug|x64
		{E8A3F6FA-AE1C-4C8E-A0B6-9C8480324EAA}.Release|Any CPU.ActiveCfg = Release|x64
		{E8A3F6FA-AE1C-4C8E-A0B6-9C8480324EAA}.Release|Mixed Platforms.ActiveCfg = Release|x64
		{E8A3F6FA-AE1C-4C8E-A0B6-9C8480324EAA}.Release|Mixed Platforms.Build.0 = Release|x64
		{E8A3F6FA-AE1C-4C8E-A0B6-9C8480324EAA}.Release|Win32.ActiveCfg = Release|Win32
		{E8A3F6FA-AE1C-4C8E-A0B6-9C8480324EAA}.Release|Win32.Build.0 = Release|Win32
		{E8A3F6FA-AE1C-4C8E-A0B6-9C8480324EAA}.Release|x64.ActiveCfg = Release|x64
		{E8A3F6FA-AE1C-4C8E-A0B6-9C8480324EAA}.Release|x64.Build.0 = Release|x64
		{E12DD2DD-1805-4994-9E90-BC9D15BC00E7}.Debug|Any CPU.ActiveCfg = Debug|Win32
		{E12DD2DD-1805-4994-9E90-BC9D15BC00E7}.Debug|Mixed Platforms.ActiveCfg = Debug|Win32
		{E12DD2DD-1805-4994-9E90-BC9D15BC00E7}.Debug|Mixed Platforms.Build.0 = Debug|Win32
		{E12DD2DD-1805-4994-9E90-BC9D15BC00E7}.Debug|Win32.ActiveCfg = Debug|Win32
		{E12DD2DD-1805-4994-9E90-BC9D15BC00E7}.Debug|Win32.Build.0 = Debug|Win32
		{E12DD2DD-1805-4994-9E90-BC9D15BC00E7}.Debug|x64.ActiveCfg = Debug|Win32
		{E12DD2DD-1805-4994-9E90-BC9D15BC00E7}.Release|Any CPU.ActiveCfg = Release|Win32
		{E12DD2DD-1805-4994-9E90-BC9D15BC00E7}.Release|Mixed Platforms.ActiveCfg = Release|Win32
		{E12DD2DD-1805-4994-9E90-BC9D15BC00E7}.Release|Mixed Platforms.Build.0 = Release|Win32
		{E12DD2DD-1805-4994-9E90-BC9D15BC00E7}.Release|Win32.ActiveCfg = Release|Win32
		{E12DD2DD-1805-4994-9E90-BC9D15BC00E7}.Release|Win32.Build.0 = Release|Win32
		{E12DD2DD-1805-4994-9E90-BC9D15BC00E7}.Release|x64.ActiveCfg = Release|Win32
		{A5F7D9CE-84C2-4894-8701-9D6873A77693}.Debug|Any CPU.ActiveCfg = Debug|Win32
		{A5F7D9CE-84C2-4894-8701-9D6873A77693}.Debug|Mixed Platforms.ActiveCfg = Debug|Win32
		{A5F7D9CE-84C2-4894-8701-9D6873A77693}.Debug|Mixed Platforms.Build.0 = Debug|Win32
		{A5F7D9CE-84C2-4894-8701-9D6873A77693}.Debug|Win32.ActiveCfg = Debug|Win32
		{A5F7D9CE-84C2-4894-8701-9D6873A77693}.Debug|Win32.Build.0 = Debug|Win32
		{A5F7D9CE-84C2-4894-8701-9D6873A77693}.Debug|x64.ActiveCfg = Debug|Win32
		{A5F7D9CE-84C2-4894-8701-9D6873A77693}.Release|Any CPU.ActiveCfg = Release|Win32
		{A5F7D9CE-84C2-4894-8701-9D6873A77693}.Release|Mixed Platforms.ActiveCfg = Release|Win32
		{A5F7D9CE-84C2-4894-8701-9D6873A77693}.Release|Mixed Platforms.Build.0 = Release|Win32
		{A5F7D9CE-84C2-4894-8701-9D6873A77693}.Release|Win32.ActiveCfg = Release|Win32
		{A5F7D9CE-84C2-4894-8701-9D6873A77693}.Release|Win32.Build.0 = Release|Win32
		{A5F7D9CE-84C2-4894-8701-9D6873A77693}.Release|x64.ActiveCfg = Release|Win32
		{BADBAF0C-14C9-4928-B2AA-96456D035CF2}.Debug|Any CPU.ActiveCfg = Debug|Win32
		{BADBAF0C-14C9-4928-B2AA-96456D035CF2}.Debug|Mixed Platforms.ActiveCfg = Debug|Win32
		{BADBAF0C-14C9-4928-B2AA-96456D035CF2}.Debug|Mixed Platforms.Build.0 = Debug|Win32
		{BADBAF0C-14C9-4928-B2AA-96456D035CF2}.Debug|Win32.ActiveCfg = Debug|Win32
		{BADBAF0C-14C9-4928-B2AA-96456D035CF2}.Debug|Win32.Build.0 = Debug|Win32
		{BADBAF0C-14C9-4928-B2AA-96456D035CF2}.Debug|x64.ActiveCfg = Debug|Win32
		{BADBAF0C-14C9-4928-B2AA-96456D035CF2}.Release|Any CPU.ActiveCfg = Release|Win32
		{BADBAF0C-14C9-4928-B2AA-96456D035CF2}.Release|Mixed Platforms.ActiveCfg = Release|Win32
		{BADBAF0C-14C9-4928-B2AA-96456D035CF2}.Release|Mixed Platforms.Build.0 = Release|Win32
		{BADBAF0C-14C9-4928-B2AA-96456D035CF2}.Release|Win32.ActiveCfg = Release|Win32
		{BADBAF0C-14C9-4928-B2AA-96456D035CF2}.Release|Win32.Build.0 = Release|Win32
		{BADBAF0C-14C9-4928-B2AA-96456D035CF2}.Release|x64.ActiveCfg = Release|Win32
		{75FE25E5-AEAA-427E-8A86-787873251FBF}.Debug|Any CPU.ActiveCfg = Debug|Any CPU
		{75FE25E5-AEAA-427E-8A86-787873251FBF}.Debug|Any CPU.Build.0 = Debug|Any CPU
		{75FE25E5-AEAA-427E-8A86-787873251FBF}.Debug|Mixed Platforms.ActiveCfg = Debug|Any CPU
		{75FE25E5-AEAA-427E-8A86-787873251FBF}.Debug|Mixed Platforms.Build.0 = Debug|Any CPU
		{75FE25E5-AEAA-427E-8A86-787873251FBF}.Debug|Win32.ActiveCfg = Debug|Any CPU
		{75FE25E5-AEAA-427E-8A86-787873251FBF}.Debug|x64.ActiveCfg = Debug|Any CPU
		{75FE25E5-AEAA-427E-8A86-787873251FBF}.Release|Any CPU.ActiveCfg = Release|Any CPU
		{75FE25E5-AEAA-427E-8A86-787873251FBF}.Release|Any CPU.Build.0 = Release|Any CPU
		{75FE25E5-AEAA-427E-8A86-787873251FBF}.Release|Mixed Platforms.ActiveCfg = Release|Any CPU
		{75FE25E5-AEAA-427E-8A86-787873251FBF}.Release|Mixed Platforms.Build.0 = Release|Any CPU
		{75FE25E5-AEAA-427E-8A86-787873251FBF}.Release|Win32.ActiveCfg = Release|Any CPU
		{75FE25E5-AEAA-427E-8A86-787873251FBF}.Release|x64.ActiveCfg = Release|Any CPU
		{550F2B29-794A-481B-80F8-F15251C810EE}.Debug|Any CPU.ActiveCfg = Debug|Win32
		{550F2B29-794A-481B-80F8-F15251C810EE}.Debug|Mixed Platforms.ActiveCfg = Debug|Win32
		{550F2B29-794A-481B-80F8-F15251C810EE}.Debug|Mixed Platforms.Build.0 = Debug|Win32
		{550F2B29-794A-481B-80F8-F15251C810EE}.Debug|Win32.ActiveCfg = Debug|Win32
		{550F2B29-794A-481B-80F8-F15251C810EE}.Debug|Win32.Build.0 = Debug|Win32
		{550F2B29-794A-481B-80F8-F15251C810EE}.Debug|x64.ActiveCfg = Debug|Win32
		{550F2B29-794A-481B-80F8-F15251C810EE}.Release|Any CPU.ActiveCfg = Release|Win32
		{550F2B29-794A-481B-80F8-F15251C810EE}.Release|Mixed Platforms.ActiveCfg = Release|Win32
		{550F2B29-794A-481B-80F8-F15251C810EE}.Release|Mixed Platforms.Build.0 = Release|Win32
		{550F2B29-794A-481B-80F8-F15251C810EE}.Release|Win32.ActiveCfg = Release|Win32
		{550F2B29-794A-481B-80F8-F15251C810EE}.Release|Win32.Build.0 = Release|Win32
		{550F2B29-794A-481B-80F8-F15251C810EE}.Release|x64.ActiveCfg = Release|Win32
		{1AA827CA-B7BC-4AD9-9A21-5690ADBAE2E2}.Debug|Any CPU.ActiveCfg = Debug|Win32
		{1AA827CA-B7BC-4AD9-9A21-5690ADBAE2E2}.Debug|Mixed Platforms.ActiveCfg = Debug|Win32
		{1AA827CA-B7BC-4AD9-9A21-5690ADBAE2E2}.Debug|Mixed Platforms.Build.0 = Debug|Win32
		{1AA827CA-B7BC-4AD9-9A21-5690ADBAE2E2}.Debug|Win32.ActiveCfg = Debug|Win32
		{1AA827CA-B7BC-4AD9-9A21-5690ADBAE2E2}.Debug|Win32.Build.0 = Debug|Win32
		{1AA827CA-B7BC-4AD9-9A21-5690ADBAE2E2}.Debug|x64.ActiveCfg = Debug|Win32
		{1AA827CA-B7BC-4AD9-9A21-5690ADBAE2E2}.Release|Any CPU.ActiveCfg = Release|Win32
		{1AA827CA-B7BC-4AD9-9A21-5690ADBAE2E2}.Release|Mixed Platforms.ActiveCfg = Release|Win32
		{1AA827CA-B7BC-4AD9-9A21-5690ADBAE2E2}.Release|Mixed Platforms.Build.0 = Release|Win32
		{1AA827CA-B7BC-4AD9-9A21-5690ADBAE2E2}.Release|Win32.ActiveCfg = Release|Win32
		{1AA827CA-B7BC-4AD9-9A21-5690ADBAE2E2}.Release|Win32.Build.0 = Release|Win32
		{1AA827CA-B7BC-4AD9-9A21-5690ADBAE2E2}.Release|x64.ActiveCfg = Release|Win32
		{191A0FDB-C8D8-4126-9505-A86F12B0E2FA}.Debug|Any CPU.ActiveCfg = Debug|Win32
		{191A0FDB-C8D8-4126-9505-A86F12B0E2FA}.Debug|Mixed Platforms.ActiveCfg = Debug|Win32
		{191A0FDB-C8D8-4126-9505-A86F12B0E2FA}.Debug|Mixed Platforms.Build.0 = Debug|Win32
		{191A0FDB-C8D8-4126-9505-A86F12B0E2FA}.Debug|Win32.ActiveCfg = Debug|Win32
		{191A0FDB-C8D8-4126-9505-A86F12B0E2FA}.Debug|Win32.Build.0 = Debug|Win32
		{191A0FDB-C8D8-4126-9505-A86F12B0E2FA}.Debug|x64.ActiveCfg = Debug|Win32
		{191A0FDB-C8D8-4126-9505-A86F12B0E2FA}.Release|Any CPU.ActiveCfg = Release|Win32
		{191A0FDB-C8D8-4126-9505-A86F12B0E2FA}.Release|Mixed Platforms.ActiveCfg = Release|Win32
		{191A0FDB-C8D8-4126-9505-A86F12B0E2FA}.Release|Mixed Platforms.Build.0 = Release|Win32
		{191A0FDB-C8D8-4126-9505-A86F12B0E2FA}.Release|Win32.ActiveCfg = Release|Win32
		{191A0FDB-C8D8-4126-9505-A86F12B0E2FA}.Release|Win32.Build.0 = Release|Win32
		{191A0FDB-C8D8-4126-9505-A86F12B0E2FA}.Release|x64.ActiveCfg = Release|Win32
		{2E7808C7-0E39-4110-A942-EE5C39E5D97F}.Debug|Any CPU.ActiveCfg = Debug|Win32
		{2E7808C7-0E39-4110-A942-EE5C39E5D97F}.Debug|Mixed Platforms.ActiveCfg = Debug|Win32
		{2E7808C7-0E39-4110-A942-EE5C39E5D97F}.Debug|Mixed Platforms.Build.0 = Debug|Win32
		{2E7808C7-0E39-4110-A942-EE5C39E5D97F}.Debug|Win32.ActiveCfg = Debug|Win32
		{2E7808C7-0E39-4110-A942-EE5C39E5D97F}.Debug|Win32.Build.0 = Debug|Win32
		{2E7808C7-0E39-4110-A942-EE5C39E5D97F}.Debug|x64.ActiveCfg = Debug|Win32
		{2E7808C7-0E39-4110-A942-EE5C39E5D97F}.Release|Any CPU.ActiveCfg = Release|Win32
		{2E7808C7-0E39-4110-A942-EE5C39E5D97F}.Release|Mixed Platforms.ActiveCfg = Release|Win32
		{2E7808C7-0E39-4110-A942-EE5C39E5D97F}.Release|Mixed Platforms.Build.0 = Release|Win32
		{2E7808C7-0E39-4110-A942-EE5C39E5D97F}.Release|Win32.ActiveCfg = Release|Win32
		{2E7808C7-0E39-4110-A942-EE5C39E5D97F}.Release|Win32.Build.0 = Release|Win32
		{2E7808C7-0E39-4110-A942-EE5C39E5D97F}.Release|x64.ActiveCfg = Release|Win32
		{D806DE10-87EB-44C2-8BB7-B2CA3F34C3D8}.Debug|Any CPU.ActiveCfg = Debug|Win32
		{D806DE10-87EB-44C2-8BB7-B2CA3F34C3D8}.Debug|Mixed Platforms.ActiveCfg = Debug|Win32
		{D806DE10-87EB-44C2-8BB7-B2CA3F34C3D8}.Debug|Mixed Platforms.Build.0 = Debug|Win32
		{D806DE10-87EB-44C2-8BB7-B2CA3F34C3D8}.Debug|Win32.ActiveCfg = Debug|Win32
		{D806DE10-87EB-44C2-8BB7-B2CA3F34C3D8}.Debug|Win32.Build.0 = Debug|Win32
		{D806DE10-87EB-44C2-8BB7-B2CA3F34C3D8}.Debug|x64.ActiveCfg = Debug|Win32
		{D806DE10-87EB-44C2-8BB7-B2CA3F34C3D8}.Release|Any CPU.ActiveCfg = Release|Win32
		{D806DE10-87EB-44C2-8BB7-B2CA3F34C3D8}.Release|Mixed Platforms.ActiveCfg = Release|Win32
		{D806DE10-87EB-44C2-8BB7-B2CA3F34C3D8}.Release|Mixed Platforms.Build.0 = Release|Win32
		{D806DE10-87EB-44C2-8BB7-B2CA3F34C3D8}.Release|Win32.ActiveCfg = Release|Win32
		{D806DE10-87EB-44C2-8BB7-B2CA3F34C3D8}.Release|Win32.Build.0 = Release|Win32
		{D806DE10-87EB-44C2-8BB7-B2CA3F34C3D8}.Release|x64.ActiveCfg = Release|Win32
		{04863F68-9FF2-45F6-90E1-C98BE948D6F1}.Debug|Any CPU.ActiveCfg = Debug|Win32
		{04863F68-9FF2-45F6-90E1-C98BE948D6F1}.Debug|Mixed Platforms.ActiveCfg = Debug|Win32
		{04863F68-9FF2-45F6-90E1-C98BE948D6F1}.Debug|Mixed Platforms.Build.0 = Debug|Win32
		{04863F68-9FF2-45F6-90E1-C98BE948D6F1}.Debug|Win32.ActiveCfg = Debug|Win32
		{04863F68-9FF2-45F6-90E1-C98BE948D6F1}.Debug|Win32.Build.0 = Debug|Win32
		{04863F68-9FF2-45F6-90E1-C98BE948D6F1}.Debug|x64.ActiveCfg = Debug|Win32
		{04863F68-9FF2-45F6-90E1-C98BE948D6F1}.Release|Any CPU.ActiveCfg = Release|Win32
		{04863F68-9FF2-45F6-90E1-C98BE948D6F1}.Release|Mixed Platforms.ActiveCfg = Release|Win32
		{04863F68-9FF2-45F6-90E1-C98BE948D6F1}.Release|Mixed Platforms.Build.0 = Release|Win32
		{04863F68-9FF2-45F6-90E1-C98BE948D6F1}.Release|Win32.ActiveCfg = Release|Win32
		{04863F68-9FF2-45F6-90E1-C98BE948D6F1}.Release|Win32.Build.0 = Release|Win32
		{04863F68-9FF2-45F6-90E1-C98BE948D6F1}.Release|x64.ActiveCfg = Release|Win32
		{12FC4514-495A-4D6B-8236-293786B21144}.Debug|Any CPU.ActiveCfg = Debug|Win32
		{12FC4514-495A-4D6B-8236-293786B21144}.Debug|Mixed Platforms.ActiveCfg = Debug|Win32
		{12FC4514-495A-4D6B-8236-293786B21144}.Debug|Mixed Platforms.Build.0 = Debug|Win32
		{12FC4514-495A-4D6B-8236-293786B21144}.Debug|Win32.ActiveCfg = Debug|Win32
		{12FC4514-495A-4D6B-8236-293786B21144}.Debug|Win32.Build.0 = Debug|Win32
		{12FC4514-495A-4D6B-8236-293786B21144}.Debug|x64.ActiveCfg = Debug|Win32
		{12FC4514-495A-4D6B-8236-293786B21144}.Release|Any CPU.ActiveCfg = Release|Win32
		{12FC4514-495A-4D6B-8236-293786B21144}.Release|Mixed Platforms.ActiveCfg = Release|Win32
		{12FC4514-495A-4D6B-8236-293786B21144}.Release|Mixed Platforms.Build.0 = Release|Win32
		{12FC4514-495A-4D6B-8236-293786B21144}.Release|Win32.ActiveCfg = Release|Win32
		{12FC4514-495A-4D6B-8236-293786B21144}.Release|Win32.Build.0 = Release|Win32
		{12FC4514-495A-4D6B-8236-293786B21144}.Release|x64.ActiveCfg = Release|Win32
		{0748EA0D-E479-4B8A-918E-ED0EE6238602}.Debug|Any CPU.ActiveCfg = Debug|Win32
		{0748EA0D-E479-4B8A-918E-ED0EE6238602}.Debug|Mixed Platforms.ActiveCfg = Debug|Win32
		{0748EA0D-E479-4B8A-918E-ED0EE6238602}.Debug|Mixed Platforms.Build.0 = Debug|Win32
		{0748EA0D-E479-4B8A-918E-ED0EE6238602}.Debug|Win32.ActiveCfg = Debug|Win32
		{0748EA0D-E479-4B8A-918E-ED0EE6238602}.Debug|Win32.Build.0 = Debug|Win32
		{0748EA0D-E479-4B8A-918E-ED0EE6238602}.Debug|x64.ActiveCfg = Debug|Win32
		{0748EA0D-E479-4B8A-918E-ED0EE6238602}.Release|Any CPU.ActiveCfg = Release|Win32
		{0748EA0D-E479-4B8A-918E-ED0EE6238602}.Release|Mixed Platforms.ActiveCfg = Release|Win32
		{0748EA0D-E479-4B8A-918E-ED0EE6238602}.Release|Mixed Platforms.Build.0 = Release|Win32
		{0748EA0D-E479-4B8A-918E-ED0EE6238602}.Release|Win32.ActiveCfg = Release|Win32
		{0748EA0D-E479-4B8A-918E-ED0EE6238602}.Release|Win32.Build.0 = Release|Win32
		{0748EA0D-E479-4B8A-918E-ED0EE6238602}.Release|x64.ActiveCfg = Release|Win32
		{D912EED2-AA08-42CE-A48A-674D0676EF41}.Debug|Any CPU.ActiveCfg = Debug|Win32
		{D912EED2-AA08-42CE-A48A-674D0676EF41}.Debug|Mixed Platforms.ActiveCfg = Debug|Win32
		{D912EED2-AA08-42CE-A48A-674D0676EF41}.Debug|Mixed Platforms.Build.0 = Debug|Win32
		{D912EED2-AA08-42CE-A48A-674D0676EF41}.Debug|Win32.ActiveCfg = Debug|Win32
		{D912EED2-AA08-42CE-A48A-674D0676EF41}.Debug|Win32.Build.0 = Debug|Win32
		{D912EED2-AA08-42CE-A48A-674D0676EF41}.Debug|x64.ActiveCfg = Debug|Win32
		{D912EED2-AA08-42CE-A48A-674D0676EF41}.Release|Any CPU.ActiveCfg = Release|Win32
		{D912EED2-AA08-42CE-A48A-674D0676EF41}.Release|Mixed Platforms.ActiveCfg = Release|Win32
		{D912EED2-AA08-42CE-A48A-674D0676EF41}.Release|Mixed Platforms.Build.0 = Release|Win32
		{D912EED2-AA08-42CE-A48A-674D0676EF41}.Release|Win32.ActiveCfg = Release|Win32
		{D912EED2-AA08-42CE-A48A-674D0676EF41}.Release|Win32.Build.0 = Release|Win32
		{D912EED2-AA08-42CE-A48A-674D0676EF41}.Release|x64.ActiveCfg = Release|Win32
		{DA5009BC-C52C-44CE-84D3-F0C58E7FBFA0}.Debug|Any CPU.ActiveCfg = Debug|Win32
		{DA5009BC-C52C-44CE-84D3-F0C58E7FBFA0}.Debug|Mixed Platforms.ActiveCfg = Debug|Win32
		{DA5009BC-C52C-44CE-84D3-F0C58E7FBFA0}.Debug|Mixed Platforms.Build.0 = Debug|Win32
		{DA5009BC-C52C-44CE-84D3-F0C58E7FBFA0}.Debug|Win32.ActiveCfg = Debug|Win32
		{DA5009BC-C52C-44CE-84D3-F0C58E7FBFA0}.Debug|Win32.Build.0 = Debug|Win32
		{DA5009BC-C52C-44CE-84D3-F0C58E7FBFA0}.Debug|x64.ActiveCfg = Debug|Win32
		{DA5009BC-C52C-44CE-84D3-F0C58E7FBFA0}.Release|Any CPU.ActiveCfg = Release|Win32
		{DA5009BC-C52C-44CE-84D3-F0C58E7FBFA0}.Release|Mixed Platforms.ActiveCfg = Release|Win32
		{DA5009BC-C52C-44CE-84D3-F0C58E7FBFA0}.Release|Mixed Platforms.Build.0 = Release|Win32
		{DA5009BC-C52C-44CE-84D3-F0C58E7FBFA0}.Release|Win32.ActiveCfg = Release|Win32
		{DA5009BC-C52C-44CE-84D3-F0C58E7FBFA0}.Release|Win32.Build.0 = Release|Win32
		{DA5009BC-C52C-44CE-84D3-F0C58E7FBFA0}.Release|x64.ActiveCfg = Release|Win32
		{1138B16D-1BA2-4FC3-BA91-B86F54DFB922}.Debug|Any CPU.ActiveCfg = Debug|Win32
		{1138B16D-1BA2-4FC3-BA91-B86F54DFB922}.Debug|Mixed Platforms.ActiveCfg = Debug|Win32
		{1138B16D-1BA2-4FC3-BA91-B86F54DFB922}.Debug|Mixed Platforms.Build.0 = Debug|Win32
		{1138B16D-1BA2-4FC3-BA91-B86F54DFB922}.Debug|Win32.ActiveCfg = Debug|Win32
		{1138B16D-1BA2-4FC3-BA91-B86F54DFB922}.Debug|Win32.Build.0 = Debug|Win32
		{1138B16D-1BA2-4FC3-BA91-B86F54DFB922}.Debug|x64.ActiveCfg = Debug|Win32
		{1138B16D-1BA2-4FC3-BA91-B86F54DFB922}.Release|Any CPU.ActiveCfg = Release|Win32
		{1138B16D-1BA2-4FC3-BA91-B86F54DFB922}.Release|Mixed Platforms.ActiveCfg = Release|Win32
		{1138B16D-1BA2-4FC3-BA91-B86F54DFB922}.Release|Mixed Platforms.Build.0 = Release|Win32
		{1138B16D-1BA2-4FC3-BA91-B86F54DFB922}.Release|Win32.ActiveCfg = Release|Win32
		{1138B16D-1BA2-4FC3-BA91-B86F54DFB922}.Release|Win32.Build.0 = Release|Win32
		{1138B16D-1BA2-4FC3-BA91-B86F54DFB922}.Release|x64.ActiveCfg = Release|Win32
		{DF460EAB-570D-4B50-9089-2E2FC801BF38}.Debug|Any CPU.ActiveCfg = Debug|x64
		{DF460EAB-570D-4B50-9089-2E2FC801BF38}.Debug|Mixed Platforms.ActiveCfg = Debug|x64
		{DF460EAB-570D-4B50-9089-2E2FC801BF38}.Debug|Mixed Platforms.Build.0 = Debug|x64
		{DF460EAB-570D-4B50-9089-2E2FC801BF38}.Debug|Win32.ActiveCfg = Debug|Win32
		{DF460EAB-570D-4B50-9089-2E2FC801BF38}.Debug|Win32.Build.0 = Debug|Win32
		{DF460EAB-570D-4B50-9089-2E2FC801BF38}.Debug|x64.ActiveCfg = Debug|x64
		{DF460EAB-570D-4B50-9089-2E2FC801BF38}.Debug|x64.Build.0 = Debug|x64
		{DF460EAB-570D-4B50-9089-2E2FC801BF38}.Release|Any CPU.ActiveCfg = Release|x64
		{DF460EAB-570D-4B50-9089-2E2FC801BF38}.Release|Mixed Platforms.ActiveCfg = Release|x64
		{DF460EAB-570D-4B50-9089-2E2FC801BF38}.Release|Mixed Platforms.Build.0 = Release|x64
		{DF460EAB-570D-4B50-9089-2E2FC801BF38}.Release|Win32.ActiveCfg = Release|Win32
		{DF460EAB-570D-4B50-9089-2E2FC801BF38}.Release|Win32.Build.0 = Release|Win32
		{DF460EAB-570D-4B50-9089-2E2FC801BF38}.Release|x64.ActiveCfg = Release|x64
		{DF460EAB-570D-4B50-9089-2E2FC801BF38}.Release|x64.Build.0 = Release|x64
		{83E53489-2998-467F-ACCC-0B11A640E5C6}.Debug|Any CPU.ActiveCfg = Debug|Win32
		{83E53489-2998-467F-ACCC-0B11A640E5C6}.Debug|Mixed Platforms.ActiveCfg = Debug|Win32
		{83E53489-2998-467F-ACCC-0B11A640E5C6}.Debug|Mixed Platforms.Build.0 = Debug|Win32
		{83E53489-2998-467F-ACCC-0B11A640E5C6}.Debug|Win32.ActiveCfg = Debug|Win32
		{83E53489-2998-467F-ACCC-0B11A640E5C6}.Debug|Win32.Build.0 = Debug|Win32
		{83E53489-2998-467F-ACCC-0B11A640E5C6}.Debug|x64.ActiveCfg = Debug|Win32
		{83E53489-2998-467F-ACCC-0B11A640E5C6}.Release|Any CPU.ActiveCfg = Release|Win32
		{83E53489-2998-467F-ACCC-0B11A640E5C6}.Release|Mixed Platforms.ActiveCfg = Release|Win32
		{83E53489-2998-467F-ACCC-0B11A640E5C6}.Release|Mixed Platforms.Build.0 = Release|Win32
		{83E53489-2998-467F-ACCC-0B11A640E5C6}.Release|Win32.ActiveCfg = Release|Win32
		{83E53489-2998-467F-ACCC-0B11A640E5C6}.Release|Win32.Build.0 = Release|Win32
		{83E53489-2998-467F-ACCC-0B11A640E5C6}.Release|x64.ActiveCfg = Release|Win32
		{EB016082-2587-45F0-96D0-5576951723DC}.Debug|Any CPU.ActiveCfg = Debug|Win32
		{EB016082-2587-45F0-96D0-5576951723DC}.Debug|Mixed Platforms.ActiveCfg = Debug|Win32
		{EB016082-2587-45F0-96D0-5576951723DC}.Debug|Mixed Platforms.Build.0 = Debug|Win32
		{EB016082-2587-45F0-96D0-5576951723DC}.Debug|Win32.ActiveCfg = Debug|Win32
		{EB016082-2587-45F0-96D0-5576951723DC}.Debug|Win32.Build.0 = Debug|Win32
		{EB016082-2587-45F0-96D0-5576951723DC}.Debug|x64.ActiveCfg = Debug|Win32
		{EB016082-2587-45F0-96D0-5576951723DC}.Release|Any CPU.ActiveCfg = Release|Win32
		{EB016082-2587-45F0-96D0-5576951723DC}.Release|Mixed Platforms.ActiveCfg = Release|Win32
		{EB016082-2587-45F0-96D0-5576951723DC}.Release|Mixed Platforms.Build.0 = Release|Win32
		{EB016082-2587-45F0-96D0-5576951723DC}.Release|Win32.ActiveCfg = Release|Win32
		{EB016082-2587-45F0-96D0-5576951723DC}.Release|Win32.Build.0 = Release|Win32
		{EB016082-2587-45F0-96D0-5576951723DC}.Release|x64.ActiveCfg = Release|Win32
		{C39B2C40-FAF3-4DC3-AF8F-669F84E71C10}.Debug|Any CPU.ActiveCfg = Debug|Win32
		{C39B2C40-FAF3-4DC3-AF8F-669F84E71C10}.Debug|Mixed Platforms.ActiveCfg = Debug|Win32
		{C39B2C40-FAF3-4DC3-AF8F-669F84E71C10}.Debug|Mixed Platforms.Build.0 = Debug|Win32
		{C39B2C40-FAF3-4DC3-AF8F-669F84E71C10}.Debug|Win32.ActiveCfg = Debug|Win32
		{C39B2C40-FAF3-4DC3-AF8F-669F84E71C10}.Debug|Win32.Build.0 = Debug|Win32
		{C39B2C40-FAF3-4DC3-AF8F-669F84E71C10}.Debug|x64.ActiveCfg = Debug|Win32
		{C39B2C40-FAF3-4DC3-AF8F-669F84E71C10}.Release|Any CPU.ActiveCfg = Release|Win32
		{C39B2C40-FAF3-4DC3-AF8F-669F84E71C10}.Release|Mixed Platforms.ActiveCfg = Release|Win32
		{C39B2C40-FAF3-4DC3-AF8F-669F84E71C10}.Release|Mixed Platforms.Build.0 = Release|Win32
		{C39B2C40-FAF3-4DC3-AF8F-669F84E71C10}.Release|Win32.ActiveCfg = Release|Win32
		{C39B2C40-FAF3-4DC3-AF8F-669F84E71C10}.Release|Win32.Build.0 = Release|Win32
		{C39B2C40-FAF3-4DC3-AF8F-669F84E71C10}.Release|x64.ActiveCfg = Release|Win32
		{C109580A-7204-4C73-8761-FDEB2E3A837A}.Debug|Any CPU.ActiveCfg = Debug|Win32
		{C109580A-7204-4C73-8761-FDEB2E3A837A}.Debug|Mixed Platforms.ActiveCfg = Debug|Win32
		{C109580A-7204-4C73-8761-FDEB2E3A837A}.Debug|Mixed Platforms.Build.0 = Debug|Win32
		{C109580A-7204-4C73-8761-FDEB2E3A837A}.Debug|Win32.ActiveCfg = Debug|Win32
		{C109580A-7204-4C73-8761-FDEB2E3A837A}.Debug|Win32.Build.0 = Debug|Win32
		{C109580A-7204-4C73-8761-FDEB2E3A837A}.Debug|x64.ActiveCfg = Debug|Win32
		{C109580A-7204-4C73-8761-FDEB2E3A837A}.Release|Any CPU.ActiveCfg = Release|Win32
		{C109580A-7204-4C73-8761-FDEB2E3A837A}.Release|Mixed Platforms.ActiveCfg = Release|Win32
		{C109580A-7204-4C73-8761-FDEB2E3A837A}.Release|Mixed Platforms.Build.0 = Release|Win32
		{C109580A-7204-4C73-8761-FDEB2E3A837A}.Release|Win32.ActiveCfg = Release|Win32
		{C109580A-7204-4C73-8761-FDEB2E3A837A}.Release|Win32.Build.0 = Release|Win32
		{C109580A-7204-4C73-8761-FDEB2E3A837A}.Release|x64.ActiveCfg = Release|Win32
	EndGlobalSection
	GlobalSection(SolutionProperties) = preSolution
		HideSolutionNode = FALSE
	EndGlobalSection
	GlobalSection(NestedProjects) = preSolution
		{77CC54A0-A1F2-40D4-87D7-6BB3B5E83190} = {8600EA73-E741-4ACE-A3AD-D159B0CC0C61}
		{49A792A8-7A1B-40B6-A299-8D7A8D889E25} = {8600EA73-E741-4ACE-A3AD-D159B0CC0C61}
		{570792BF-0247-4B35-AF10-5725469DBFCE} = {8600EA73-E741-4ACE-A3AD-D159B0CC0C61}
		{49856162-3C85-453E-ADA8-2D9B4549EE01} = {8600EA73-E741-4ACE-A3AD-D159B0CC0C61}
		{ED1DE989-2EC3-44C0-ADB6-2FB51DF38A91} = {8600EA73-E741-4ACE-A3AD-D159B0CC0C61}
		{93B5F3DF-3DF1-48E0-A1B6-D6DEBE46F50F} = {8600EA73-E741-4ACE-A3AD-D159B0CC0C61}
		{74328020-24F7-4AA6-9E64-67E98559D17C} = {8600EA73-E741-4ACE-A3AD-D159B0CC0C61}
		{CDB4B69A-B3CC-4035-902D-3722671F545F} = {8600EA73-E741-4ACE-A3AD-D159B0CC0C61}
		{CF7FD852-4774-4068-8FFD-8A4B588EC46D} = {8600EA73-E741-4ACE-A3AD-D159B0CC0C61}
		{049A7630-DC7F-40A9-A579-AABE708E10B4} = {8600EA73-E741-4ACE-A3AD-D159B0CC0C61}
		{F08F81DD-6363-4A4E-BA8A-6B3D317F879F} = {8600EA73-E741-4ACE-A3AD-D159B0CC0C61}
		{255014C8-CF00-48A8-AE7C-D9AC83F3AE67} = {8600EA73-E741-4ACE-A3AD-D159B0CC0C61}
		{1BF93D99-3375-4C0E-BC4C-FDA0F652228D} = {8600EA73-E741-4ACE-A3AD-D159B0CC0C61}
		{FD8E9BA2-38A5-4964-A855-950EAFBE750C} = {8600EA73-E741-4ACE-A3AD-D159B0CC0C61}
		{C9B3398F-FE16-4E2E-85D4-FD189A55B74A} = {8600EA73-E741-4ACE-A3AD-D159B0CC0C61}
		{036CC920-559B-4782-BE86-30AE89F13ECD} = {8600EA73-E741-4ACE-A3AD-D159B0CC0C61}
		{EB016082-2587-45F0-96D0-5576951723DC} = {8600EA73-E741-4ACE-A3AD-D159B0CC0C61}
		{C109580A-7204-4C73-8761-FDEB2E3A837A} = {8600EA73-E741-4ACE-A3AD-D159B0CC0C61}
		{ABBECADB-3740-431A-B9C6-5D7215FC1885} = {733F1380-ED5B-4335-ADD4-C2101162E18A}
		{AC2F0807-BECA-484D-BBE7-7A2C208FC806} = {733F1380-ED5B-4335-ADD4-C2101162E18A}
		{973EA635-6747-4048-998D-491F65CB89ED} = {733F1380-ED5B-4335-ADD4-C2101162E18A}
		{E3CD4918-E499-4EF9-8330-342E4111AE7F} = {733F1380-ED5B-4335-ADD4-C2101162E18A}
		{C9B814C2-5FA8-4FFE-9A84-9B7ED9D44AEB} = {733F1380-ED5B-4335-ADD4-C2101162E18A}
		{C0802DB6-EA3A-4615-9B51-F5E8C3EDCA2D} = {733F1380-ED5B-4335-ADD4-C2101162E18A}
		{4482524B-B02D-4F2A-A8DE-23FA3A552EE7} = {49711099-A248-47DE-9C0E-B2744E6FB694}
		{A0E42261-1BEE-4D23-9179-C69372A7124A} = {49711099-A248-47DE-9C0E-B2744E6FB694}
		{01F9EE37-2812-47E4-8A67-CAA51BC72B81} = {49711099-A248-47DE-9C0E-B2744E6FB694}
		{57D750B5-5887-4B38-AEFF-2D2D04BA66BC} = {49711099-A248-47DE-9C0E-B2744E6FB694}
		{A75AD00A-8438-4813-B39A-7D45F6ACB166} = {83DBF138-62A1-4843-8CF5-7ADB833B0260}
		{E622FF41-C892-4E95-B403-E7EF4B5E4C26} = {FE21EB15-192C-4668-BE5C-59178F95BE51}
		{3BF731FF-39B3-486E-AE58-A6F5129BA232} = {FE21EB15-192C-4668-BE5C-59178F95BE51}
		{E8A3F6FA-AE1C-4C8E-A0B6-9C8480324EAA} = {E622FF41-C892-4E95-B403-E7EF4B5E4C26}
		{E12DD2DD-1805-4994-9E90-BC9D15BC00E7} = {E622FF41-C892-4E95-B403-E7EF4B5E4C26}
		{A5F7D9CE-84C2-4894-8701-9D6873A77693} = {E622FF41-C892-4E95-B403-E7EF4B5E4C26}
		{BADBAF0C-14C9-4928-B2AA-96456D035CF2} = {E622FF41-C892-4E95-B403-E7EF4B5E4C26}
		{75FE25E5-AEAA-427E-8A86-787873251FBF} = {E622FF41-C892-4E95-B403-E7EF4B5E4C26}
		{550F2B29-794A-481B-80F8-F15251C810EE} = {E622FF41-C892-4E95-B403-E7EF4B5E4C26}
		{1AA827CA-B7BC-4AD9-9A21-5690ADBAE2E2} = {E622FF41-C892-4E95-B403-E7EF4B5E4C26}
		{191A0FDB-C8D8-4126-9505-A86F12B0E2FA} = {E622FF41-C892-4E95-B403-E7EF4B5E4C26}
		{2E7808C7-0E39-4110-A942-EE5C39E5D97F} = {E622FF41-C892-4E95-B403-E7EF4B5E4C26}
		{DF460EAB-570D-4B50-9089-2E2FC801BF38} = {E622FF41-C892-4E95-B403-E7EF4B5E4C26}
		{83E53489-2998-467F-ACCC-0B11A640E5C6} = {E622FF41-C892-4E95-B403-E7EF4B5E4C26}
		{D806DE10-87EB-44C2-8BB7-B2CA3F34C3D8} = {3BF731FF-39B3-486E-AE58-A6F5129BA232}
		{04863F68-9FF2-45F6-90E1-C98BE948D6F1} = {3BF731FF-39B3-486E-AE58-A6F5129BA232}
		{12FC4514-495A-4D6B-8236-293786B21144} = {3BF731FF-39B3-486E-AE58-A6F5129BA232}
		{0748EA0D-E479-4B8A-918E-ED0EE6238602} = {3BF731FF-39B3-486E-AE58-A6F5129BA232}
		{D912EED2-AA08-42CE-A48A-674D0676EF41} = {3BF731FF-39B3-486E-AE58-A6F5129BA232}
		{DA5009BC-C52C-44CE-84D3-F0C58E7FBFA0} = {3BF731FF-39B3-486E-AE58-A6F5129BA232}
		{1138B16D-1BA2-4FC3-BA91-B86F54DFB922} = {3BF731FF-39B3-486E-AE58-A6F5129BA232}
		{C39B2C40-FAF3-4DC3-AF8F-669F84E71C10} = {3BF731FF-39B3-486E-AE58-A6F5129BA232}
	EndGlobalSection
EndGlobal
