
Microsoft Visual Studio Solution File, Format Version 10.00
# Visual Studio 2008
Project("{2150E333-8FDC-42A3-9474-1A3956D46DE8}") = "ImPro Filter", "ImPro Filter", "{8600EA73-E741-4ACE-A3AD-D159B0CC0C61}"
EndProject
Project("{2150E333-8FDC-42A3-9474-1A3956D46DE8}") = "BaseClass", "BaseClass", "{733F1380-ED5B-4335-ADD4-C2101162E18A}"
EndProject
Project("{2150E333-8FDC-42A3-9474-1A3956D46DE8}") = "App", "App", "{49711099-A248-47DE-9C0E-B2744E6FB694}"
EndProject
Project("{2150E333-8FDC-42A3-9474-1A3956D46DE8}") = "Other Module", "Other Module", "{83DBF138-62A1-4843-8CF5-7ADB833B0260}"
EndProject
Project("{8BC9CEB8-8B4A-11D0-8D11-00A0C91BC942}") = "commonLib", "..\ImProBaseClass\commonLib\commonLib.vcproj", "{ABBECADB-3740-431A-B9C6-5D7215FC1885}"
EndProject
Project("{8BC9CEB8-8B4A-11D0-8D11-00A0C91BC942}") = "CMFCBasePropertyPage", "..\ImProBaseClass\CMFCBasePropertyPage\CMFCBasePropertyPage.vcproj", "{AC2F0807-BECA-484D-BBE7-7A2C208FC806}"
EndProject
Project("{8BC9CEB8-8B4A-11D0-8D11-00A0C91BC942}") = "CMuxTransformFilter", "..\ImProBaseClass\CMuxTransformFilter\CMuxTransformFilter.vcproj", "{973EA635-6747-4048-998D-491F65CB89ED}"
EndProject
Project("{8BC9CEB8-8B4A-11D0-8D11-00A0C91BC942}") = "DSBaseClass", "..\ImProBaseClass\DSBaseClass\DSAppClasses.vcproj", "{E3CD4918-E499-4EF9-8330-342E4111AE7F}"
EndProject
Project("{8BC9CEB8-8B4A-11D0-8D11-00A0C91BC942}") = "MSD3DLib", "..\ImProBaseClass\MSD3DLib\MSD3DLib.vcproj", "{C9B814C2-5FA8-4FFE-9A84-9B7ED9D44AEB}"
EndProject
Project("{8BC9CEB8-8B4A-11D0-8D11-00A0C91BC942}") = "MSPersist", "..\ImProBaseClass\MSPersist\MSPersist.vcproj", "{C0802DB6-EA3A-4615-9B51-F5E8C3EDCA2D}"
	ProjectSection(ProjectDependencies) = postProject
		{AC2F0807-BECA-484D-BBE7-7A2C208FC806} = {AC2F0807-BECA-484D-BBE7-7A2C208FC806}
		{973EA635-6747-4048-998D-491F65CB89ED} = {973EA635-6747-4048-998D-491F65CB89ED}
	EndProjectSection
EndProject
Project("{8BC9CEB8-8B4A-11D0-8D11-00A0C91BC942}") = "OSCSender", "..\OtherLib\OSCSender\OSCSender.vcproj", "{A75AD00A-8438-4813-B39A-7D45F6ACB166}"
EndProject
Project("{8BC9CEB8-8B4A-11D0-8D11-00A0C91BC942}") = "BGMappingFilter", "..\ImProFilters\BGMappingFilter\BGMappingFilter.vcproj", "{77CC54A0-A1F2-40D4-87D7-6BB3B5E83190}"
	ProjectSection(ProjectDependencies) = postProject
		{AC2F0807-BECA-484D-BBE7-7A2C208FC806} = {AC2F0807-BECA-484D-BBE7-7A2C208FC806}
		{973EA635-6747-4048-998D-491F65CB89ED} = {973EA635-6747-4048-998D-491F65CB89ED}
		{C9B814C2-5FA8-4FFE-9A84-9B7ED9D44AEB} = {C9B814C2-5FA8-4FFE-9A84-9B7ED9D44AEB}
		{ABBECADB-3740-431A-B9C6-5D7215FC1885} = {ABBECADB-3740-431A-B9C6-5D7215FC1885}
	EndProjectSection
EndProject
Project("{8BC9CEB8-8B4A-11D0-8D11-00A0C91BC942}") = "DXBlendFilter", "..\ImProFilters\DXBlendFilter\DXBlendFilter.vcproj", "{49A792A8-7A1B-40B6-A299-8D7A8D889E25}"
	ProjectSection(ProjectDependencies) = postProject
		{AC2F0807-BECA-484D-BBE7-7A2C208FC806} = {AC2F0807-BECA-484D-BBE7-7A2C208FC806}
		{973EA635-6747-4048-998D-491F65CB89ED} = {973EA635-6747-4048-998D-491F65CB89ED}
		{C0802DB6-EA3A-4615-9B51-F5E8C3EDCA2D} = {C0802DB6-EA3A-4615-9B51-F5E8C3EDCA2D}
		{C9B814C2-5FA8-4FFE-9A84-9B7ED9D44AEB} = {C9B814C2-5FA8-4FFE-9A84-9B7ED9D44AEB}
		{ABBECADB-3740-431A-B9C6-5D7215FC1885} = {ABBECADB-3740-431A-B9C6-5D7215FC1885}
	EndProjectSection
EndProject
Project("{8BC9CEB8-8B4A-11D0-8D11-00A0C91BC942}") = "DXRenderer", "..\ImProFilters\DXRender\DXRender.vcproj", "{570792BF-0247-4B35-AF10-5725469DBFCE}"
	ProjectSection(ProjectDependencies) = postProject
		{AC2F0807-BECA-484D-BBE7-7A2C208FC806} = {AC2F0807-BECA-484D-BBE7-7A2C208FC806}
		{973EA635-6747-4048-998D-491F65CB89ED} = {973EA635-6747-4048-998D-491F65CB89ED}
		{C0802DB6-EA3A-4615-9B51-F5E8C3EDCA2D} = {C0802DB6-EA3A-4615-9B51-F5E8C3EDCA2D}
		{C9B814C2-5FA8-4FFE-9A84-9B7ED9D44AEB} = {C9B814C2-5FA8-4FFE-9A84-9B7ED9D44AEB}
	EndProjectSection
EndProject
Project("{8BC9CEB8-8B4A-11D0-8D11-00A0C91BC942}") = "HomoWarpFilter", "..\ImProFilters\HomoWarpFilter\HomoWarpFilter.vcproj", "{49856162-3C85-453E-ADA8-2D9B4549EE01}"
	ProjectSection(ProjectDependencies) = postProject
		{AC2F0807-BECA-484D-BBE7-7A2C208FC806} = {AC2F0807-BECA-484D-BBE7-7A2C208FC806}
		{973EA635-6747-4048-998D-491F65CB89ED} = {973EA635-6747-4048-998D-491F65CB89ED}
		{C0802DB6-EA3A-4615-9B51-F5E8C3EDCA2D} = {C0802DB6-EA3A-4615-9B51-F5E8C3EDCA2D}
		{C9B814C2-5FA8-4FFE-9A84-9B7ED9D44AEB} = {C9B814C2-5FA8-4FFE-9A84-9B7ED9D44AEB}
		{ABBECADB-3740-431A-B9C6-5D7215FC1885} = {ABBECADB-3740-431A-B9C6-5D7215FC1885}
	EndProjectSection
EndProject
Project("{8BC9CEB8-8B4A-11D0-8D11-00A0C91BC942}") = "HookDrawingFilter", "..\ImProFilters\HookDrawingFilter\HookDrawingFilter.vcproj", "{ED1DE989-2EC3-44C0-ADB6-2FB51DF38A91}"
	ProjectSection(ProjectDependencies) = postProject
		{AC2F0807-BECA-484D-BBE7-7A2C208FC806} = {AC2F0807-BECA-484D-BBE7-7A2C208FC806}
		{973EA635-6747-4048-998D-491F65CB89ED} = {973EA635-6747-4048-998D-491F65CB89ED}
		{C0802DB6-EA3A-4615-9B51-F5E8C3EDCA2D} = {C0802DB6-EA3A-4615-9B51-F5E8C3EDCA2D}
		{C9B814C2-5FA8-4FFE-9A84-9B7ED9D44AEB} = {C9B814C2-5FA8-4FFE-9A84-9B7ED9D44AEB}
		{ABBECADB-3740-431A-B9C6-5D7215FC1885} = {ABBECADB-3740-431A-B9C6-5D7215FC1885}
		{93B5F3DF-3DF1-48E0-A1B6-D6DEBE46F50F} = {93B5F3DF-3DF1-48E0-A1B6-D6DEBE46F50F}
	EndProjectSection
EndProject
Project("{8BC9CEB8-8B4A-11D0-8D11-00A0C91BC942}") = "HookInject", "..\ImProFilters\HookInject\HookInject.vcproj", "{93B5F3DF-3DF1-48E0-A1B6-D6DEBE46F50F}"
EndProject
Project("{8BC9CEB8-8B4A-11D0-8D11-00A0C91BC942}") = "MaskFilter", "..\ImProFilters\MaskFilter\MaskFilter.vcproj", "{74328020-24F7-4AA6-9E64-67E98559D17C}"
	ProjectSection(ProjectDependencies) = postProject
		{AC2F0807-BECA-484D-BBE7-7A2C208FC806} = {AC2F0807-BECA-484D-BBE7-7A2C208FC806}
		{973EA635-6747-4048-998D-491F65CB89ED} = {973EA635-6747-4048-998D-491F65CB89ED}
		{C0802DB6-EA3A-4615-9B51-F5E8C3EDCA2D} = {C0802DB6-EA3A-4615-9B51-F5E8C3EDCA2D}
		{C9B814C2-5FA8-4FFE-9A84-9B7ED9D44AEB} = {C9B814C2-5FA8-4FFE-9A84-9B7ED9D44AEB}
	EndProjectSection
EndProject
Project("{8BC9CEB8-8B4A-11D0-8D11-00A0C91BC942}") = "ProjectSettingFilter", "..\ImProFilters\ProjectSettingFilter\ProjectSettingFilter.vcproj", "{CDB4B69A-B3CC-4035-902D-3722671F545F}"
	ProjectSection(ProjectDependencies) = postProject
		{AC2F0807-BECA-484D-BBE7-7A2C208FC806} = {AC2F0807-BECA-484D-BBE7-7A2C208FC806}
		{973EA635-6747-4048-998D-491F65CB89ED} = {973EA635-6747-4048-998D-491F65CB89ED}
		{C0802DB6-EA3A-4615-9B51-F5E8C3EDCA2D} = {C0802DB6-EA3A-4615-9B51-F5E8C3EDCA2D}
	EndProjectSection
EndProject
Project("{8BC9CEB8-8B4A-11D0-8D11-00A0C91BC942}") = "SplitterFilter", "..\ImProFilters\SplitterFilter\SplitterFilter.vcproj", "{CF7FD852-4774-4068-8FFD-8A4B588EC46D}"
	ProjectSection(ProjectDependencies) = postProject
		{AC2F0807-BECA-484D-BBE7-7A2C208FC806} = {AC2F0807-BECA-484D-BBE7-7A2C208FC806}
		{973EA635-6747-4048-998D-491F65CB89ED} = {973EA635-6747-4048-998D-491F65CB89ED}
	EndProjectSection
EndProject
Project("{8BC9CEB8-8B4A-11D0-8D11-00A0C91BC942}") = "SyncFilter", "..\ImProFilters\SyncFilter\SyncFilter.vcproj", "{049A7630-DC7F-40A9-A579-AABE708E10B4}"
	ProjectSection(ProjectDependencies) = postProject
		{AC2F0807-BECA-484D-BBE7-7A2C208FC806} = {AC2F0807-BECA-484D-BBE7-7A2C208FC806}
		{973EA635-6747-4048-998D-491F65CB89ED} = {973EA635-6747-4048-998D-491F65CB89ED}
		{C9B814C2-5FA8-4FFE-9A84-9B7ED9D44AEB} = {C9B814C2-5FA8-4FFE-9A84-9B7ED9D44AEB}
	EndProjectSection
EndProject
Project("{8BC9CEB8-8B4A-11D0-8D11-00A0C91BC942}") = "TouchLibFilter", "..\ImProFilters\TouchLibFilter\TouchLibFilter.vcproj", "{F08F81DD-6363-4A4E-BA8A-6B3D317F879F}"
	ProjectSection(ProjectDependencies) = postProject
		{AC2F0807-BECA-484D-BBE7-7A2C208FC806} = {AC2F0807-BECA-484D-BBE7-7A2C208FC806}
		{A75AD00A-8438-4813-B39A-7D45F6ACB166} = {A75AD00A-8438-4813-B39A-7D45F6ACB166}
		{973EA635-6747-4048-998D-491F65CB89ED} = {973EA635-6747-4048-998D-491F65CB89ED}
		{C0802DB6-EA3A-4615-9B51-F5E8C3EDCA2D} = {C0802DB6-EA3A-4615-9B51-F5E8C3EDCA2D}
		{C9B814C2-5FA8-4FFE-9A84-9B7ED9D44AEB} = {C9B814C2-5FA8-4FFE-9A84-9B7ED9D44AEB}
		{ABBECADB-3740-431A-B9C6-5D7215FC1885} = {ABBECADB-3740-431A-B9C6-5D7215FC1885}
	EndProjectSection
EndProject
Project("{8BC9CEB8-8B4A-11D0-8D11-00A0C91BC942}") = "ARToolKitPlus", "..\ImProFilters\ARToolKitPlus_2.1.1\build\VS.NET\ARToolKitPlus.vcproj", "{255014C8-CF00-48A8-AE7C-D9AC83F3AE67}"
EndProject
Project("{8BC9CEB8-8B4A-11D0-8D11-00A0C91BC942}") = "ARLayoutCaptureApp", "..\ImProApps\ARLayoutCaptureApp\ARLayoutCaptureApp.vcproj", "{4482524B-B02D-4F2A-A8DE-23FA3A552EE7}"
	ProjectSection(ProjectDependencies) = postProject
		{E3CD4918-E499-4EF9-8330-342E4111AE7F} = {E3CD4918-E499-4EF9-8330-342E4111AE7F}
	EndProjectSection
EndProject
Project("{8BC9CEB8-8B4A-11D0-8D11-00A0C91BC942}") = "ARTagApp", "..\ImProApps\ARTagApp\ImProClientMFCApp.vcproj", "{A0E42261-1BEE-4D23-9179-C69372A7124A}"
	ProjectSection(ProjectDependencies) = postProject
		{E3CD4918-E499-4EF9-8330-342E4111AE7F} = {E3CD4918-E499-4EF9-8330-342E4111AE7F}
	EndProjectSection
EndProject
Project("{8BC9CEB8-8B4A-11D0-8D11-00A0C91BC942}") = "google earth", "..\ImProApps\ImGoogleEarthSln\google earth\google earth.vcproj", "{01F9EE37-2812-47E4-8A67-CAA51BC72B81}"
	ProjectSection(ProjectDependencies) = postProject
		{E3CD4918-E499-4EF9-8330-342E4111AE7F} = {E3CD4918-E499-4EF9-8330-342E4111AE7F}
	EndProjectSection
EndProject
Project("{8BC9CEB8-8B4A-11D0-8D11-00A0C91BC942}") = "AR2WarpController", "..\ImProFilters\AR2WarpController\AR2WarpController.vcproj", "{1BF93D99-3375-4C0E-BC4C-FDA0F652228D}"
EndProject
Project("{8BC9CEB8-8B4A-11D0-8D11-00A0C91BC942}") = "ARLayoutFilter", "..\ImProFilters\ArLayoutFilter\MyTestFilter.vcproj", "{FD8E9BA2-38A5-4964-A855-950EAFBE750C}"
EndProject
Project("{8BC9CEB8-8B4A-11D0-8D11-00A0C91BC942}") = "ARTagFilter", "..\ImProFilters\ARTagFilter\ARTagFilter.vcproj", "{C9B3398F-FE16-4E2E-85D4-FD189A55B74A}"
EndProject
Project("{8BC9CEB8-8B4A-11D0-8D11-00A0C91BC942}") = "GSFrameCaptureFilter", "GSFrameCaptureFilter\GSFrameCaptureFilter.vcproj", "{036CC920-559B-4782-BE86-30AE89F13ECD}"
EndProject
Global
	GlobalSection(SolutionConfigurationPlatforms) = preSolution
		Debug|Win32 = Debug|Win32
		Debug|x64 = Debug|x64
		Release|Win32 = Release|Win32
		Release|x64 = Release|x64
	EndGlobalSection
	GlobalSection(ProjectConfigurationPlatforms) = postSolution
		{ABBECADB-3740-431A-B9C6-5D7215FC1885}.Debug|Win32.ActiveCfg = Debug|Win32
		{ABBECADB-3740-431A-B9C6-5D7215FC1885}.Debug|Win32.Build.0 = Debug|Win32
		{ABBECADB-3740-431A-B9C6-5D7215FC1885}.Debug|x64.ActiveCfg = Debug|Win32
		{ABBECADB-3740-431A-B9C6-5D7215FC1885}.Release|Win32.ActiveCfg = Release|Win32
		{ABBECADB-3740-431A-B9C6-5D7215FC1885}.Release|Win32.Build.0 = Release|Win32
		{ABBECADB-3740-431A-B9C6-5D7215FC1885}.Release|x64.ActiveCfg = Release|Win32
		{AC2F0807-BECA-484D-BBE7-7A2C208FC806}.Debug|Win32.ActiveCfg = Debug|Win32
		{AC2F0807-BECA-484D-BBE7-7A2C208FC806}.Debug|Win32.Build.0 = Debug|Win32
		{AC2F0807-BECA-484D-BBE7-7A2C208FC806}.Debug|x64.ActiveCfg = Debug|Win32
		{AC2F0807-BECA-484D-BBE7-7A2C208FC806}.Release|Win32.ActiveCfg = Release|Win32
		{AC2F0807-BECA-484D-BBE7-7A2C208FC806}.Release|Win32.Build.0 = Release|Win32
		{AC2F0807-BECA-484D-BBE7-7A2C208FC806}.Release|x64.ActiveCfg = Release|Win32
		{973EA635-6747-4048-998D-491F65CB89ED}.Debug|Win32.ActiveCfg = Debug|Win32
		{973EA635-6747-4048-998D-491F65CB89ED}.Debug|Win32.Build.0 = Debug|Win32
		{973EA635-6747-4048-998D-491F65CB89ED}.Debug|x64.ActiveCfg = Debug|Win32
		{973EA635-6747-4048-998D-491F65CB89ED}.Release|Win32.ActiveCfg = Release|Win32
		{973EA635-6747-4048-998D-491F65CB89ED}.Release|Win32.Build.0 = Release|Win32
		{973EA635-6747-4048-998D-491F65CB89ED}.Release|x64.ActiveCfg = Release|Win32
		{E3CD4918-E499-4EF9-8330-342E4111AE7F}.Debug|Win32.ActiveCfg = Debug|Win32
		{E3CD4918-E499-4EF9-8330-342E4111AE7F}.Debug|Win32.Build.0 = Debug|Win32
		{E3CD4918-E499-4EF9-8330-342E4111AE7F}.Debug|x64.ActiveCfg = Debug|Win32
		{E3CD4918-E499-4EF9-8330-342E4111AE7F}.Release|Win32.ActiveCfg = Release|Win32
		{E3CD4918-E499-4EF9-8330-342E4111AE7F}.Release|Win32.Build.0 = Release|Win32
		{E3CD4918-E499-4EF9-8330-342E4111AE7F}.Release|x64.ActiveCfg = Release|Win32
		{C9B814C2-5FA8-4FFE-9A84-9B7ED9D44AEB}.Debug|Win32.ActiveCfg = Debug|Win32
		{C9B814C2-5FA8-4FFE-9A84-9B7ED9D44AEB}.Debug|Win32.Build.0 = Debug|Win32
		{C9B814C2-5FA8-4FFE-9A84-9B7ED9D44AEB}.Debug|x64.ActiveCfg = Debug|Win32
		{C9B814C2-5FA8-4FFE-9A84-9B7ED9D44AEB}.Release|Win32.ActiveCfg = Release|Win32
		{C9B814C2-5FA8-4FFE-9A84-9B7ED9D44AEB}.Release|Win32.Build.0 = Release|Win32
		{C9B814C2-5FA8-4FFE-9A84-9B7ED9D44AEB}.Release|x64.ActiveCfg = Release|Win32
		{C0802DB6-EA3A-4615-9B51-F5E8C3EDCA2D}.Debug|Win32.ActiveCfg = Debug|Win32
		{C0802DB6-EA3A-4615-9B51-F5E8C3EDCA2D}.Debug|Win32.Build.0 = Debug|Win32
		{C0802DB6-EA3A-4615-9B51-F5E8C3EDCA2D}.Debug|x64.ActiveCfg = Debug|Win32
		{C0802DB6-EA3A-4615-9B51-F5E8C3EDCA2D}.Release|Win32.ActiveCfg = Release|Win32
		{C0802DB6-EA3A-4615-9B51-F5E8C3EDCA2D}.Release|Win32.Build.0 = Release|Win32
		{C0802DB6-EA3A-4615-9B51-F5E8C3EDCA2D}.Release|x64.ActiveCfg = Release|Win32
		{A75AD00A-8438-4813-B39A-7D45F6ACB166}.Debug|Win32.ActiveCfg = Debug|Win32
		{A75AD00A-8438-4813-B39A-7D45F6ACB166}.Debug|Win32.Build.0 = Debug|Win32
		{A75AD00A-8438-4813-B39A-7D45F6ACB166}.Debug|x64.ActiveCfg = Debug|Win32
		{A75AD00A-8438-4813-B39A-7D45F6ACB166}.Release|Win32.ActiveCfg = Release|Win32
		{A75AD00A-8438-4813-B39A-7D45F6ACB166}.Release|Win32.Build.0 = Release|Win32
		{A75AD00A-8438-4813-B39A-7D45F6ACB166}.Release|x64.ActiveCfg = Release|Win32
		{77CC54A0-A1F2-40D4-87D7-6BB3B5E83190}.Debug|Win32.ActiveCfg = Debug|Win32
		{77CC54A0-A1F2-40D4-87D7-6BB3B5E83190}.Debug|Win32.Build.0 = Debug|Win32
		{77CC54A0-A1F2-40D4-87D7-6BB3B5E83190}.Debug|x64.ActiveCfg = Debug|Win32
		{77CC54A0-A1F2-40D4-87D7-6BB3B5E83190}.Release|Win32.ActiveCfg = Release|Win32
		{77CC54A0-A1F2-40D4-87D7-6BB3B5E83190}.Release|Win32.Build.0 = Release|Win32
		{77CC54A0-A1F2-40D4-87D7-6BB3B5E83190}.Release|x64.ActiveCfg = Release|Win32
		{49A792A8-7A1B-40B6-A299-8D7A8D889E25}.Debug|Win32.ActiveCfg = Debug|Win32
		{49A792A8-7A1B-40B6-A299-8D7A8D889E25}.Debug|Win32.Build.0 = Debug|Win32
		{49A792A8-7A1B-40B6-A299-8D7A8D889E25}.Debug|x64.ActiveCfg = Debug|Win32
		{49A792A8-7A1B-40B6-A299-8D7A8D889E25}.Release|Win32.ActiveCfg = Release|Win32
		{49A792A8-7A1B-40B6-A299-8D7A8D889E25}.Release|Win32.Build.0 = Release|Win32
		{49A792A8-7A1B-40B6-A299-8D7A8D889E25}.Release|x64.ActiveCfg = Release|Win32
		{570792BF-0247-4B35-AF10-5725469DBFCE}.Debug|Win32.ActiveCfg = Debug|Win32
		{570792BF-0247-4B35-AF10-5725469DBFCE}.Debug|Win32.Build.0 = Debug|Win32
		{570792BF-0247-4B35-AF10-5725469DBFCE}.Debug|x64.ActiveCfg = Debug|Win32
		{570792BF-0247-4B35-AF10-5725469DBFCE}.Release|Win32.ActiveCfg = Release|Win32
		{570792BF-0247-4B35-AF10-5725469DBFCE}.Release|Win32.Build.0 = Release|Win32
		{570792BF-0247-4B35-AF10-5725469DBFCE}.Release|x64.ActiveCfg = Release|Win32
		{49856162-3C85-453E-ADA8-2D9B4549EE01}.Debug|Win32.ActiveCfg = Debug|Win32
		{49856162-3C85-453E-ADA8-2D9B4549EE01}.Debug|Win32.Build.0 = Debug|Win32
		{49856162-3C85-453E-ADA8-2D9B4549EE01}.Debug|x64.ActiveCfg = Debug|Win32
		{49856162-3C85-453E-ADA8-2D9B4549EE01}.Release|Win32.ActiveCfg = Release|Win32
		{49856162-3C85-453E-ADA8-2D9B4549EE01}.Release|Win32.Build.0 = Release|Win32
		{49856162-3C85-453E-ADA8-2D9B4549EE01}.Release|x64.ActiveCfg = Release|Win32
		{ED1DE989-2EC3-44C0-ADB6-2FB51DF38A91}.Debug|Win32.ActiveCfg = Debug|Win32
		{ED1DE989-2EC3-44C0-ADB6-2FB51DF38A91}.Debug|Win32.Build.0 = Debug|Win32
		{ED1DE989-2EC3-44C0-ADB6-2FB51DF38A91}.Debug|x64.ActiveCfg = Debug|Win32
		{ED1DE989-2EC3-44C0-ADB6-2FB51DF38A91}.Release|Win32.ActiveCfg = Release|Win32
		{ED1DE989-2EC3-44C0-ADB6-2FB51DF38A91}.Release|Win32.Build.0 = Release|Win32
		{ED1DE989-2EC3-44C0-ADB6-2FB51DF38A91}.Release|x64.ActiveCfg = Release|Win32
		{93B5F3DF-3DF1-48E0-A1B6-D6DEBE46F50F}.Debug|Win32.ActiveCfg = Debug|Win32
		{93B5F3DF-3DF1-48E0-A1B6-D6DEBE46F50F}.Debug|Win32.Build.0 = Debug|Win32
		{93B5F3DF-3DF1-48E0-A1B6-D6DEBE46F50F}.Debug|x64.ActiveCfg = Debug|Win32
		{93B5F3DF-3DF1-48E0-A1B6-D6DEBE46F50F}.Release|Win32.ActiveCfg = Release|Win32
		{93B5F3DF-3DF1-48E0-A1B6-D6DEBE46F50F}.Release|Win32.Build.0 = Release|Win32
		{93B5F3DF-3DF1-48E0-A1B6-D6DEBE46F50F}.Release|x64.ActiveCfg = Release|Win32
		{74328020-24F7-4AA6-9E64-67E98559D17C}.Debug|Win32.ActiveCfg = Debug|Win32
		{74328020-24F7-4AA6-9E64-67E98559D17C}.Debug|Win32.Build.0 = Debug|Win32
		{74328020-24F7-4AA6-9E64-67E98559D17C}.Debug|x64.ActiveCfg = Debug|Win32
		{74328020-24F7-4AA6-9E64-67E98559D17C}.Release|Win32.ActiveCfg = Release|Win32
		{74328020-24F7-4AA6-9E64-67E98559D17C}.Release|Win32.Build.0 = Release|Win32
		{74328020-24F7-4AA6-9E64-67E98559D17C}.Release|x64.ActiveCfg = Release|Win32
		{CDB4B69A-B3CC-4035-902D-3722671F545F}.Debug|Win32.ActiveCfg = Debug|Win32
		{CDB4B69A-B3CC-4035-902D-3722671F545F}.Debug|Win32.Build.0 = Debug|Win32
		{CDB4B69A-B3CC-4035-902D-3722671F545F}.Debug|x64.ActiveCfg = Debug|Win32
		{CDB4B69A-B3CC-4035-902D-3722671F545F}.Release|Win32.ActiveCfg = Release|Win32
		{CDB4B69A-B3CC-4035-902D-3722671F545F}.Release|Win32.Build.0 = Release|Win32
		{CDB4B69A-B3CC-4035-902D-3722671F545F}.Release|x64.ActiveCfg = Release|Win32
		{CF7FD852-4774-4068-8FFD-8A4B588EC46D}.Debug|Win32.ActiveCfg = Debug|Win32
		{CF7FD852-4774-4068-8FFD-8A4B588EC46D}.Debug|Win32.Build.0 = Debug|Win32
		{CF7FD852-4774-4068-8FFD-8A4B588EC46D}.Debug|x64.ActiveCfg = Debug|Win32
		{CF7FD852-4774-4068-8FFD-8A4B588EC46D}.Release|Win32.ActiveCfg = Release|Win32
		{CF7FD852-4774-4068-8FFD-8A4B588EC46D}.Release|Win32.Build.0 = Release|Win32
		{CF7FD852-4774-4068-8FFD-8A4B588EC46D}.Release|x64.ActiveCfg = Release|Win32
		{049A7630-DC7F-40A9-A579-AABE708E10B4}.Debug|Win32.ActiveCfg = Debug|Win32
		{049A7630-DC7F-40A9-A579-AABE708E10B4}.Debug|Win32.Build.0 = Debug|Win32
		{049A7630-DC7F-40A9-A579-AABE708E10B4}.Debug|x64.ActiveCfg = Debug|Win32
		{049A7630-DC7F-40A9-A579-AABE708E10B4}.Release|Win32.ActiveCfg = Release|Win32
		{049A7630-DC7F-40A9-A579-AABE708E10B4}.Release|Win32.Build.0 = Release|Win32
		{049A7630-DC7F-40A9-A579-AABE708E10B4}.Release|x64.ActiveCfg = Release|Win32
		{F08F81DD-6363-4A4E-BA8A-6B3D317F879F}.Debug|Win32.ActiveCfg = Debug|Win32
		{F08F81DD-6363-4A4E-BA8A-6B3D317F879F}.Debug|Win32.Build.0 = Debug|Win32
		{F08F81DD-6363-4A4E-BA8A-6B3D317F879F}.Debug|x64.ActiveCfg = Debug|Win32
		{F08F81DD-6363-4A4E-BA8A-6B3D317F879F}.Release|Win32.ActiveCfg = Release|Win32
		{F08F81DD-6363-4A4E-BA8A-6B3D317F879F}.Release|Win32.Build.0 = Release|Win32
		{F08F81DD-6363-4A4E-BA8A-6B3D317F879F}.Release|x64.ActiveCfg = Release|Win32
		{255014C8-CF00-48A8-AE7C-D9AC83F3AE67}.Debug|Win32.ActiveCfg = Debug|Win32
		{255014C8-CF00-48A8-AE7C-D9AC83F3AE67}.Debug|Win32.Build.0 = Debug|Win32
		{255014C8-CF00-48A8-AE7C-D9AC83F3AE67}.Debug|x64.ActiveCfg = Debug|Win32
		{255014C8-CF00-48A8-AE7C-D9AC83F3AE67}.Release|Win32.ActiveCfg = Release|Win32
		{255014C8-CF00-48A8-AE7C-D9AC83F3AE67}.Release|Win32.Build.0 = Release|Win32
		{255014C8-CF00-48A8-AE7C-D9AC83F3AE67}.Release|x64.ActiveCfg = Release|Win32
		{4482524B-B02D-4F2A-A8DE-23FA3A552EE7}.Debug|Win32.ActiveCfg = Debug|Win32
		{4482524B-B02D-4F2A-A8DE-23FA3A552EE7}.Debug|Win32.Build.0 = Debug|Win32
		{4482524B-B02D-4F2A-A8DE-23FA3A552EE7}.Debug|x64.ActiveCfg = Debug|Win32
		{4482524B-B02D-4F2A-A8DE-23FA3A552EE7}.Release|Win32.ActiveCfg = Release|Win32
		{4482524B-B02D-4F2A-A8DE-23FA3A552EE7}.Release|Win32.Build.0 = Release|Win32
		{4482524B-B02D-4F2A-A8DE-23FA3A552EE7}.Release|x64.ActiveCfg = Release|Win32
		{A0E42261-1BEE-4D23-9179-C69372A7124A}.Debug|Win32.ActiveCfg = Debug|Win32
		{A0E42261-1BEE-4D23-9179-C69372A7124A}.Debug|Win32.Build.0 = Debug|Win32
		{A0E42261-1BEE-4D23-9179-C69372A7124A}.Debug|x64.ActiveCfg = Debug|Win32
		{A0E42261-1BEE-4D23-9179-C69372A7124A}.Release|Win32.ActiveCfg = Release|Win32
		{A0E42261-1BEE-4D23-9179-C69372A7124A}.Release|Win32.Build.0 = Release|Win32
		{A0E42261-1BEE-4D23-9179-C69372A7124A}.Release|x64.ActiveCfg = Release|Win32
		{01F9EE37-2812-47E4-8A67-CAA51BC72B81}.Debug|Win32.ActiveCfg = Debug|Win32
		{01F9EE37-2812-47E4-8A67-CAA51BC72B81}.Debug|Win32.Build.0 = Debug|Win32
		{01F9EE37-2812-47E4-8A67-CAA51BC72B81}.Debug|x64.ActiveCfg = Debug|Win32
		{01F9EE37-2812-47E4-8A67-CAA51BC72B81}.Release|Win32.ActiveCfg = Release|Win32
		{01F9EE37-2812-47E4-8A67-CAA51BC72B81}.Release|Win32.Build.0 = Release|Win32
		{01F9EE37-2812-47E4-8A67-CAA51BC72B81}.Release|x64.ActiveCfg = Release|Win32
		{1BF93D99-3375-4C0E-BC4C-FDA0F652228D}.Debug|Win32.ActiveCfg = Debug|Win32
		{1BF93D99-3375-4C0E-BC4C-FDA0F652228D}.Debug|Win32.Build.0 = Debug|Win32
		{1BF93D99-3375-4C0E-BC4C-FDA0F652228D}.Debug|x64.ActiveCfg = Debug|Win32
		{1BF93D99-3375-4C0E-BC4C-FDA0F652228D}.Release|Win32.ActiveCfg = Release|Win32
		{1BF93D99-3375-4C0E-BC4C-FDA0F652228D}.Release|Win32.Build.0 = Release|Win32
		{1BF93D99-3375-4C0E-BC4C-FDA0F652228D}.Release|x64.ActiveCfg = Release|Win32
		{FD8E9BA2-38A5-4964-A855-950EAFBE750C}.Debug|Win32.ActiveCfg = Debug|Win32
		{FD8E9BA2-38A5-4964-A855-950EAFBE750C}.Debug|Win32.Build.0 = Debug|Win32
		{FD8E9BA2-38A5-4964-A855-950EAFBE750C}.Debug|x64.ActiveCfg = Debug|Win32
		{FD8E9BA2-38A5-4964-A855-950EAFBE750C}.Release|Win32.ActiveCfg = Release|Win32
		{FD8E9BA2-38A5-4964-A855-950EAFBE750C}.Release|Win32.Build.0 = Release|Win32
		{FD8E9BA2-38A5-4964-A855-950EAFBE750C}.Release|x64.ActiveCfg = Release|Win32
		{C9B3398F-FE16-4E2E-85D4-FD189A55B74A}.Debug|Win32.ActiveCfg = Debug|Win32
		{C9B3398F-FE16-4E2E-85D4-FD189A55B74A}.Debug|Win32.Build.0 = Debug|Win32
		{C9B3398F-FE16-4E2E-85D4-FD189A55B74A}.Debug|x64.ActiveCfg = Debug|Win32
		{C9B3398F-FE16-4E2E-85D4-FD189A55B74A}.Release|Win32.ActiveCfg = Release|Win32
		{C9B3398F-FE16-4E2E-85D4-FD189A55B74A}.Release|Win32.Build.0 = Release|Win32
		{C9B3398F-FE16-4E2E-85D4-FD189A55B74A}.Release|x64.ActiveCfg = Release|Win32
		{036CC920-559B-4782-BE86-30AE89F13ECD}.Debug|Win32.ActiveCfg = Debug|Win32
		{036CC920-559B-4782-BE86-30AE89F13ECD}.Debug|Win32.Build.0 = Debug|Win32
		{036CC920-559B-4782-BE86-30AE89F13ECD}.Debug|x64.ActiveCfg = Debug|Win32
		{036CC920-559B-4782-BE86-30AE89F13ECD}.Release|Win32.ActiveCfg = Release|Win32
		{036CC920-559B-4782-BE86-30AE89F13ECD}.Release|Win32.Build.0 = Release|Win32
		{036CC920-559B-4782-BE86-30AE89F13ECD}.Release|x64.ActiveCfg = Release|Win32
	EndGlobalSection
	GlobalSection(SolutionProperties) = preSolution
		HideSolutionNode = FALSE
	EndGlobalSection
	GlobalSection(NestedProjects) = preSolution
		{49A792A8-7A1B-40B6-A299-8D7A8D889E25} = {8600EA73-E741-4ACE-A3AD-D159B0CC0C61}
		{570792BF-0247-4B35-AF10-5725469DBFCE} = {8600EA73-E741-4ACE-A3AD-D159B0CC0C61}
		{49856162-3C85-453E-ADA8-2D9B4549EE01} = {8600EA73-E741-4ACE-A3AD-D159B0CC0C61}
		{ED1DE989-2EC3-44C0-ADB6-2FB51DF38A91} = {8600EA73-E741-4ACE-A3AD-D159B0CC0C61}
		{93B5F3DF-3DF1-48E0-A1B6-D6DEBE46F50F} = {8600EA73-E741-4ACE-A3AD-D159B0CC0C61}
		{74328020-24F7-4AA6-9E64-67E98559D17C} = {8600EA73-E741-4ACE-A3AD-D159B0CC0C61}
		{CDB4B69A-B3CC-4035-902D-3722671F545F} = {8600EA73-E741-4ACE-A3AD-D159B0CC0C61}
		{CF7FD852-4774-4068-8FFD-8A4B588EC46D} = {8600EA73-E741-4ACE-A3AD-D159B0CC0C61}
		{049A7630-DC7F-40A9-A579-AABE708E10B4} = {8600EA73-E741-4ACE-A3AD-D159B0CC0C61}
		{F08F81DD-6363-4A4E-BA8A-6B3D317F879F} = {8600EA73-E741-4ACE-A3AD-D159B0CC0C61}
		{255014C8-CF00-48A8-AE7C-D9AC83F3AE67} = {8600EA73-E741-4ACE-A3AD-D159B0CC0C61}
		{77CC54A0-A1F2-40D4-87D7-6BB3B5E83190} = {8600EA73-E741-4ACE-A3AD-D159B0CC0C61}
		{1BF93D99-3375-4C0E-BC4C-FDA0F652228D} = {8600EA73-E741-4ACE-A3AD-D159B0CC0C61}
		{FD8E9BA2-38A5-4964-A855-950EAFBE750C} = {8600EA73-E741-4ACE-A3AD-D159B0CC0C61}
		{C9B3398F-FE16-4E2E-85D4-FD189A55B74A} = {8600EA73-E741-4ACE-A3AD-D159B0CC0C61}
		{036CC920-559B-4782-BE86-30AE89F13ECD} = {8600EA73-E741-4ACE-A3AD-D159B0CC0C61}
		{ABBECADB-3740-431A-B9C6-5D7215FC1885} = {733F1380-ED5B-4335-ADD4-C2101162E18A}
		{AC2F0807-BECA-484D-BBE7-7A2C208FC806} = {733F1380-ED5B-4335-ADD4-C2101162E18A}
		{973EA635-6747-4048-998D-491F65CB89ED} = {733F1380-ED5B-4335-ADD4-C2101162E18A}
		{E3CD4918-E499-4EF9-8330-342E4111AE7F} = {733F1380-ED5B-4335-ADD4-C2101162E18A}
		{C9B814C2-5FA8-4FFE-9A84-9B7ED9D44AEB} = {733F1380-ED5B-4335-ADD4-C2101162E18A}
		{C0802DB6-EA3A-4615-9B51-F5E8C3EDCA2D} = {733F1380-ED5B-4335-ADD4-C2101162E18A}
		{4482524B-B02D-4F2A-A8DE-23FA3A552EE7} = {49711099-A248-47DE-9C0E-B2744E6FB694}
		{A0E42261-1BEE-4D23-9179-C69372A7124A} = {49711099-A248-47DE-9C0E-B2744E6FB694}
		{01F9EE37-2812-47E4-8A67-CAA51BC72B81} = {49711099-A248-47DE-9C0E-B2744E6FB694}
		{A75AD00A-8438-4813-B39A-7D45F6ACB166} = {83DBF138-62A1-4843-8CF5-7ADB833B0260}
	EndGlobalSection
EndGlobal
