
Microsoft Visual Studio Solution File, Format Version 10.00
# Visual Studio 2008
Project("{8BC9CEB8-8B4A-11D0-8D11-00A0C91BC942}") = "MyTestFilter", "MyTestFilter\MyTestFilter.vcproj", "{FD8E9BA2-38A5-4964-A855-950EAFBE750C}"
EndProject
Global
	GlobalSection(SolutionConfigurationPlatforms) = preSolution
		Debug|Win32 = Debug|Win32
		Release|Win32 = Release|Win32
	EndGlobalSection
	GlobalSection(ProjectConfigurationPlatforms) = postSolution
		{FD8E9BA2-38A5-4964-A855-950EAFBE750C}.Debug|Win32.ActiveCfg = Debug|Win32
		{FD8E9BA2-38A5-4964-A855-950EAFBE750C}.Debug|Win32.Build.0 = Debug|Win32
		{FD8E9BA2-38A5-4964-A855-950EAFBE750C}.Release|Win32.ActiveCfg = Release|Win32
		{FD8E9BA2-38A5-4964-A855-950EAFBE750C}.Release|Win32.Build.0 = Release|Win32
	EndGlobalSection
	GlobalSection(SolutionProperties) = preSolution
		HideSolutionNode = FALSE
	EndGlobalSection
EndGlobal
