
Microsoft Visual Studio Solution File, Format Version 10.00
# Visual Studio 2008
Project("{8BC9CEB8-8B4A-11D0-8D11-00A0C91BC942}") = "ARToolKitPlus", "ARToolKitPlus_2.1.1\build\VS.NET\ARToolKitPlus.vcproj", "{255014C8-CF00-48A8-AE7C-D9AC83F3AE67}"
EndProject
Project("{8BC9CEB8-8B4A-11D0-8D11-00A0C91BC942}") = "ARTagFilter", "ARTagFilter\ARTagFilter.vcproj", "{C9B3398F-FE16-4E2E-85D4-FD189A55B74A}"
	ProjectSection(ProjectDependencies) = postProject
		{AC2F0807-BECA-484D-BBE7-7A2C208FC806} = {AC2F0807-BECA-484D-BBE7-7A2C208FC806}
		{973EA635-6747-4048-998D-491F65CB89ED} = {973EA635-6747-4048-998D-491F65CB89ED}
		{C9B814C2-5FA8-4FFE-9A84-9B7ED9D44AEB} = {C9B814C2-5FA8-4FFE-9A84-9B7ED9D44AEB}
		{E8A3F6FA-AE1C-4C8E-A0B6-9C8480324EAA} = {E8A3F6FA-AE1C-4C8E-A0B6-9C8480324EAA}
	EndProjectSection
EndProject
Project("{8BC9CEB8-8B4A-11D0-8D11-00A0C91BC942}") = "HomoWarpFilter", "HomoWarpFilter\HomoWarpFilter.vcproj", "{49856162-3C85-453E-ADA8-2D9B4549EE01}"
	ProjectSection(ProjectDependencies) = postProject
		{AC2F0807-BECA-484D-BBE7-7A2C208FC806} = {AC2F0807-BECA-484D-BBE7-7A2C208FC806}
		{973EA635-6747-4048-998D-491F65CB89ED} = {973EA635-6747-4048-998D-491F65CB89ED}
		{C9B814C2-5FA8-4FFE-9A84-9B7ED9D44AEB} = {C9B814C2-5FA8-4FFE-9A84-9B7ED9D44AEB}
		{E8A3F6FA-AE1C-4C8E-A0B6-9C8480324EAA} = {E8A3F6FA-AE1C-4C8E-A0B6-9C8480324EAA}
	EndProjectSection
EndProject
Project("{8BC9CEB8-8B4A-11D0-8D11-00A0C91BC942}") = "CMuxTransformFilter", "CMuxTransformFilter\CMuxTransformFilter.vcproj", "{973EA635-6747-4048-998D-491F65CB89ED}"
	ProjectSection(ProjectDependencies) = postProject
		{E8A3F6FA-AE1C-4C8E-A0B6-9C8480324EAA} = {E8A3F6FA-AE1C-4C8E-A0B6-9C8480324EAA}
	EndProjectSection
EndProject
Project("{8BC9CEB8-8B4A-11D0-8D11-00A0C91BC942}") = "baseclasses", "DSLib\BaseClasses\baseclasses.vcproj", "{E8A3F6FA-AE1C-4C8E-A0B6-9C8480324EAA}"
EndProject
Project("{8BC9CEB8-8B4A-11D0-8D11-00A0C91BC942}") = "CMFCBasePropertyPage", "CMFCBasePropertyPage\CMFCBasePropertyPage.vcproj", "{AC2F0807-BECA-484D-BBE7-7A2C208FC806}"
	ProjectSection(ProjectDependencies) = postProject
		{E8A3F6FA-AE1C-4C8E-A0B6-9C8480324EAA} = {E8A3F6FA-AE1C-4C8E-A0B6-9C8480324EAA}
	EndProjectSection
EndProject
Project("{8BC9CEB8-8B4A-11D0-8D11-00A0C91BC942}") = "AR2WarpController", "AR2WarpController\AR2WarpController.vcproj", "{1BF93D99-3375-4C0E-BC4C-FDA0F652228D}"
	ProjectSection(ProjectDependencies) = postProject
		{AC2F0807-BECA-484D-BBE7-7A2C208FC806} = {AC2F0807-BECA-484D-BBE7-7A2C208FC806}
		{973EA635-6747-4048-998D-491F65CB89ED} = {973EA635-6747-4048-998D-491F65CB89ED}
		{E8A3F6FA-AE1C-4C8E-A0B6-9C8480324EAA} = {E8A3F6FA-AE1C-4C8E-A0B6-9C8480324EAA}
	EndProjectSection
EndProject
Project("{8BC9CEB8-8B4A-11D0-8D11-00A0C91BC942}") = "ARLayoutFilter", "ArLayoutFilter\MyTestFilter\MyTestFilter.vcproj", "{FD8E9BA2-38A5-4964-A855-950EAFBE750C}"
	ProjectSection(ProjectDependencies) = postProject
		{AC2F0807-BECA-484D-BBE7-7A2C208FC806} = {AC2F0807-BECA-484D-BBE7-7A2C208FC806}
		{E8A3F6FA-AE1C-4C8E-A0B6-9C8480324EAA} = {E8A3F6FA-AE1C-4C8E-A0B6-9C8480324EAA}
	EndProjectSection
EndProject
Project("{8BC9CEB8-8B4A-11D0-8D11-00A0C91BC942}") = "DXRenderer", "DXRender\DXRender.vcproj", "{570792BF-0247-4B35-AF10-5725469DBFCE}"
	ProjectSection(ProjectDependencies) = postProject
		{AC2F0807-BECA-484D-BBE7-7A2C208FC806} = {AC2F0807-BECA-484D-BBE7-7A2C208FC806}
		{973EA635-6747-4048-998D-491F65CB89ED} = {973EA635-6747-4048-998D-491F65CB89ED}
		{C9B814C2-5FA8-4FFE-9A84-9B7ED9D44AEB} = {C9B814C2-5FA8-4FFE-9A84-9B7ED9D44AEB}
		{E8A3F6FA-AE1C-4C8E-A0B6-9C8480324EAA} = {E8A3F6FA-AE1C-4C8E-A0B6-9C8480324EAA}
	EndProjectSection
EndProject
Project("{8BC9CEB8-8B4A-11D0-8D11-00A0C91BC942}") = "HookDrawingFilter", "HookDrawingFilter\HookDrawingFilter.vcproj", "{ED1DE989-2EC3-44C0-ADB6-2FB51DF38A91}"
	ProjectSection(ProjectDependencies) = postProject
		{AC2F0807-BECA-484D-BBE7-7A2C208FC806} = {AC2F0807-BECA-484D-BBE7-7A2C208FC806}
		{973EA635-6747-4048-998D-491F65CB89ED} = {973EA635-6747-4048-998D-491F65CB89ED}
		{C9B814C2-5FA8-4FFE-9A84-9B7ED9D44AEB} = {C9B814C2-5FA8-4FFE-9A84-9B7ED9D44AEB}
		{93B5F3DF-3DF1-48E0-A1B6-D6DEBE46F50F} = {93B5F3DF-3DF1-48E0-A1B6-D6DEBE46F50F}
		{E8A3F6FA-AE1C-4C8E-A0B6-9C8480324EAA} = {E8A3F6FA-AE1C-4C8E-A0B6-9C8480324EAA}
	EndProjectSection
EndProject
Project("{8BC9CEB8-8B4A-11D0-8D11-00A0C91BC942}") = "HookInject", "HookInject\HookInject.vcproj", "{93B5F3DF-3DF1-48E0-A1B6-D6DEBE46F50F}"
	ProjectSection(ProjectDependencies) = postProject
		{E8A3F6FA-AE1C-4C8E-A0B6-9C8480324EAA} = {E8A3F6FA-AE1C-4C8E-A0B6-9C8480324EAA}
	EndProjectSection
EndProject
Project("{8BC9CEB8-8B4A-11D0-8D11-00A0C91BC942}") = "BGMappingFilter", "BGMappingFilter\BGMappingFilter.vcproj", "{77CC54A0-A1F2-40D4-87D7-6BB3B5E83190}"
	ProjectSection(ProjectDependencies) = postProject
		{AC2F0807-BECA-484D-BBE7-7A2C208FC806} = {AC2F0807-BECA-484D-BBE7-7A2C208FC806}
		{973EA635-6747-4048-998D-491F65CB89ED} = {973EA635-6747-4048-998D-491F65CB89ED}
		{E8A3F6FA-AE1C-4C8E-A0B6-9C8480324EAA} = {E8A3F6FA-AE1C-4C8E-A0B6-9C8480324EAA}
	EndProjectSection
EndProject
Project("{8BC9CEB8-8B4A-11D0-8D11-00A0C91BC942}") = "TouchLibFilter", "TouchLibFilter\TouchLibFilter.vcproj", "{F08F81DD-6363-4A4E-BA8A-6B3D317F879F}"
	ProjectSection(ProjectDependencies) = postProject
		{AC2F0807-BECA-484D-BBE7-7A2C208FC806} = {AC2F0807-BECA-484D-BBE7-7A2C208FC806}
		{973EA635-6747-4048-998D-491F65CB89ED} = {973EA635-6747-4048-998D-491F65CB89ED}
		{E8A3F6FA-AE1C-4C8E-A0B6-9C8480324EAA} = {E8A3F6FA-AE1C-4C8E-A0B6-9C8480324EAA}
	EndProjectSection
EndProject
Project("{8BC9CEB8-8B4A-11D0-8D11-00A0C91BC942}") = "MSD3DLib", "MSD3DLib\MSD3DLib.vcproj", "{C9B814C2-5FA8-4FFE-9A84-9B7ED9D44AEB}"
	ProjectSection(ProjectDependencies) = postProject
		{E8A3F6FA-AE1C-4C8E-A0B6-9C8480324EAA} = {E8A3F6FA-AE1C-4C8E-A0B6-9C8480324EAA}
	EndProjectSection
EndProject
Global
	GlobalSection(SolutionConfigurationPlatforms) = preSolution
		Debug_mdd|Win32 = Debug_mdd|Win32
		Debug_mdd|x64 = Debug_mdd|x64
		Debug|Win32 = Debug|Win32
		Debug|x64 = Debug|x64
		Release_mdd|Win32 = Release_mdd|Win32
		Release_mdd|x64 = Release_mdd|x64
		Release|Win32 = Release|Win32
		Release|x64 = Release|x64
	EndGlobalSection
	GlobalSection(ProjectConfigurationPlatforms) = postSolution
		{255014C8-CF00-48A8-AE7C-D9AC83F3AE67}.Debug_mdd|Win32.ActiveCfg = Debug|Win32
		{255014C8-CF00-48A8-AE7C-D9AC83F3AE67}.Debug_mdd|Win32.Build.0 = Debug|Win32
		{255014C8-CF00-48A8-AE7C-D9AC83F3AE67}.Debug_mdd|x64.ActiveCfg = Debug|Win32
		{255014C8-CF00-48A8-AE7C-D9AC83F3AE67}.Debug|Win32.ActiveCfg = Debug|Win32
		{255014C8-CF00-48A8-AE7C-D9AC83F3AE67}.Debug|x64.ActiveCfg = Debug|Win32
		{255014C8-CF00-48A8-AE7C-D9AC83F3AE67}.Release_mdd|Win32.ActiveCfg = Release|Win32
		{255014C8-CF00-48A8-AE7C-D9AC83F3AE67}.Release_mdd|Win32.Build.0 = Release|Win32
		{255014C8-CF00-48A8-AE7C-D9AC83F3AE67}.Release_mdd|x64.ActiveCfg = Release|Win32
		{255014C8-CF00-48A8-AE7C-D9AC83F3AE67}.Release|Win32.ActiveCfg = Release|Win32
		{255014C8-CF00-48A8-AE7C-D9AC83F3AE67}.Release|Win32.Build.0 = Release|Win32
		{255014C8-CF00-48A8-AE7C-D9AC83F3AE67}.Release|x64.ActiveCfg = Release|Win32
		{C9B3398F-FE16-4E2E-85D4-FD189A55B74A}.Debug_mdd|Win32.ActiveCfg = Debug_mdd|Win32
		{C9B3398F-FE16-4E2E-85D4-FD189A55B74A}.Debug_mdd|Win32.Build.0 = Debug_mdd|Win32
		{C9B3398F-FE16-4E2E-85D4-FD189A55B74A}.Debug_mdd|x64.ActiveCfg = Debug_mdd|Win32
		{C9B3398F-FE16-4E2E-85D4-FD189A55B74A}.Debug|Win32.ActiveCfg = Debug_mdd|Win32
		{C9B3398F-FE16-4E2E-85D4-FD189A55B74A}.Debug|x64.ActiveCfg = Debug_mdd|Win32
		{C9B3398F-FE16-4E2E-85D4-FD189A55B74A}.Release_mdd|Win32.ActiveCfg = Release_mdd|Win32
		{C9B3398F-FE16-4E2E-85D4-FD189A55B74A}.Release_mdd|Win32.Build.0 = Release_mdd|Win32
		{C9B3398F-FE16-4E2E-85D4-FD189A55B74A}.Release_mdd|x64.ActiveCfg = Release_mdd|Win32
		{C9B3398F-FE16-4E2E-85D4-FD189A55B74A}.Release|Win32.ActiveCfg = Release_mdd|Win32
		{C9B3398F-FE16-4E2E-85D4-FD189A55B74A}.Release|x64.ActiveCfg = Release_mdd|Win32
		{49856162-3C85-453E-ADA8-2D9B4549EE01}.Debug_mdd|Win32.ActiveCfg = Debug|Win32
		{49856162-3C85-453E-ADA8-2D9B4549EE01}.Debug_mdd|x64.ActiveCfg = Debug|Win32
		{49856162-3C85-453E-ADA8-2D9B4549EE01}.Debug|Win32.ActiveCfg = Debug|Win32
		{49856162-3C85-453E-ADA8-2D9B4549EE01}.Debug|Win32.Build.0 = Debug|Win32
		{49856162-3C85-453E-ADA8-2D9B4549EE01}.Debug|x64.ActiveCfg = Debug|Win32
		{49856162-3C85-453E-ADA8-2D9B4549EE01}.Release_mdd|Win32.ActiveCfg = Release|Win32
		{49856162-3C85-453E-ADA8-2D9B4549EE01}.Release_mdd|x64.ActiveCfg = Release|Win32
		{49856162-3C85-453E-ADA8-2D9B4549EE01}.Release|Win32.ActiveCfg = Release|Win32
		{49856162-3C85-453E-ADA8-2D9B4549EE01}.Release|Win32.Build.0 = Release|Win32
		{49856162-3C85-453E-ADA8-2D9B4549EE01}.Release|x64.ActiveCfg = Release|Win32
		{973EA635-6747-4048-998D-491F65CB89ED}.Debug_mdd|Win32.ActiveCfg = Debug_mdd|Win32
		{973EA635-6747-4048-998D-491F65CB89ED}.Debug_mdd|Win32.Build.0 = Debug_mdd|Win32
		{973EA635-6747-4048-998D-491F65CB89ED}.Debug_mdd|x64.ActiveCfg = Debug|Win32
		{973EA635-6747-4048-998D-491F65CB89ED}.Debug|Win32.ActiveCfg = Debug|Win32
		{973EA635-6747-4048-998D-491F65CB89ED}.Debug|Win32.Build.0 = Debug|Win32
		{973EA635-6747-4048-998D-491F65CB89ED}.Debug|x64.ActiveCfg = Debug|Win32
		{973EA635-6747-4048-998D-491F65CB89ED}.Release_mdd|Win32.ActiveCfg = Release_mdd|Win32
		{973EA635-6747-4048-998D-491F65CB89ED}.Release_mdd|Win32.Build.0 = Release_mdd|Win32
		{973EA635-6747-4048-998D-491F65CB89ED}.Release_mdd|x64.ActiveCfg = Release_mdd|Win32
		{973EA635-6747-4048-998D-491F65CB89ED}.Release|Win32.ActiveCfg = Release|Win32
		{973EA635-6747-4048-998D-491F65CB89ED}.Release|Win32.Build.0 = Release|Win32
		{973EA635-6747-4048-998D-491F65CB89ED}.Release|x64.ActiveCfg = Release|Win32
		{E8A3F6FA-AE1C-4C8E-A0B6-9C8480324EAA}.Debug_mdd|Win32.ActiveCfg = Debug_mdd|Win32
		{E8A3F6FA-AE1C-4C8E-A0B6-9C8480324EAA}.Debug_mdd|Win32.Build.0 = Debug_mdd|Win32
		{E8A3F6FA-AE1C-4C8E-A0B6-9C8480324EAA}.Debug_mdd|x64.ActiveCfg = Debug_mdd|x64
		{E8A3F6FA-AE1C-4C8E-A0B6-9C8480324EAA}.Debug_mdd|x64.Build.0 = Debug_mdd|x64
		{E8A3F6FA-AE1C-4C8E-A0B6-9C8480324EAA}.Debug|Win32.ActiveCfg = Debug|Win32
		{E8A3F6FA-AE1C-4C8E-A0B6-9C8480324EAA}.Debug|Win32.Build.0 = Debug|Win32
		{E8A3F6FA-AE1C-4C8E-A0B6-9C8480324EAA}.Debug|x64.ActiveCfg = Debug|x64
		{E8A3F6FA-AE1C-4C8E-A0B6-9C8480324EAA}.Debug|x64.Build.0 = Debug|x64
		{E8A3F6FA-AE1C-4C8E-A0B6-9C8480324EAA}.Release_mdd|Win32.ActiveCfg = Release_mdd|Win32
		{E8A3F6FA-AE1C-4C8E-A0B6-9C8480324EAA}.Release_mdd|Win32.Build.0 = Release_mdd|Win32
		{E8A3F6FA-AE1C-4C8E-A0B6-9C8480324EAA}.Release_mdd|x64.ActiveCfg = Release_mdd|x64
		{E8A3F6FA-AE1C-4C8E-A0B6-9C8480324EAA}.Release_mdd|x64.Build.0 = Release_mdd|x64
		{E8A3F6FA-AE1C-4C8E-A0B6-9C8480324EAA}.Release|Win32.ActiveCfg = Release|Win32
		{E8A3F6FA-AE1C-4C8E-A0B6-9C8480324EAA}.Release|Win32.Build.0 = Release|Win32
		{E8A3F6FA-AE1C-4C8E-A0B6-9C8480324EAA}.Release|x64.ActiveCfg = Release|x64
		{E8A3F6FA-AE1C-4C8E-A0B6-9C8480324EAA}.Release|x64.Build.0 = Release|x64
		{AC2F0807-BECA-484D-BBE7-7A2C208FC806}.Debug_mdd|Win32.ActiveCfg = Debug_mdd|Win32
		{AC2F0807-BECA-484D-BBE7-7A2C208FC806}.Debug_mdd|Win32.Build.0 = Debug_mdd|Win32
		{AC2F0807-BECA-484D-BBE7-7A2C208FC806}.Debug_mdd|x64.ActiveCfg = Debug|Win32
		{AC2F0807-BECA-484D-BBE7-7A2C208FC806}.Debug|Win32.ActiveCfg = Debug|Win32
		{AC2F0807-BECA-484D-BBE7-7A2C208FC806}.Debug|Win32.Build.0 = Debug|Win32
		{AC2F0807-BECA-484D-BBE7-7A2C208FC806}.Debug|x64.ActiveCfg = Debug|Win32
		{AC2F0807-BECA-484D-BBE7-7A2C208FC806}.Release_mdd|Win32.ActiveCfg = Release_mdd|Win32
		{AC2F0807-BECA-484D-BBE7-7A2C208FC806}.Release_mdd|Win32.Build.0 = Release_mdd|Win32
		{AC2F0807-BECA-484D-BBE7-7A2C208FC806}.Release_mdd|x64.ActiveCfg = Release_mdd|Win32
		{AC2F0807-BECA-484D-BBE7-7A2C208FC806}.Release|Win32.ActiveCfg = Release|Win32
		{AC2F0807-BECA-484D-BBE7-7A2C208FC806}.Release|Win32.Build.0 = Release|Win32
		{AC2F0807-BECA-484D-BBE7-7A2C208FC806}.Release|x64.ActiveCfg = Release|Win32
		{1BF93D99-3375-4C0E-BC4C-FDA0F652228D}.Debug_mdd|Win32.ActiveCfg = Debug|Win32
		{1BF93D99-3375-4C0E-BC4C-FDA0F652228D}.Debug_mdd|x64.ActiveCfg = Debug|Win32
		{1BF93D99-3375-4C0E-BC4C-FDA0F652228D}.Debug|Win32.ActiveCfg = Debug|Win32
		{1BF93D99-3375-4C0E-BC4C-FDA0F652228D}.Debug|Win32.Build.0 = Debug|Win32
		{1BF93D99-3375-4C0E-BC4C-FDA0F652228D}.Debug|x64.ActiveCfg = Debug|Win32
		{1BF93D99-3375-4C0E-BC4C-FDA0F652228D}.Release_mdd|Win32.ActiveCfg = Release|Win32
		{1BF93D99-3375-4C0E-BC4C-FDA0F652228D}.Release_mdd|x64.ActiveCfg = Release|Win32
		{1BF93D99-3375-4C0E-BC4C-FDA0F652228D}.Release|Win32.ActiveCfg = Release|Win32
		{1BF93D99-3375-4C0E-BC4C-FDA0F652228D}.Release|Win32.Build.0 = Release|Win32
		{1BF93D99-3375-4C0E-BC4C-FDA0F652228D}.Release|x64.ActiveCfg = Release|Win32
		{FD8E9BA2-38A5-4964-A855-950EAFBE750C}.Debug_mdd|Win32.ActiveCfg = Debug|Win32
		{FD8E9BA2-38A5-4964-A855-950EAFBE750C}.Debug_mdd|x64.ActiveCfg = Debug|Win32
		{FD8E9BA2-38A5-4964-A855-950EAFBE750C}.Debug|Win32.ActiveCfg = Debug|Win32
		{FD8E9BA2-38A5-4964-A855-950EAFBE750C}.Debug|Win32.Build.0 = Debug|Win32
		{FD8E9BA2-38A5-4964-A855-950EAFBE750C}.Debug|x64.ActiveCfg = Debug|Win32
		{FD8E9BA2-38A5-4964-A855-950EAFBE750C}.Release_mdd|Win32.ActiveCfg = Release|Win32
		{FD8E9BA2-38A5-4964-A855-950EAFBE750C}.Release_mdd|x64.ActiveCfg = Release|Win32
		{FD8E9BA2-38A5-4964-A855-950EAFBE750C}.Release|Win32.ActiveCfg = Release|Win32
		{FD8E9BA2-38A5-4964-A855-950EAFBE750C}.Release|Win32.Build.0 = Release|Win32
		{FD8E9BA2-38A5-4964-A855-950EAFBE750C}.Release|x64.ActiveCfg = Release|Win32
		{570792BF-0247-4B35-AF10-5725469DBFCE}.Debug_mdd|Win32.ActiveCfg = Debug|Win32
		{570792BF-0247-4B35-AF10-5725469DBFCE}.Debug_mdd|x64.ActiveCfg = Debug|Win32
		{570792BF-0247-4B35-AF10-5725469DBFCE}.Debug|Win32.ActiveCfg = Debug|Win32
		{570792BF-0247-4B35-AF10-5725469DBFCE}.Debug|Win32.Build.0 = Debug|Win32
		{570792BF-0247-4B35-AF10-5725469DBFCE}.Debug|x64.ActiveCfg = Debug|Win32
		{570792BF-0247-4B35-AF10-5725469DBFCE}.Release_mdd|Win32.ActiveCfg = Release|Win32
		{570792BF-0247-4B35-AF10-5725469DBFCE}.Release_mdd|x64.ActiveCfg = Release|Win32
		{570792BF-0247-4B35-AF10-5725469DBFCE}.Release|Win32.ActiveCfg = Release|Win32
		{570792BF-0247-4B35-AF10-5725469DBFCE}.Release|Win32.Build.0 = Release|Win32
		{570792BF-0247-4B35-AF10-5725469DBFCE}.Release|x64.ActiveCfg = Release|Win32
		{ED1DE989-2EC3-44C0-ADB6-2FB51DF38A91}.Debug_mdd|Win32.ActiveCfg = Debug|Win32
		{ED1DE989-2EC3-44C0-ADB6-2FB51DF38A91}.Debug_mdd|x64.ActiveCfg = Debug|Win32
		{ED1DE989-2EC3-44C0-ADB6-2FB51DF38A91}.Debug|Win32.ActiveCfg = Debug|Win32
		{ED1DE989-2EC3-44C0-ADB6-2FB51DF38A91}.Debug|Win32.Build.0 = Debug|Win32
		{ED1DE989-2EC3-44C0-ADB6-2FB51DF38A91}.Debug|x64.ActiveCfg = Debug|Win32
		{ED1DE989-2EC3-44C0-ADB6-2FB51DF38A91}.Release_mdd|Win32.ActiveCfg = Release|Win32
		{ED1DE989-2EC3-44C0-ADB6-2FB51DF38A91}.Release_mdd|Win32.Build.0 = Release|Win32
		{ED1DE989-2EC3-44C0-ADB6-2FB51DF38A91}.Release_mdd|x64.ActiveCfg = Release|Win32
		{ED1DE989-2EC3-44C0-ADB6-2FB51DF38A91}.Release|Win32.ActiveCfg = Release|Win32
		{ED1DE989-2EC3-44C0-ADB6-2FB51DF38A91}.Release|Win32.Build.0 = Release|Win32
		{ED1DE989-2EC3-44C0-ADB6-2FB51DF38A91}.Release|x64.ActiveCfg = Release|Win32
		{93B5F3DF-3DF1-48E0-A1B6-D6DEBE46F50F}.Debug_mdd|Win32.ActiveCfg = Debug|Win32
		{93B5F3DF-3DF1-48E0-A1B6-D6DEBE46F50F}.Debug_mdd|x64.ActiveCfg = Debug|Win32
		{93B5F3DF-3DF1-48E0-A1B6-D6DEBE46F50F}.Debug|Win32.ActiveCfg = Debug|Win32
		{93B5F3DF-3DF1-48E0-A1B6-D6DEBE46F50F}.Debug|Win32.Build.0 = Debug|Win32
		{93B5F3DF-3DF1-48E0-A1B6-D6DEBE46F50F}.Debug|x64.ActiveCfg = Debug|Win32
		{93B5F3DF-3DF1-48E0-A1B6-D6DEBE46F50F}.Release_mdd|Win32.ActiveCfg = Release|Win32
		{93B5F3DF-3DF1-48E0-A1B6-D6DEBE46F50F}.Release_mdd|Win32.Build.0 = Release|Win32
		{93B5F3DF-3DF1-48E0-A1B6-D6DEBE46F50F}.Release_mdd|x64.ActiveCfg = Release|Win32
		{93B5F3DF-3DF1-48E0-A1B6-D6DEBE46F50F}.Release|Win32.ActiveCfg = Release|Win32
		{93B5F3DF-3DF1-48E0-A1B6-D6DEBE46F50F}.Release|Win32.Build.0 = Release|Win32
		{93B5F3DF-3DF1-48E0-A1B6-D6DEBE46F50F}.Release|x64.ActiveCfg = Release|Win32
		{77CC54A0-A1F2-40D4-87D7-6BB3B5E83190}.Debug_mdd|Win32.ActiveCfg = Debug|Win32
		{77CC54A0-A1F2-40D4-87D7-6BB3B5E83190}.Debug_mdd|Win32.Build.0 = Debug|Win32
		{77CC54A0-A1F2-40D4-87D7-6BB3B5E83190}.Debug_mdd|x64.ActiveCfg = Debug|Win32
		{77CC54A0-A1F2-40D4-87D7-6BB3B5E83190}.Debug|Win32.ActiveCfg = Debug|Win32
		{77CC54A0-A1F2-40D4-87D7-6BB3B5E83190}.Debug|Win32.Build.0 = Debug|Win32
		{77CC54A0-A1F2-40D4-87D7-6BB3B5E83190}.Debug|x64.ActiveCfg = Debug|Win32
		{77CC54A0-A1F2-40D4-87D7-6BB3B5E83190}.Release_mdd|Win32.ActiveCfg = Release|Win32
		{77CC54A0-A1F2-40D4-87D7-6BB3B5E83190}.Release_mdd|Win32.Build.0 = Release|Win32
		{77CC54A0-A1F2-40D4-87D7-6BB3B5E83190}.Release_mdd|x64.ActiveCfg = Release|Win32
		{77CC54A0-A1F2-40D4-87D7-6BB3B5E83190}.Release|Win32.ActiveCfg = Release|Win32
		{77CC54A0-A1F2-40D4-87D7-6BB3B5E83190}.Release|Win32.Build.0 = Release|Win32
		{77CC54A0-A1F2-40D4-87D7-6BB3B5E83190}.Release|x64.ActiveCfg = Release|Win32
		{F08F81DD-6363-4A4E-BA8A-6B3D317F879F}.Debug_mdd|Win32.ActiveCfg = Debug|Win32
		{F08F81DD-6363-4A4E-BA8A-6B3D317F879F}.Debug_mdd|x64.ActiveCfg = Debug|Win32
		{F08F81DD-6363-4A4E-BA8A-6B3D317F879F}.Debug|Win32.ActiveCfg = Debug|Win32
		{F08F81DD-6363-4A4E-BA8A-6B3D317F879F}.Debug|Win32.Build.0 = Debug|Win32
		{F08F81DD-6363-4A4E-BA8A-6B3D317F879F}.Debug|x64.ActiveCfg = Debug|Win32
		{F08F81DD-6363-4A4E-BA8A-6B3D317F879F}.Release_mdd|Win32.ActiveCfg = Release|Win32
		{F08F81DD-6363-4A4E-BA8A-6B3D317F879F}.Release_mdd|Win32.Build.0 = Release|Win32
		{F08F81DD-6363-4A4E-BA8A-6B3D317F879F}.Release_mdd|x64.ActiveCfg = Release|Win32
		{F08F81DD-6363-4A4E-BA8A-6B3D317F879F}.Release|Win32.ActiveCfg = Release|Win32
		{F08F81DD-6363-4A4E-BA8A-6B3D317F879F}.Release|Win32.Build.0 = Release|Win32
		{F08F81DD-6363-4A4E-BA8A-6B3D317F879F}.Release|x64.ActiveCfg = Release|Win32
		{C9B814C2-5FA8-4FFE-9A84-9B7ED9D44AEB}.Debug_mdd|Win32.ActiveCfg = Debug|Win32
		{C9B814C2-5FA8-4FFE-9A84-9B7ED9D44AEB}.Debug_mdd|x64.ActiveCfg = Debug|Win32
		{C9B814C2-5FA8-4FFE-9A84-9B7ED9D44AEB}.Debug|Win32.ActiveCfg = Debug|Win32
		{C9B814C2-5FA8-4FFE-9A84-9B7ED9D44AEB}.Debug|Win32.Build.0 = Debug|Win32
		{C9B814C2-5FA8-4FFE-9A84-9B7ED9D44AEB}.Debug|x64.ActiveCfg = Debug|Win32
		{C9B814C2-5FA8-4FFE-9A84-9B7ED9D44AEB}.Release_mdd|Win32.ActiveCfg = Release|Win32
		{C9B814C2-5FA8-4FFE-9A84-9B7ED9D44AEB}.Release_mdd|Win32.Build.0 = Release|Win32
		{C9B814C2-5FA8-4FFE-9A84-9B7ED9D44AEB}.Release_mdd|x64.ActiveCfg = Release|Win32
		{C9B814C2-5FA8-4FFE-9A84-9B7ED9D44AEB}.Release|Win32.ActiveCfg = Release|Win32
		{C9B814C2-5FA8-4FFE-9A84-9B7ED9D44AEB}.Release|Win32.Build.0 = Release|Win32
		{C9B814C2-5FA8-4FFE-9A84-9B7ED9D44AEB}.Release|x64.ActiveCfg = Release|Win32
	EndGlobalSection
	GlobalSection(SolutionProperties) = preSolution
		HideSolutionNode = FALSE
	EndGlobalSection
EndGlobal
