
Microsoft Visual Studio Solution File, Format Version 10.00
# Visual Studio 2008
Project("{FAE04EC0-301F-11D3-BF4B-00C04F79EFBC}") = "SocketSystem", "SocketSystem\SocketSystem.csproj", "{C6603F75-72C3-4B4E-A75A-B6786B45B33B}"
EndProject
Global
	GlobalSection(SolutionConfigurationPlatforms) = preSolution
		Debug|Any CPU = Debug|Any CPU
		Release|Any CPU = Release|Any CPU
	EndGlobalSection
	GlobalSection(ProjectConfigurationPlatforms) = postSolution
		{C6603F75-72C3-4B4E-A75A-B6786B45B33B}.Debug|Any CPU.ActiveCfg = Debug|Any CPU
		{C6603F75-72C3-4B4E-A75A-B6786B45B33B}.Debug|Any CPU.Build.0 = Debug|Any CPU
		{C6603F75-72C3-4B4E-A75A-B6786B45B33B}.Release|Any CPU.ActiveCfg = Release|Any CPU
		{C6603F75-72C3-4B4E-A75A-B6786B45B33B}.Release|Any CPU.Build.0 = Release|Any CPU
	EndGlobalSection
	GlobalSection(SolutionProperties) = preSolution
		HideSolutionNode = FALSE
	EndGlobalSection
EndGlobal
